
Microsoft Visual Studio Solution File, Format Version 12.00
# Visual Studio Version 17
VisualStudioVersion = 17.8.34511.84
MinimumVisualStudioVersion = 10.0.40219.1
Project("{2150E333-8FDC-42A3-9474-1A3956D46DE8}") = "01.Basics", "01.Basics", "{FDF0E7D2-D499-4E4C-9E6F-46B8BF9C6BB9}"
EndProject
Project("{2150E333-8FDC-42A3-9474-1A3956D46DE8}") = "01.FirstSteps", "01.FirstSteps", "{CAB963CF-1C6A-4C05-93F3-7C8413617E81}"
EndProject
Project("{9A19103F-16F7-4668-BE54-9A1E7A4F7556}") = "01. Hello SoftUni", "01. Hello SoftUni\01. Hello SoftUni.csproj", "{9A0CA7DF-C941-49FE-BD6D-B7338BB2044D}"
EndProject
Project("{9A19103F-16F7-4668-BE54-9A1E7A4F7556}") = "02.Nums 1-10", "02.Nums 1-10\02.Nums 1-10.csproj", "{5C62729C-DD2C-4D8A-BE66-2FEF82B701C7}"
EndProject
Project("{9A19103F-16F7-4668-BE54-9A1E7A4F7556}") = "03. Rectangle Area", "03. Rectangle Area\03. Rectangle Area.csproj", "{298C6E9E-E729-4F0F-89E5-D7EB4997677F}"
EndProject
Project("{9A19103F-16F7-4668-BE54-9A1E7A4F7556}") = "04. Inches to Centimeters", "04. Inches to Centimeters\04. Inches to Centimeters.csproj", "{254D2EE8-81E0-4BEE-932C-7C0551F768D9}"
EndProject
Project("{9A19103F-16F7-4668-BE54-9A1E7A4F7556}") = "05. Greeting by Name", "05. Greeting by Name\05. Greeting by Name.csproj", "{CBDB7D79-9E99-4D46-907D-6AC44FEB68B8}"
EndProject
Project("{9A19103F-16F7-4668-BE54-9A1E7A4F7556}") = "06. Concatenate Data", "06. Concatenate Data\06. Concatenate Data.csproj", "{6D42DC6B-BEED-401A-854D-7AD8DDDBF1F0}"
EndProject
Project("{9A19103F-16F7-4668-BE54-9A1E7A4F7556}") = "07. Projects Creation", "07. Projects Creation\07. Projects Creation.csproj", "{1D76E77E-5048-48FA-A615-725E73D05527}"
EndProject
Project("{9A19103F-16F7-4668-BE54-9A1E7A4F7556}") = "08. Pet Shop", "08. Pet Shop\08. Pet Shop.csproj", "{B87E09E4-C18D-4E33-AA55-64BA4B9FF899}"
EndProject
Project("{9A19103F-16F7-4668-BE54-9A1E7A4F7556}") = "09. Yard Greening", "09. Yard Greening\09. Yard Greening.csproj", "{88D7AE99-4B35-480A-9F78-251017D15B69}"
EndProject
Project("{2150E333-8FDC-42A3-9474-1A3956D46DE8}") = "02.ConditionalStatements", "02.ConditionalStatements", "{B38E942F-F506-4146-9B3D-DBB547B4C69D}"
EndProject
Project("{9A19103F-16F7-4668-BE54-9A1E7A4F7556}") = "01. Excellent Result", "01. Excellent Result\01. Excellent Result.csproj", "{9D8D53D3-D0DB-4B58-BCFC-5F6F16B82F42}"
EndProject
Project("{9A19103F-16F7-4668-BE54-9A1E7A4F7556}") = "02. Greater Number", "02. Greater Number\02. Greater Number.csproj", "{6D6032DB-F082-44A7-8976-AECED4029700}"
EndProject
Project("{9A19103F-16F7-4668-BE54-9A1E7A4F7556}") = "03. Even or Odd", "03. Even or Odd\03. Even or Odd.csproj", "{64ADD759-12AA-419F-B5C7-DCB7B51CBF46}"
EndProject
Project("{9A19103F-16F7-4668-BE54-9A1E7A4F7556}") = "04. Password Guess", "04. Password Guess\04. Password Guess.csproj", "{96564204-B285-4ED7-A742-B6663637E7B2}"
EndProject
Project("{9A19103F-16F7-4668-BE54-9A1E7A4F7556}") = "06. Speed Info", "06. Speed Info\06. Speed Info.csproj", "{B6ADE4F5-4D9F-47D9-BC82-22E456778B0C}"
EndProject
Project("{9A19103F-16F7-4668-BE54-9A1E7A4F7556}") = "07. Area of Figures", "07. Area of Figures\07. Area of Figures.csproj", "{553DD53F-A8AE-4DE0-ADAA-2954B99CF1FB}"
EndProject
Project("{2150E333-8FDC-42A3-9474-1A3956D46DE8}") = "03.ConditionalStatementsAdvanced", "03.ConditionalStatementsAdvanced", "{7DAAC3AF-CD16-47F6-B864-2CA498ABB591}"
EndProject
Project("{9A19103F-16F7-4668-BE54-9A1E7A4F7556}") = "01. Day of Week", "01. Day of Week\01. Day of Week.csproj", "{3385F32C-0C0C-4B12-9BF6-35EB17D7F693}"
EndProject
Project("{9A19103F-16F7-4668-BE54-9A1E7A4F7556}") = "02. Weekend or Working Day", "02. Weekend or Working Day\02. Weekend or Working Day.csproj", "{72E0596C-F88F-422C-9838-5F367168A1C5}"
EndProject
Project("{9A19103F-16F7-4668-BE54-9A1E7A4F7556}") = "03. Animal Type", "03. Animal Type\03. Animal Type.csproj", "{4307831B-3D21-415F-93C8-8EAEC0D5954A}"
EndProject
Project("{9A19103F-16F7-4668-BE54-9A1E7A4F7556}") = "04. Invalid Number", "10. Invalid Number\04. Invalid Number.csproj", "{B28A0567-73AD-4C15-962D-0572F1DAC0FF}"
EndProject
Project("{9A19103F-16F7-4668-BE54-9A1E7A4F7556}") = "05. Cinema", "05. Cinema\05. Cinema.csproj", "{428D4097-5C2D-4E5E-A1C8-87D26E1006E8}"
EndProject
Project("{9A19103F-16F7-4668-BE54-9A1E7A4F7556}") = "06. Summer Outfit", "06. Summer Outfit\06. Summer Outfit.csproj", "{A1D7E047-20ED-480D-A842-B58DE9F3CA23}"
EndProject
Project("{9A19103F-16F7-4668-BE54-9A1E7A4F7556}") = "07. New House", "07. New House\07. New House.csproj", "{33432DEB-435D-403C-B9BD-8594E0206F4B}"
EndProject
Project("{9A19103F-16F7-4668-BE54-9A1E7A4F7556}") = "08. Fishing Boat", "08. Fishing Boat\08. Fishing Boat.csproj", "{DAF77A2D-7EB2-4A0C-B7C3-D9BBAAEE4866}"
EndProject
Project("{9A19103F-16F7-4668-BE54-9A1E7A4F7556}") = "09. Journey", "09. Journey\09. Journey.csproj", "{BD48E0D9-82C8-4FB8-8FFE-D7944C0084C4}"
EndProject
Project("{9A19103F-16F7-4668-BE54-9A1E7A4F7556}") = "10. Ski Trip", "10. Ski Trip\10. Ski Trip.csproj", "{F9EAE552-BDBA-4153-913C-EBA86E5174B9}"
EndProject
Project("{2150E333-8FDC-42A3-9474-1A3956D46DE8}") = "04.ForLoop", "04.ForLoop", "{1D2B9BDD-0751-4CA2-833B-66D1977C7C20}"
EndProject
Project("{9A19103F-16F7-4668-BE54-9A1E7A4F7556}") = "01. Numbers from 1 to 100", "01. Numbers from 1 to 100\01. Numbers from 1 to 100.csproj", "{EC5C9052-423C-48EF-8A03-A88C18CB6044}"
EndProject
Project("{9A19103F-16F7-4668-BE54-9A1E7A4F7556}") = "02. Numbers Nto1", "02. Numbers Nto1\02. Numbers Nto1.csproj", "{6B50AA6B-1993-487B-A0C2-21073239F1A9}"
EndProject
Project("{9A19103F-16F7-4668-BE54-9A1E7A4F7556}") = "03. Numbers 1toN with Step 3", "03. Numbers 1toN with Step 3\03. Numbers 1toN with Step 3.csproj", "{B68B2473-79DF-4B88-B3B5-8413CE570E16}"
EndProject
Project("{9A19103F-16F7-4668-BE54-9A1E7A4F7556}") = "04. Even Powers of 2", "04. Even Powers of 2\04. Even Powers of 2.csproj", "{3C73FDAB-609E-4296-8C1B-48FAB586AEFD}"
EndProject
Project("{9A19103F-16F7-4668-BE54-9A1E7A4F7556}") = "05. Character Sequence", "05. Character Sequence\05. Character Sequence.csproj", "{942165EC-CF28-4E5E-89A1-569F38F2676E}"
EndProject
Project("{9A19103F-16F7-4668-BE54-9A1E7A4F7556}") = "06. Vowels Sum", "06. Vowels Sum\06. Vowels Sum.csproj", "{D198AF72-8276-474A-98B4-261FF41244C7}"
EndProject
Project("{9A19103F-16F7-4668-BE54-9A1E7A4F7556}") = "07. Sum Numbers", "07. Sum Numbers\07. Sum Numbers.csproj", "{5C170929-1265-4ED9-AE89-8CBD5EC77AFB}"
EndProject
Project("{9A19103F-16F7-4668-BE54-9A1E7A4F7556}") = "08. Number sequence", "08. Number sequence\08. Number sequence.csproj", "{EE4F7C1A-56DF-4C8A-BC5D-4783DE72BA08}"
EndProject
Project("{9A19103F-16F7-4668-BE54-9A1E7A4F7556}") = "09. Left and Right Sum", "09. Left and Right Sum\09. Left and Right Sum.csproj", "{E3C70884-95BA-4B1A-94B2-6CCE0180BD48}"
EndProject
Project("{9A19103F-16F7-4668-BE54-9A1E7A4F7556}") = "10. Odd Even Sum", "10. Odd Even Sum\10. Odd Even Sum.csproj", "{5708591E-0DDE-44B3-82F5-D743857A4BBD}"
EndProject
Project("{2150E333-8FDC-42A3-9474-1A3956D46DE8}") = "05.WhileLoop", "05.WhileLoop", "{4B2BDCE4-7076-4F30-9C03-AF9003FAB8C0}"
EndProject
Project("{9A19103F-16F7-4668-BE54-9A1E7A4F7556}") = "01. Read Text", "01. Read Text\01. Read Text.csproj", "{681DE6E4-A4CB-4B5C-A6F3-98C1ACF76950}"
EndProject
Project("{9A19103F-16F7-4668-BE54-9A1E7A4F7556}") = "02. Password", "02. Password\02. Password.csproj", "{809039E4-F6FB-4D6F-9556-125D64DD337E}"
EndProject
Project("{9A19103F-16F7-4668-BE54-9A1E7A4F7556}") = "03. Sum Numbers", "03. Sum Numbers\03. Sum Numbers.csproj", "{3892B80B-AAC4-4134-9319-1B0341D08E84}"
EndProject
Project("{9A19103F-16F7-4668-BE54-9A1E7A4F7556}") = "04. Sequence 2k+1", "04. Sequence 2k+1\04. Sequence 2k+1.csproj", "{C2145002-4980-46CD-B6BC-28571A41DEC8}"
EndProject
Project("{9A19103F-16F7-4668-BE54-9A1E7A4F7556}") = "05. Account Balance", "05. Account Balance\05. Account Balance.csproj", "{1F5F34AA-F005-4143-B8ED-AE254810494F}"
EndProject
Project("{9A19103F-16F7-4668-BE54-9A1E7A4F7556}") = "06. Max Number", "06. Max Number\06. Max Number.csproj", "{39793CB6-501C-4907-9825-15CE3A54BFD1}"
EndProject
Project("{9A19103F-16F7-4668-BE54-9A1E7A4F7556}") = "07. Min Number", "07. Min Number\07. Min Number.csproj", "{771FAA48-EB4E-4E5A-BC0F-EA283D6267DE}"
EndProject
Project("{9A19103F-16F7-4668-BE54-9A1E7A4F7556}") = "08. Graduation", "08. Graduation\08. Graduation.csproj", "{E019B7E3-19B8-41D3-BCB9-BAB36B6BFF2D}"
EndProject
Project("{2150E333-8FDC-42A3-9474-1A3956D46DE8}") = "06.NestedLoops", "06.NestedLoops", "{824EC9E6-5E03-4E12-977B-1D5BAB61123F}"
EndProject
Project("{9A19103F-16F7-4668-BE54-9A1E7A4F7556}") = "01. Clock", "01. Clock\01. Clock.csproj", "{523ECA9F-81E8-4A4A-9259-B8947C62484D}"
EndProject
Project("{9A19103F-16F7-4668-BE54-9A1E7A4F7556}") = "02. Multiplication Table", "02. Multiplication Table\02. Multiplication Table.csproj", "{E899EABA-9DB4-4AB6-8A9D-CAE8C2D77D58}"
EndProject
Project("{9A19103F-16F7-4668-BE54-9A1E7A4F7556}") = "03. Combinations", "03. Combinations\03. Combinations.csproj", "{C1164082-60E5-48ED-A97A-3A21730B976A}"
EndProject
Project("{9A19103F-16F7-4668-BE54-9A1E7A4F7556}") = "04. Sum of Two Numbers", "04. Sum of Two Numbers\04. Sum of Two Numbers.csproj", "{8A2DBEB0-31DB-4791-A193-346C2FCEF553}"
EndProject
Project("{9A19103F-16F7-4668-BE54-9A1E7A4F7556}") = "05. Travelling", "05. Travelling\05. Travelling.csproj", "{9CAAA888-5FF5-4C27-9426-694344106E3D}"
EndProject
Project("{9A19103F-16F7-4668-BE54-9A1E7A4F7556}") = "06. Building", "06. Building\06. Building.csproj", "{E9F2CF2E-B723-414E-AC89-E8981469E4A6}"
EndProject
Project("{2150E333-8FDC-42A3-9474-1A3956D46DE8}") = "02.Fundamentals", "02.Fundamentals", "{3463979C-C289-41B7-A989-57BA550102FA}"
EndProject
Project("{2150E333-8FDC-42A3-9474-1A3956D46DE8}") = "01.Arrays", "01.Arrays", "{D83E7135-3A45-423C-89D1-ECC9DAB043A8}"
EndProject
Project("{9A19103F-16F7-4668-BE54-9A1E7A4F7556}") = "01.Day of Week", "01.Day of Week\01.Day of Week.csproj", "{550B657F-FB09-42B8-876C-024909476963}"
EndProject
Project("{9A19103F-16F7-4668-BE54-9A1E7A4F7556}") = "02. Print Numbers in Reverse Order", "02. Print Numbers in Reverse Order\02. Print Numbers in Reverse Order.csproj", "{DEE5DFE7-B675-417B-A772-599B5A737B08}"
EndProject
Project("{9A19103F-16F7-4668-BE54-9A1E7A4F7556}") = "03. Rounding Numbers", "03. Rounding Numbers\03. Rounding Numbers.csproj", "{727AEDA4-260A-46E1-9967-0F2B43B0CFA5}"
EndProject
Project("{9A19103F-16F7-4668-BE54-9A1E7A4F7556}") = "04. Reverse Array of Strings", "04. Reverse Array of Strings\04. Reverse Array of Strings.csproj", "{50C7B0FD-CC29-40EF-8D2D-792C120B1975}"
EndProject
Project("{9A19103F-16F7-4668-BE54-9A1E7A4F7556}") = "05. Sum Even Numbers", "05. Sum Even Numbers\05. Sum Even Numbers.csproj", "{B80CF9E8-2E98-469F-92D4-718C1C967AB9}"
EndProject
Project("{9A19103F-16F7-4668-BE54-9A1E7A4F7556}") = "06. Even and Odd Subtraction", "06. Even and Odd Subtraction\06. Even and Odd Subtraction.csproj", "{571CEA37-E8A1-4391-974B-34C8EF231F96}"
EndProject
Project("{9A19103F-16F7-4668-BE54-9A1E7A4F7556}") = "07. Equal Arrays", "07. Equal Arrays\07. Equal Arrays.csproj", "{10235005-DF8F-45AA-B948-2B539140487E}"
EndProject
Project("{2150E333-8FDC-42A3-9474-1A3956D46DE8}") = "02.Methods", "02.Methods", "{86F36425-D60D-43ED-B3B9-537180FAF81C}"
EndProject
Project("{9A19103F-16F7-4668-BE54-9A1E7A4F7556}") = "01. Sign of Integer Numbers", "01. Sign of Integer Numbers\01. Sign of Integer Numbers.csproj", "{A9D3CB00-D160-45BE-B2FF-90B3FF460F19}"
EndProject
Project("{9A19103F-16F7-4668-BE54-9A1E7A4F7556}") = "02. Grades", "02. Grades\02. Grades.csproj", "{2B4DF8D0-1064-49CC-8DBD-E8C2EFA7825C}"
EndProject
Project("{9A19103F-16F7-4668-BE54-9A1E7A4F7556}") = "03. Calculations", "03. Calculations\03. Calculations.csproj", "{66E6DD5E-2F5C-4A66-BD4D-B8B74DF787A1}"
EndProject
Project("{9A19103F-16F7-4668-BE54-9A1E7A4F7556}") = "04. Printing Triangle", "04. Printing Triangle\04. Printing Triangle.csproj", "{C1D71F56-12C4-481B-8FDA-31C5031BDAFC}"
EndProject
Project("{9A19103F-16F7-4668-BE54-9A1E7A4F7556}") = "05. Orders", "05. Orders\05. Orders.csproj", "{BAE02FDB-B959-49AD-9BB4-5A4F134E86BF}"
EndProject
Project("{9A19103F-16F7-4668-BE54-9A1E7A4F7556}") = "06. Calculate Rectangle Area", "06. Calculate Rectangle Area\06. Calculate Rectangle Area.csproj", "{CD4B44A7-2547-4DF2-ACC1-8697B8B70E7F}"
EndProject
Project("{9A19103F-16F7-4668-BE54-9A1E7A4F7556}") = "07. Repeat String", "07. Repeat String\07. Repeat String.csproj", "{9C439D54-81E7-4F2E-A4F1-0CD4DD344816}"
EndProject
Project("{9A19103F-16F7-4668-BE54-9A1E7A4F7556}") = "08. Math Power", "08. Math Power\08. Math Power.csproj", "{18A4C62C-003F-44C8-8546-5F69EFD592AF}"
EndProject
Project("{9A19103F-16F7-4668-BE54-9A1E7A4F7556}") = "09. Greater of Two Values", "09. Greater of Two Values\09. Greater of Two Values.csproj", "{B2E63F77-F0B1-4DDC-B611-BAB1AF6C1260}"
EndProject
Project("{9A19103F-16F7-4668-BE54-9A1E7A4F7556}") = "10. Multiply Evens by Odds", "10. Multiply Evens by Odds\10. Multiply Evens by Odds.csproj", "{90A214B1-6B0E-41E6-A8AC-CFC3DFBC166E}"
EndProject
Project("{9A19103F-16F7-4668-BE54-9A1E7A4F7556}") = "11. Math operations", "11. Math operations\11. Math operations.csproj", "{100E90AD-EB78-4A68-9180-607C24D9BABB}"
EndProject
Project("{2150E333-8FDC-42A3-9474-1A3956D46DE8}") = "03.Lists", "03.Lists", "{3E5AED71-4855-415E-9775-49BCFFD5D3FC}"
EndProject
Project("{9A19103F-16F7-4668-BE54-9A1E7A4F7556}") = "01. Sum Adjacent Equal Numbers", "01. Sum Adjacent Equal Numbers\01. Sum Adjacent Equal Numbers.csproj", "{EE104F61-1F14-4548-AEAC-30C53BA71555}"
EndProject
Project("{9A19103F-16F7-4668-BE54-9A1E7A4F7556}") = "02. Gauss' Trick", "02. Gauss' Trick\02. Gauss' Trick.csproj", "{FF9637C0-3212-450B-A908-CA8B86877E4D}"
EndProject
Project("{9A19103F-16F7-4668-BE54-9A1E7A4F7556}") = "03. Merging Lists", "03. Merging Lists\03. Merging Lists.csproj", "{487547E0-04FB-407F-9049-C3CF7ED04628}"
EndProject
Project("{9A19103F-16F7-4668-BE54-9A1E7A4F7556}") = "04. List of Products", "04. List of Products\04. List of Products.csproj", "{BACE5910-9E15-4217-9F0F-79F95090BEA1}"
EndProject
Project("{9A19103F-16F7-4668-BE54-9A1E7A4F7556}") = "05. Remove Negatives and Reverse", "05. Remove Negatives and Reverse\05. Remove Negatives and Reverse.csproj", "{7F4A3062-1264-402B-A29C-CE8704E94DA5}"
EndProject
Project("{9A19103F-16F7-4668-BE54-9A1E7A4F7556}") = "06. List Manipulation Basics", "06. List Manipulation Basics\06. List Manipulation Basics.csproj", "{C7B486A4-7924-49A0-8668-1F6F14222BA0}"
EndProject
Project("{9A19103F-16F7-4668-BE54-9A1E7A4F7556}") = "07. List Manipulation Advanced", "07. List Manipulation Advanced\07. List Manipulation Advanced.csproj", "{1DA75EF0-DD81-49CB-9B1B-D411BA5291DB}"
EndProject
Project("{2150E333-8FDC-42A3-9474-1A3956D46DE8}") = "04.Objects and Classes", "04.Objects and Classes", "{75D2D6F3-188E-4FCF-8FF9-7DADFB372890}"
EndProject
Project("{9A19103F-16F7-4668-BE54-9A1E7A4F7556}") = "03. Songs", "03. Songs\03. Songs.csproj", "{7E4CC899-8679-4E16-801E-6F7195B1B264}"
EndProject
Project("{9A19103F-16F7-4668-BE54-9A1E7A4F7556}") = "04. Students", "04. Students\04. Students.csproj", "{B493787F-0131-4942-9D26-A1C5A0765373}"
EndProject
Project("{9A19103F-16F7-4668-BE54-9A1E7A4F7556}") = "05. Students 2.0", "05. Students 2.0\05. Students 2.0.csproj", "{52660D1D-4DFD-4FB1-9E99-E59866E1AE85}"
EndProject
Project("{9A19103F-16F7-4668-BE54-9A1E7A4F7556}") = "06. Store Boxes", "06. Store Boxes\06. Store Boxes.csproj", "{F0005537-2924-4944-9E5C-6A247DE662F1}"
EndProject
Project("{9A19103F-16F7-4668-BE54-9A1E7A4F7556}") = "07. Vehicle Catalogue", "07. Vehicle Catalogue\07. Vehicle Catalogue.csproj", "{9753C948-BAD8-4053-8D59-6C4EAAC29F2F}"
EndProject
Project("{2150E333-8FDC-42A3-9474-1A3956D46DE8}") = "05.Dictionaries,Lambda,LINQ", "05.Dictionaries,Lambda,LINQ", "{C4B60B0F-A5F2-4250-A81E-2C86991F62FB}"
EndProject
Project("{9A19103F-16F7-4668-BE54-9A1E7A4F7556}") = "01. Count Real Numbers", "01. Count Real Numbers\01. Count Real Numbers.csproj", "{C383ED40-5649-47B9-B9C7-EC9084AF81A7}"
EndProject
Project("{9A19103F-16F7-4668-BE54-9A1E7A4F7556}") = "02. Odd Occurrences", "02. Odd Occurrences\02. Odd Occurrences.csproj", "{9F356B20-0BEB-4238-A613-B010A30DBAF7}"
EndProject
Project("{9A19103F-16F7-4668-BE54-9A1E7A4F7556}") = "03. Word Synonyms", "03. Word Synonyms\03. Word Synonyms.csproj", "{2A77E958-3F30-4749-B14C-C2E0BE0F1C58}"
EndProject
Project("{9A19103F-16F7-4668-BE54-9A1E7A4F7556}") = "04. Word Filter", "04. Word Filter\04. Word Filter.csproj", "{621025D2-D6A9-4599-AE4E-3D7238E6E9C7}"
EndProject
Project("{2150E333-8FDC-42A3-9474-1A3956D46DE8}") = "06.TextProcessing", "06.TextProcessing", "{F6EFC360-5E37-4677-A20D-5C7D72C5C7BF}"
EndProject
Project("{9A19103F-16F7-4668-BE54-9A1E7A4F7556}") = "01. Reverse Strings", "01. Reverse Strings\01. Reverse Strings.csproj", "{C6F107F9-8487-4380-975D-657AD1323EA9}"
EndProject
Project("{9A19103F-16F7-4668-BE54-9A1E7A4F7556}") = "02. Repeat Strings", "02. Repeat Strings\02. Repeat Strings.csproj", "{00C0E9B9-7692-4967-9E55-906F1F16DB58}"
EndProject
Project("{9A19103F-16F7-4668-BE54-9A1E7A4F7556}") = "03. Substring", "03. Substring\03. Substring.csproj", "{ED667558-8366-4A3A-9696-743E6D51416C}"
EndProject
Project("{9A19103F-16F7-4668-BE54-9A1E7A4F7556}") = "04. Text Filter", "04. Text Filter\04. Text Filter.csproj", "{A391B8C9-30DA-4E7B-B3AC-72E16756780F}"
EndProject
Project("{2150E333-8FDC-42A3-9474-1A3956D46DE8}") = "07.RegularExpressions", "07.RegularExpressions", "{57BAAD47-02AC-42D2-AE50-D0EFD464E328}"
EndProject
Project("{9A19103F-16F7-4668-BE54-9A1E7A4F7556}") = "01. Match Full Name", "01. Match Full Name\01. Match Full Name.csproj", "{1DF56095-FA90-4477-8906-540EB4582E23}"
EndProject
Project("{9A19103F-16F7-4668-BE54-9A1E7A4F7556}") = "02. Match Phone Number", "02. Match Phone Number\02. Match Phone Number.csproj", "{6C60A926-9019-4ADE-95B8-6E693C3CD573}"
EndProject
Project("{9A19103F-16F7-4668-BE54-9A1E7A4F7556}") = "03. Match Dates", "03. Match Dates\03. Match Dates.csproj", "{6F7A4A59-3303-428A-93BA-BF1A5AFB8676}"
EndProject
Project("{2150E333-8FDC-42A3-9474-1A3956D46DE8}") = "03.Advanced&OOP", "03.Advanced&OOP", "{4AC7152A-F6C8-44BA-B664-2E272B121DA2}"
EndProject
Project("{2150E333-8FDC-42A3-9474-1A3956D46DE8}") = "01.SetsAndDictionariesAdvanced", "01.SetsAndDictionariesAdvanced", "{6016AC08-AB60-4A50-9E19-E66C3F7419CE}"
EndProject
Project("{9A19103F-16F7-4668-BE54-9A1E7A4F7556}") = "01. Count Same Values in Array", "01. Count Same Values in Array\01. Count Same Values in Array.csproj", "{D7DEE40B-21FF-4CF1-A22C-3281449C5485}"
EndProject
Project("{9A19103F-16F7-4668-BE54-9A1E7A4F7556}") = "02. Average Student Grades", "02. Average Student Grades\02. Average Student Grades.csproj", "{B7557263-F82B-4125-B3A5-F43886AD67DA}"
EndProject
Project("{9A19103F-16F7-4668-BE54-9A1E7A4F7556}") = "05. Count Chars in a String", "05. Count Chars in a String\05. Count Chars in a String.csproj", "{E52A609C-E94B-449E-AE43-9F2D7A968D9B}"
EndProject
Project("{9A19103F-16F7-4668-BE54-9A1E7A4F7556}") = "06. A Miner Task", "06. A Miner Task\06. A Miner Task.csproj", "{51B15190-C234-4E65-8748-CD52CEEEEC41}"
EndProject
Project("{9A19103F-16F7-4668-BE54-9A1E7A4F7556}") = "07. Orders", "07. Orders\07. Orders.csproj", "{1F3BC78C-683C-4CD0-B782-5B4BC18A7BB9}"
EndProject
Project("{9A19103F-16F7-4668-BE54-9A1E7A4F7556}") = "08. SoftUni Parking", "08. SoftUni Parking\08. SoftUni Parking.csproj", "{38FF3BA3-682E-4C61-8C1F-5625056AD2C6}"
EndProject
Project("{9A19103F-16F7-4668-BE54-9A1E7A4F7556}") = "09. Student Academy", "09. Student Academy\09. Student Academy.csproj", "{8AE4B5ED-97F6-4E77-BA24-5679C3B2D6F9}"
EndProject
Project("{9A19103F-16F7-4668-BE54-9A1E7A4F7556}") = "10. Company Users", "10. Company Users\10. Company Users.csproj", "{8144566B-55BF-4286-A99C-3578CCC8B6F5}"
EndProject
Project("{9A19103F-16F7-4668-BE54-9A1E7A4F7556}") = "03. Largest 3 Numbers", "03. Largest 3 Numbers\03. Largest 3 Numbers.csproj", "{0B0DD08D-2C9E-4977-A781-0B2AC646B4B0}"
EndProject
Project("{9A19103F-16F7-4668-BE54-9A1E7A4F7556}") = "04. Product Shop", "04. Product Shop\04. Product Shop.csproj", "{AA5EE358-5BAA-411F-99BF-24F48AB87477}"
EndProject
Project("{9A19103F-16F7-4668-BE54-9A1E7A4F7556}") = "05. Cities by Continent and Country", "05. Cities by Continent and Country\05. Cities by Continent and Country.csproj", "{BE53D215-153D-4D19-AD8A-3446BE794E6B}"
EndProject
Project("{9A19103F-16F7-4668-BE54-9A1E7A4F7556}") = "06. Record Unique Names", "06. Record Unique Names\06. Record Unique Names.csproj", "{2984C05A-434B-4705-AAB3-A56BB99EBB47}"
EndProject
Project("{9A19103F-16F7-4668-BE54-9A1E7A4F7556}") = "07. Parking Lot", "07. Parking Lot\07. Parking Lot.csproj", "{DFA67B0A-27BF-45C3-901B-FD7336E29204}"
EndProject
Project("{2150E333-8FDC-42A3-9474-1A3956D46DE8}") = "02.DefiningClasses", "02.DefiningClasses", "{85827842-4D84-4C14-8390-210602FAE53E}"
EndProject
Project("{2150E333-8FDC-42A3-9474-1A3956D46DE8}") = "03.ExceptionsAndErrorHandling", "03.ExceptionsAndErrorHandling", "{B818A1C3-1F31-4951-AE8D-0453EA726C7A}"
EndProject
Project("{2150E333-8FDC-42A3-9474-1A3956D46DE8}") = "04.EncapsulationAndInheritance", "04.EncapsulationAndInheritance", "{28C0DFB3-90E2-4080-AA42-9CB85384E1F6}"
EndProject
Project("{2150E333-8FDC-42A3-9474-1A3956D46DE8}") = "05.AbstractionAndPolymorphism", "05.AbstractionAndPolymorphism", "{F4772F0F-6A9E-4DBE-9E0D-FE384D59F790}"
EndProject
Project("{2150E333-8FDC-42A3-9474-1A3956D46DE8}") = "06.ImplementingAnOOPHierarchy", "06.ImplementingAnOOPHierarchy", "{A2A69188-AE06-4C83-9631-821F2FFCB7C3}"
EndProject
Project("{9A19103F-16F7-4668-BE54-9A1E7A4F7556}") = "test", "test1\test.csproj", "{091F2F12-E5E6-43FB-AA35-4BD7FCEC4A19}"
EndProject
Project("{2150E333-8FDC-42A3-9474-1A3956D46DE8}") = "reDo", "reDo", "{78AAEBE3-0CB2-49D9-A455-9A1EE3410147}"
EndProject
Project("{9A19103F-16F7-4668-BE54-9A1E7A4F7556}") = "firstTask", "firstTask\firstTask.csproj", "{7AFF3C58-438E-4040-8876-4416FBF7F3BB}"
EndProject
Project("{9A19103F-16F7-4668-BE54-9A1E7A4F7556}") = "taskTwo", "taskTwo\taskTwo.csproj", "{FA5F90AA-2E25-4F0D-BAB0-68A7FA279B65}"
EndProject
Project("{9A19103F-16F7-4668-BE54-9A1E7A4F7556}") = "taskThree", "taskThree\taskThree.csproj", "{D69E34D4-4DD0-48E4-8DB6-5E2DB0A805B4}"
EndProject
Project("{9A19103F-16F7-4668-BE54-9A1E7A4F7556}") = "taskFour", "taskFour\taskFour.csproj", "{68C8B6C7-0EC2-4123-AAA8-BB4277384C71}"
EndProject
Project("{9A19103F-16F7-4668-BE54-9A1E7A4F7556}") = "test", "test\test.csproj", "{D9AD178D-E3AB-4015-96EE-15157AB5F321}"
EndProject
Project("{2150E333-8FDC-42A3-9474-1A3956D46DE8}") = "reDo", "reDo", "{16663CAD-0B7D-4F7F-A1A1-B47AB601B5D4}"
EndProject
Project("{9A19103F-16F7-4668-BE54-9A1E7A4F7556}") = "Songs", "Songs\Songs.csproj", "{51B8D4D6-0399-4D39-8795-A729942421C7}"
EndProject
Project("{9A19103F-16F7-4668-BE54-9A1E7A4F7556}") = "Students", "Students\Students.csproj", "{221339F4-F201-44A7-BF19-3C48D876DDB4}"
EndProject
Project("{9A19103F-16F7-4668-BE54-9A1E7A4F7556}") = "StoreBoxes", "StoreBoxes\StoreBoxes.csproj", "{35760FB6-6A9B-4345-9B94-71FD2AC439B9}"
EndProject
Project("{9A19103F-16F7-4668-BE54-9A1E7A4F7556}") = "vehicleCatalogue", "vehicleCatalogue\vehicleCatalogue.csproj", "{3C8FD191-614A-4C24-805E-67FF8BD95710}"
EndProject
Project("{9A19103F-16F7-4668-BE54-9A1E7A4F7556}") = "01.CarManufacturer", "01.Car\01.CarManufacturer.csproj", "{263F998A-8370-484B-9BE1-41BD503D75CC}"
EndProject
Project("{9A19103F-16F7-4668-BE54-9A1E7A4F7556}") = "02.CarManufacturer", "CarManufacturer\02.CarManufacturer.csproj", "{6753A435-E280-4CA1-86A9-2BDA7E064796}"
EndProject
Project("{9A19103F-16F7-4668-BE54-9A1E7A4F7556}") = "03.CarManufacturer", "CarManufacturer03\03.CarManufacturer.csproj", "{CE63BB3E-6C24-4DF6-A9E8-68474676B027}"
EndProject
Project("{9A19103F-16F7-4668-BE54-9A1E7A4F7556}") = "04.Students", "04.Students\04.Students.csproj", "{BE2C3F37-0D07-4F07-9A45-1A51A294A90F}"
EndProject
Project("{9A19103F-16F7-4668-BE54-9A1E7A4F7556}") = "02.Articles", "02.Articles\02.Articles.csproj", "{66CBF171-F2BA-48EF-88A7-24925F7FFCAE}"
EndProject
Project("{9A19103F-16F7-4668-BE54-9A1E7A4F7556}") = "1. Square Root", "1. Square Root\1. Square Root.csproj", "{EB4F4E30-91BD-48CB-A2AD-0D83803AA535}"
EndProject
Project("{9A19103F-16F7-4668-BE54-9A1E7A4F7556}") = "2. Enter Numbers", "2. Enter Numbers\2. Enter Numbers.csproj", "{18ABB933-A29F-48BA-87EF-66846980B844}"
EndProject
Project("{9A19103F-16F7-4668-BE54-9A1E7A4F7556}") = "3. Sum of Integers", "3. Sum of Integers\3. Sum of Integers.csproj", "{911C4FA9-CB73-4614-9687-991F7C71B851}"
EndProject
Project("{FAE04EC0-301F-11D3-BF4B-00C04F79EFBC}") = "OOP-Principles-Encapsulation-Inheritance-", "OOP-Principles-Encapsulation-Inheritance-\OOP-Principles-Encapsulation-Inheritance-.csproj", "{15101E0E-6B1E-4F7B-9A9A-F5E7713BCC5D}"
EndProject
Global
	GlobalSection(SolutionConfigurationPlatforms) = preSolution
		Debug|Any CPU = Debug|Any CPU
		Release|Any CPU = Release|Any CPU
	EndGlobalSection
	GlobalSection(ProjectConfigurationPlatforms) = postSolution
		{9A0CA7DF-C941-49FE-BD6D-B7338BB2044D}.Debug|Any CPU.ActiveCfg = Debug|Any CPU
		{9A0CA7DF-C941-49FE-BD6D-B7338BB2044D}.Debug|Any CPU.Build.0 = Debug|Any CPU
		{9A0CA7DF-C941-49FE-BD6D-B7338BB2044D}.Release|Any CPU.ActiveCfg = Release|Any CPU
		{9A0CA7DF-C941-49FE-BD6D-B7338BB2044D}.Release|Any CPU.Build.0 = Release|Any CPU
		{5C62729C-DD2C-4D8A-BE66-2FEF82B701C7}.Debug|Any CPU.ActiveCfg = Debug|Any CPU
		{5C62729C-DD2C-4D8A-BE66-2FEF82B701C7}.Debug|Any CPU.Build.0 = Debug|Any CPU
		{5C62729C-DD2C-4D8A-BE66-2FEF82B701C7}.Release|Any CPU.ActiveCfg = Release|Any CPU
		{5C62729C-DD2C-4D8A-BE66-2FEF82B701C7}.Release|Any CPU.Build.0 = Release|Any CPU
		{298C6E9E-E729-4F0F-89E5-D7EB4997677F}.Debug|Any CPU.ActiveCfg = Debug|Any CPU
		{298C6E9E-E729-4F0F-89E5-D7EB4997677F}.Debug|Any CPU.Build.0 = Debug|Any CPU
		{298C6E9E-E729-4F0F-89E5-D7EB4997677F}.Release|Any CPU.ActiveCfg = Release|Any CPU
		{298C6E9E-E729-4F0F-89E5-D7EB4997677F}.Release|Any CPU.Build.0 = Release|Any CPU
		{254D2EE8-81E0-4BEE-932C-7C0551F768D9}.Debug|Any CPU.ActiveCfg = Debug|Any CPU
		{254D2EE8-81E0-4BEE-932C-7C0551F768D9}.Debug|Any CPU.Build.0 = Debug|Any CPU
		{254D2EE8-81E0-4BEE-932C-7C0551F768D9}.Release|Any CPU.ActiveCfg = Release|Any CPU
		{254D2EE8-81E0-4BEE-932C-7C0551F768D9}.Release|Any CPU.Build.0 = Release|Any CPU
		{CBDB7D79-9E99-4D46-907D-6AC44FEB68B8}.Debug|Any CPU.ActiveCfg = Debug|Any CPU
		{CBDB7D79-9E99-4D46-907D-6AC44FEB68B8}.Debug|Any CPU.Build.0 = Debug|Any CPU
		{CBDB7D79-9E99-4D46-907D-6AC44FEB68B8}.Release|Any CPU.ActiveCfg = Release|Any CPU
		{CBDB7D79-9E99-4D46-907D-6AC44FEB68B8}.Release|Any CPU.Build.0 = Release|Any CPU
		{6D42DC6B-BEED-401A-854D-7AD8DDDBF1F0}.Debug|Any CPU.ActiveCfg = Debug|Any CPU
		{6D42DC6B-BEED-401A-854D-7AD8DDDBF1F0}.Debug|Any CPU.Build.0 = Debug|Any CPU
		{6D42DC6B-BEED-401A-854D-7AD8DDDBF1F0}.Release|Any CPU.ActiveCfg = Release|Any CPU
		{6D42DC6B-BEED-401A-854D-7AD8DDDBF1F0}.Release|Any CPU.Build.0 = Release|Any CPU
		{1D76E77E-5048-48FA-A615-725E73D05527}.Debug|Any CPU.ActiveCfg = Debug|Any CPU
		{1D76E77E-5048-48FA-A615-725E73D05527}.Debug|Any CPU.Build.0 = Debug|Any CPU
		{1D76E77E-5048-48FA-A615-725E73D05527}.Release|Any CPU.ActiveCfg = Release|Any CPU
		{1D76E77E-5048-48FA-A615-725E73D05527}.Release|Any CPU.Build.0 = Release|Any CPU
		{B87E09E4-C18D-4E33-AA55-64BA4B9FF899}.Debug|Any CPU.ActiveCfg = Debug|Any CPU
		{B87E09E4-C18D-4E33-AA55-64BA4B9FF899}.Debug|Any CPU.Build.0 = Debug|Any CPU
		{B87E09E4-C18D-4E33-AA55-64BA4B9FF899}.Release|Any CPU.ActiveCfg = Release|Any CPU
		{B87E09E4-C18D-4E33-AA55-64BA4B9FF899}.Release|Any CPU.Build.0 = Release|Any CPU
		{88D7AE99-4B35-480A-9F78-251017D15B69}.Debug|Any CPU.ActiveCfg = Debug|Any CPU
		{88D7AE99-4B35-480A-9F78-251017D15B69}.Debug|Any CPU.Build.0 = Debug|Any CPU
		{88D7AE99-4B35-480A-9F78-251017D15B69}.Release|Any CPU.ActiveCfg = Release|Any CPU
		{88D7AE99-4B35-480A-9F78-251017D15B69}.Release|Any CPU.Build.0 = Release|Any CPU
		{9D8D53D3-D0DB-4B58-BCFC-5F6F16B82F42}.Debug|Any CPU.ActiveCfg = Debug|Any CPU
		{9D8D53D3-D0DB-4B58-BCFC-5F6F16B82F42}.Debug|Any CPU.Build.0 = Debug|Any CPU
		{9D8D53D3-D0DB-4B58-BCFC-5F6F16B82F42}.Release|Any CPU.ActiveCfg = Release|Any CPU
		{9D8D53D3-D0DB-4B58-BCFC-5F6F16B82F42}.Release|Any CPU.Build.0 = Release|Any CPU
		{6D6032DB-F082-44A7-8976-AECED4029700}.Debug|Any CPU.ActiveCfg = Debug|Any CPU
		{6D6032DB-F082-44A7-8976-AECED4029700}.Debug|Any CPU.Build.0 = Debug|Any CPU
		{6D6032DB-F082-44A7-8976-AECED4029700}.Release|Any CPU.ActiveCfg = Release|Any CPU
		{6D6032DB-F082-44A7-8976-AECED4029700}.Release|Any CPU.Build.0 = Release|Any CPU
		{64ADD759-12AA-419F-B5C7-DCB7B51CBF46}.Debug|Any CPU.ActiveCfg = Debug|Any CPU
		{64ADD759-12AA-419F-B5C7-DCB7B51CBF46}.Debug|Any CPU.Build.0 = Debug|Any CPU
		{64ADD759-12AA-419F-B5C7-DCB7B51CBF46}.Release|Any CPU.ActiveCfg = Release|Any CPU
		{64ADD759-12AA-419F-B5C7-DCB7B51CBF46}.Release|Any CPU.Build.0 = Release|Any CPU
		{96564204-B285-4ED7-A742-B6663637E7B2}.Debug|Any CPU.ActiveCfg = Debug|Any CPU
		{96564204-B285-4ED7-A742-B6663637E7B2}.Debug|Any CPU.Build.0 = Debug|Any CPU
		{96564204-B285-4ED7-A742-B6663637E7B2}.Release|Any CPU.ActiveCfg = Release|Any CPU
		{96564204-B285-4ED7-A742-B6663637E7B2}.Release|Any CPU.Build.0 = Release|Any CPU
		{B6ADE4F5-4D9F-47D9-BC82-22E456778B0C}.Debug|Any CPU.ActiveCfg = Debug|Any CPU
		{B6ADE4F5-4D9F-47D9-BC82-22E456778B0C}.Debug|Any CPU.Build.0 = Debug|Any CPU
		{B6ADE4F5-4D9F-47D9-BC82-22E456778B0C}.Release|Any CPU.ActiveCfg = Release|Any CPU
		{B6ADE4F5-4D9F-47D9-BC82-22E456778B0C}.Release|Any CPU.Build.0 = Release|Any CPU
		{553DD53F-A8AE-4DE0-ADAA-2954B99CF1FB}.Debug|Any CPU.ActiveCfg = Debug|Any CPU
		{553DD53F-A8AE-4DE0-ADAA-2954B99CF1FB}.Debug|Any CPU.Build.0 = Debug|Any CPU
		{553DD53F-A8AE-4DE0-ADAA-2954B99CF1FB}.Release|Any CPU.ActiveCfg = Release|Any CPU
		{553DD53F-A8AE-4DE0-ADAA-2954B99CF1FB}.Release|Any CPU.Build.0 = Release|Any CPU
		{3385F32C-0C0C-4B12-9BF6-35EB17D7F693}.Debug|Any CPU.ActiveCfg = Debug|Any CPU
		{3385F32C-0C0C-4B12-9BF6-35EB17D7F693}.Debug|Any CPU.Build.0 = Debug|Any CPU
		{3385F32C-0C0C-4B12-9BF6-35EB17D7F693}.Release|Any CPU.ActiveCfg = Release|Any CPU
		{3385F32C-0C0C-4B12-9BF6-35EB17D7F693}.Release|Any CPU.Build.0 = Release|Any CPU
		{72E0596C-F88F-422C-9838-5F367168A1C5}.Debug|Any CPU.ActiveCfg = Debug|Any CPU
		{72E0596C-F88F-422C-9838-5F367168A1C5}.Debug|Any CPU.Build.0 = Debug|Any CPU
		{72E0596C-F88F-422C-9838-5F367168A1C5}.Release|Any CPU.ActiveCfg = Release|Any CPU
		{72E0596C-F88F-422C-9838-5F367168A1C5}.Release|Any CPU.Build.0 = Release|Any CPU
		{4307831B-3D21-415F-93C8-8EAEC0D5954A}.Debug|Any CPU.ActiveCfg = Debug|Any CPU
		{4307831B-3D21-415F-93C8-8EAEC0D5954A}.Debug|Any CPU.Build.0 = Debug|Any CPU
		{4307831B-3D21-415F-93C8-8EAEC0D5954A}.Release|Any CPU.ActiveCfg = Release|Any CPU
		{4307831B-3D21-415F-93C8-8EAEC0D5954A}.Release|Any CPU.Build.0 = Release|Any CPU
		{B28A0567-73AD-4C15-962D-0572F1DAC0FF}.Debug|Any CPU.ActiveCfg = Debug|Any CPU
		{B28A0567-73AD-4C15-962D-0572F1DAC0FF}.Debug|Any CPU.Build.0 = Debug|Any CPU
		{B28A0567-73AD-4C15-962D-0572F1DAC0FF}.Release|Any CPU.ActiveCfg = Release|Any CPU
		{B28A0567-73AD-4C15-962D-0572F1DAC0FF}.Release|Any CPU.Build.0 = Release|Any CPU
		{428D4097-5C2D-4E5E-A1C8-87D26E1006E8}.Debug|Any CPU.ActiveCfg = Debug|Any CPU
		{428D4097-5C2D-4E5E-A1C8-87D26E1006E8}.Debug|Any CPU.Build.0 = Debug|Any CPU
		{428D4097-5C2D-4E5E-A1C8-87D26E1006E8}.Release|Any CPU.ActiveCfg = Release|Any CPU
		{428D4097-5C2D-4E5E-A1C8-87D26E1006E8}.Release|Any CPU.Build.0 = Release|Any CPU
		{A1D7E047-20ED-480D-A842-B58DE9F3CA23}.Debug|Any CPU.ActiveCfg = Debug|Any CPU
		{A1D7E047-20ED-480D-A842-B58DE9F3CA23}.Debug|Any CPU.Build.0 = Debug|Any CPU
		{A1D7E047-20ED-480D-A842-B58DE9F3CA23}.Release|Any CPU.ActiveCfg = Release|Any CPU
		{A1D7E047-20ED-480D-A842-B58DE9F3CA23}.Release|Any CPU.Build.0 = Release|Any CPU
		{33432DEB-435D-403C-B9BD-8594E0206F4B}.Debug|Any CPU.ActiveCfg = Debug|Any CPU
		{33432DEB-435D-403C-B9BD-8594E0206F4B}.Debug|Any CPU.Build.0 = Debug|Any CPU
		{33432DEB-435D-403C-B9BD-8594E0206F4B}.Release|Any CPU.ActiveCfg = Release|Any CPU
		{33432DEB-435D-403C-B9BD-8594E0206F4B}.Release|Any CPU.Build.0 = Release|Any CPU
		{DAF77A2D-7EB2-4A0C-B7C3-D9BBAAEE4866}.Debug|Any CPU.ActiveCfg = Debug|Any CPU
		{DAF77A2D-7EB2-4A0C-B7C3-D9BBAAEE4866}.Debug|Any CPU.Build.0 = Debug|Any CPU
		{DAF77A2D-7EB2-4A0C-B7C3-D9BBAAEE4866}.Release|Any CPU.ActiveCfg = Release|Any CPU
		{DAF77A2D-7EB2-4A0C-B7C3-D9BBAAEE4866}.Release|Any CPU.Build.0 = Release|Any CPU
		{BD48E0D9-82C8-4FB8-8FFE-D7944C0084C4}.Debug|Any CPU.ActiveCfg = Debug|Any CPU
		{BD48E0D9-82C8-4FB8-8FFE-D7944C0084C4}.Debug|Any CPU.Build.0 = Debug|Any CPU
		{BD48E0D9-82C8-4FB8-8FFE-D7944C0084C4}.Release|Any CPU.ActiveCfg = Release|Any CPU
		{BD48E0D9-82C8-4FB8-8FFE-D7944C0084C4}.Release|Any CPU.Build.0 = Release|Any CPU
		{F9EAE552-BDBA-4153-913C-EBA86E5174B9}.Debug|Any CPU.ActiveCfg = Debug|Any CPU
		{F9EAE552-BDBA-4153-913C-EBA86E5174B9}.Debug|Any CPU.Build.0 = Debug|Any CPU
		{F9EAE552-BDBA-4153-913C-EBA86E5174B9}.Release|Any CPU.ActiveCfg = Release|Any CPU
		{F9EAE552-BDBA-4153-913C-EBA86E5174B9}.Release|Any CPU.Build.0 = Release|Any CPU
		{EC5C9052-423C-48EF-8A03-A88C18CB6044}.Debug|Any CPU.ActiveCfg = Debug|Any CPU
		{EC5C9052-423C-48EF-8A03-A88C18CB6044}.Debug|Any CPU.Build.0 = Debug|Any CPU
		{EC5C9052-423C-48EF-8A03-A88C18CB6044}.Release|Any CPU.ActiveCfg = Release|Any CPU
		{EC5C9052-423C-48EF-8A03-A88C18CB6044}.Release|Any CPU.Build.0 = Release|Any CPU
		{6B50AA6B-1993-487B-A0C2-21073239F1A9}.Debug|Any CPU.ActiveCfg = Debug|Any CPU
		{6B50AA6B-1993-487B-A0C2-21073239F1A9}.Debug|Any CPU.Build.0 = Debug|Any CPU
		{6B50AA6B-1993-487B-A0C2-21073239F1A9}.Release|Any CPU.ActiveCfg = Release|Any CPU
		{6B50AA6B-1993-487B-A0C2-21073239F1A9}.Release|Any CPU.Build.0 = Release|Any CPU
		{B68B2473-79DF-4B88-B3B5-8413CE570E16}.Debug|Any CPU.ActiveCfg = Debug|Any CPU
		{B68B2473-79DF-4B88-B3B5-8413CE570E16}.Debug|Any CPU.Build.0 = Debug|Any CPU
		{B68B2473-79DF-4B88-B3B5-8413CE570E16}.Release|Any CPU.ActiveCfg = Release|Any CPU
		{B68B2473-79DF-4B88-B3B5-8413CE570E16}.Release|Any CPU.Build.0 = Release|Any CPU
		{3C73FDAB-609E-4296-8C1B-48FAB586AEFD}.Debug|Any CPU.ActiveCfg = Debug|Any CPU
		{3C73FDAB-609E-4296-8C1B-48FAB586AEFD}.Debug|Any CPU.Build.0 = Debug|Any CPU
		{3C73FDAB-609E-4296-8C1B-48FAB586AEFD}.Release|Any CPU.ActiveCfg = Release|Any CPU
		{3C73FDAB-609E-4296-8C1B-48FAB586AEFD}.Release|Any CPU.Build.0 = Release|Any CPU
		{942165EC-CF28-4E5E-89A1-569F38F2676E}.Debug|Any CPU.ActiveCfg = Debug|Any CPU
		{942165EC-CF28-4E5E-89A1-569F38F2676E}.Debug|Any CPU.Build.0 = Debug|Any CPU
		{942165EC-CF28-4E5E-89A1-569F38F2676E}.Release|Any CPU.ActiveCfg = Release|Any CPU
		{942165EC-CF28-4E5E-89A1-569F38F2676E}.Release|Any CPU.Build.0 = Release|Any CPU
		{D198AF72-8276-474A-98B4-261FF41244C7}.Debug|Any CPU.ActiveCfg = Debug|Any CPU
		{D198AF72-8276-474A-98B4-261FF41244C7}.Debug|Any CPU.Build.0 = Debug|Any CPU
		{D198AF72-8276-474A-98B4-261FF41244C7}.Release|Any CPU.ActiveCfg = Release|Any CPU
		{D198AF72-8276-474A-98B4-261FF41244C7}.Release|Any CPU.Build.0 = Release|Any CPU
		{5C170929-1265-4ED9-AE89-8CBD5EC77AFB}.Debug|Any CPU.ActiveCfg = Debug|Any CPU
		{5C170929-1265-4ED9-AE89-8CBD5EC77AFB}.Debug|Any CPU.Build.0 = Debug|Any CPU
		{5C170929-1265-4ED9-AE89-8CBD5EC77AFB}.Release|Any CPU.ActiveCfg = Release|Any CPU
		{5C170929-1265-4ED9-AE89-8CBD5EC77AFB}.Release|Any CPU.Build.0 = Release|Any CPU
		{EE4F7C1A-56DF-4C8A-BC5D-4783DE72BA08}.Debug|Any CPU.ActiveCfg = Debug|Any CPU
		{EE4F7C1A-56DF-4C8A-BC5D-4783DE72BA08}.Debug|Any CPU.Build.0 = Debug|Any CPU
		{EE4F7C1A-56DF-4C8A-BC5D-4783DE72BA08}.Release|Any CPU.ActiveCfg = Release|Any CPU
		{EE4F7C1A-56DF-4C8A-BC5D-4783DE72BA08}.Release|Any CPU.Build.0 = Release|Any CPU
		{E3C70884-95BA-4B1A-94B2-6CCE0180BD48}.Debug|Any CPU.ActiveCfg = Debug|Any CPU
		{E3C70884-95BA-4B1A-94B2-6CCE0180BD48}.Debug|Any CPU.Build.0 = Debug|Any CPU
		{E3C70884-95BA-4B1A-94B2-6CCE0180BD48}.Release|Any CPU.ActiveCfg = Release|Any CPU
		{E3C70884-95BA-4B1A-94B2-6CCE0180BD48}.Release|Any CPU.Build.0 = Release|Any CPU
		{5708591E-0DDE-44B3-82F5-D743857A4BBD}.Debug|Any CPU.ActiveCfg = Debug|Any CPU
		{5708591E-0DDE-44B3-82F5-D743857A4BBD}.Debug|Any CPU.Build.0 = Debug|Any CPU
		{5708591E-0DDE-44B3-82F5-D743857A4BBD}.Release|Any CPU.ActiveCfg = Release|Any CPU
		{5708591E-0DDE-44B3-82F5-D743857A4BBD}.Release|Any CPU.Build.0 = Release|Any CPU
		{681DE6E4-A4CB-4B5C-A6F3-98C1ACF76950}.Debug|Any CPU.ActiveCfg = Debug|Any CPU
		{681DE6E4-A4CB-4B5C-A6F3-98C1ACF76950}.Debug|Any CPU.Build.0 = Debug|Any CPU
		{681DE6E4-A4CB-4B5C-A6F3-98C1ACF76950}.Release|Any CPU.ActiveCfg = Release|Any CPU
		{681DE6E4-A4CB-4B5C-A6F3-98C1ACF76950}.Release|Any CPU.Build.0 = Release|Any CPU
		{809039E4-F6FB-4D6F-9556-125D64DD337E}.Debug|Any CPU.ActiveCfg = Debug|Any CPU
		{809039E4-F6FB-4D6F-9556-125D64DD337E}.Debug|Any CPU.Build.0 = Debug|Any CPU
		{809039E4-F6FB-4D6F-9556-125D64DD337E}.Release|Any CPU.ActiveCfg = Release|Any CPU
		{809039E4-F6FB-4D6F-9556-125D64DD337E}.Release|Any CPU.Build.0 = Release|Any CPU
		{3892B80B-AAC4-4134-9319-1B0341D08E84}.Debug|Any CPU.ActiveCfg = Debug|Any CPU
		{3892B80B-AAC4-4134-9319-1B0341D08E84}.Debug|Any CPU.Build.0 = Debug|Any CPU
		{3892B80B-AAC4-4134-9319-1B0341D08E84}.Release|Any CPU.ActiveCfg = Release|Any CPU
		{3892B80B-AAC4-4134-9319-1B0341D08E84}.Release|Any CPU.Build.0 = Release|Any CPU
		{C2145002-4980-46CD-B6BC-28571A41DEC8}.Debug|Any CPU.ActiveCfg = Debug|Any CPU
		{C2145002-4980-46CD-B6BC-28571A41DEC8}.Debug|Any CPU.Build.0 = Debug|Any CPU
		{C2145002-4980-46CD-B6BC-28571A41DEC8}.Release|Any CPU.ActiveCfg = Release|Any CPU
		{C2145002-4980-46CD-B6BC-28571A41DEC8}.Release|Any CPU.Build.0 = Release|Any CPU
		{1F5F34AA-F005-4143-B8ED-AE254810494F}.Debug|Any CPU.ActiveCfg = Debug|Any CPU
		{1F5F34AA-F005-4143-B8ED-AE254810494F}.Debug|Any CPU.Build.0 = Debug|Any CPU
		{1F5F34AA-F005-4143-B8ED-AE254810494F}.Release|Any CPU.ActiveCfg = Release|Any CPU
		{1F5F34AA-F005-4143-B8ED-AE254810494F}.Release|Any CPU.Build.0 = Release|Any CPU
		{39793CB6-501C-4907-9825-15CE3A54BFD1}.Debug|Any CPU.ActiveCfg = Debug|Any CPU
		{39793CB6-501C-4907-9825-15CE3A54BFD1}.Debug|Any CPU.Build.0 = Debug|Any CPU
		{39793CB6-501C-4907-9825-15CE3A54BFD1}.Release|Any CPU.ActiveCfg = Release|Any CPU
		{39793CB6-501C-4907-9825-15CE3A54BFD1}.Release|Any CPU.Build.0 = Release|Any CPU
		{771FAA48-EB4E-4E5A-BC0F-EA283D6267DE}.Debug|Any CPU.ActiveCfg = Debug|Any CPU
		{771FAA48-EB4E-4E5A-BC0F-EA283D6267DE}.Debug|Any CPU.Build.0 = Debug|Any CPU
		{771FAA48-EB4E-4E5A-BC0F-EA283D6267DE}.Release|Any CPU.ActiveCfg = Release|Any CPU
		{771FAA48-EB4E-4E5A-BC0F-EA283D6267DE}.Release|Any CPU.Build.0 = Release|Any CPU
		{E019B7E3-19B8-41D3-BCB9-BAB36B6BFF2D}.Debug|Any CPU.ActiveCfg = Debug|Any CPU
		{E019B7E3-19B8-41D3-BCB9-BAB36B6BFF2D}.Debug|Any CPU.Build.0 = Debug|Any CPU
		{E019B7E3-19B8-41D3-BCB9-BAB36B6BFF2D}.Release|Any CPU.ActiveCfg = Release|Any CPU
		{E019B7E3-19B8-41D3-BCB9-BAB36B6BFF2D}.Release|Any CPU.Build.0 = Release|Any CPU
		{523ECA9F-81E8-4A4A-9259-B8947C62484D}.Debug|Any CPU.ActiveCfg = Debug|Any CPU
		{523ECA9F-81E8-4A4A-9259-B8947C62484D}.Debug|Any CPU.Build.0 = Debug|Any CPU
		{523ECA9F-81E8-4A4A-9259-B8947C62484D}.Release|Any CPU.ActiveCfg = Release|Any CPU
		{523ECA9F-81E8-4A4A-9259-B8947C62484D}.Release|Any CPU.Build.0 = Release|Any CPU
		{E899EABA-9DB4-4AB6-8A9D-CAE8C2D77D58}.Debug|Any CPU.ActiveCfg = Debug|Any CPU
		{E899EABA-9DB4-4AB6-8A9D-CAE8C2D77D58}.Debug|Any CPU.Build.0 = Debug|Any CPU
		{E899EABA-9DB4-4AB6-8A9D-CAE8C2D77D58}.Release|Any CPU.ActiveCfg = Release|Any CPU
		{E899EABA-9DB4-4AB6-8A9D-CAE8C2D77D58}.Release|Any CPU.Build.0 = Release|Any CPU
		{C1164082-60E5-48ED-A97A-3A21730B976A}.Debug|Any CPU.ActiveCfg = Debug|Any CPU
		{C1164082-60E5-48ED-A97A-3A21730B976A}.Debug|Any CPU.Build.0 = Debug|Any CPU
		{C1164082-60E5-48ED-A97A-3A21730B976A}.Release|Any CPU.ActiveCfg = Release|Any CPU
		{C1164082-60E5-48ED-A97A-3A21730B976A}.Release|Any CPU.Build.0 = Release|Any CPU
		{8A2DBEB0-31DB-4791-A193-346C2FCEF553}.Debug|Any CPU.ActiveCfg = Debug|Any CPU
		{8A2DBEB0-31DB-4791-A193-346C2FCEF553}.Debug|Any CPU.Build.0 = Debug|Any CPU
		{8A2DBEB0-31DB-4791-A193-346C2FCEF553}.Release|Any CPU.ActiveCfg = Release|Any CPU
		{8A2DBEB0-31DB-4791-A193-346C2FCEF553}.Release|Any CPU.Build.0 = Release|Any CPU
		{9CAAA888-5FF5-4C27-9426-694344106E3D}.Debug|Any CPU.ActiveCfg = Debug|Any CPU
		{9CAAA888-5FF5-4C27-9426-694344106E3D}.Debug|Any CPU.Build.0 = Debug|Any CPU
		{9CAAA888-5FF5-4C27-9426-694344106E3D}.Release|Any CPU.ActiveCfg = Release|Any CPU
		{9CAAA888-5FF5-4C27-9426-694344106E3D}.Release|Any CPU.Build.0 = Release|Any CPU
		{E9F2CF2E-B723-414E-AC89-E8981469E4A6}.Debug|Any CPU.ActiveCfg = Debug|Any CPU
		{E9F2CF2E-B723-414E-AC89-E8981469E4A6}.Debug|Any CPU.Build.0 = Debug|Any CPU
		{E9F2CF2E-B723-414E-AC89-E8981469E4A6}.Release|Any CPU.ActiveCfg = Release|Any CPU
		{E9F2CF2E-B723-414E-AC89-E8981469E4A6}.Release|Any CPU.Build.0 = Release|Any CPU
		{550B657F-FB09-42B8-876C-024909476963}.Debug|Any CPU.ActiveCfg = Debug|Any CPU
		{550B657F-FB09-42B8-876C-024909476963}.Debug|Any CPU.Build.0 = Debug|Any CPU
		{550B657F-FB09-42B8-876C-024909476963}.Release|Any CPU.ActiveCfg = Release|Any CPU
		{550B657F-FB09-42B8-876C-024909476963}.Release|Any CPU.Build.0 = Release|Any CPU
		{DEE5DFE7-B675-417B-A772-599B5A737B08}.Debug|Any CPU.ActiveCfg = Debug|Any CPU
		{DEE5DFE7-B675-417B-A772-599B5A737B08}.Debug|Any CPU.Build.0 = Debug|Any CPU
		{DEE5DFE7-B675-417B-A772-599B5A737B08}.Release|Any CPU.ActiveCfg = Release|Any CPU
		{DEE5DFE7-B675-417B-A772-599B5A737B08}.Release|Any CPU.Build.0 = Release|Any CPU
		{727AEDA4-260A-46E1-9967-0F2B43B0CFA5}.Debug|Any CPU.ActiveCfg = Debug|Any CPU
		{727AEDA4-260A-46E1-9967-0F2B43B0CFA5}.Debug|Any CPU.Build.0 = Debug|Any CPU
		{727AEDA4-260A-46E1-9967-0F2B43B0CFA5}.Release|Any CPU.ActiveCfg = Release|Any CPU
		{727AEDA4-260A-46E1-9967-0F2B43B0CFA5}.Release|Any CPU.Build.0 = Release|Any CPU
		{50C7B0FD-CC29-40EF-8D2D-792C120B1975}.Debug|Any CPU.ActiveCfg = Debug|Any CPU
		{50C7B0FD-CC29-40EF-8D2D-792C120B1975}.Debug|Any CPU.Build.0 = Debug|Any CPU
		{50C7B0FD-CC29-40EF-8D2D-792C120B1975}.Release|Any CPU.ActiveCfg = Release|Any CPU
		{50C7B0FD-CC29-40EF-8D2D-792C120B1975}.Release|Any CPU.Build.0 = Release|Any CPU
		{B80CF9E8-2E98-469F-92D4-718C1C967AB9}.Debug|Any CPU.ActiveCfg = Debug|Any CPU
		{B80CF9E8-2E98-469F-92D4-718C1C967AB9}.Debug|Any CPU.Build.0 = Debug|Any CPU
		{B80CF9E8-2E98-469F-92D4-718C1C967AB9}.Release|Any CPU.ActiveCfg = Release|Any CPU
		{B80CF9E8-2E98-469F-92D4-718C1C967AB9}.Release|Any CPU.Build.0 = Release|Any CPU
		{571CEA37-E8A1-4391-974B-34C8EF231F96}.Debug|Any CPU.ActiveCfg = Debug|Any CPU
		{571CEA37-E8A1-4391-974B-34C8EF231F96}.Debug|Any CPU.Build.0 = Debug|Any CPU
		{571CEA37-E8A1-4391-974B-34C8EF231F96}.Release|Any CPU.ActiveCfg = Release|Any CPU
		{571CEA37-E8A1-4391-974B-34C8EF231F96}.Release|Any CPU.Build.0 = Release|Any CPU
		{10235005-DF8F-45AA-B948-2B539140487E}.Debug|Any CPU.ActiveCfg = Debug|Any CPU
		{10235005-DF8F-45AA-B948-2B539140487E}.Debug|Any CPU.Build.0 = Debug|Any CPU
		{10235005-DF8F-45AA-B948-2B539140487E}.Release|Any CPU.ActiveCfg = Release|Any CPU
		{10235005-DF8F-45AA-B948-2B539140487E}.Release|Any CPU.Build.0 = Release|Any CPU
		{A9D3CB00-D160-45BE-B2FF-90B3FF460F19}.Debug|Any CPU.ActiveCfg = Debug|Any CPU
		{A9D3CB00-D160-45BE-B2FF-90B3FF460F19}.Debug|Any CPU.Build.0 = Debug|Any CPU
		{A9D3CB00-D160-45BE-B2FF-90B3FF460F19}.Release|Any CPU.ActiveCfg = Release|Any CPU
		{A9D3CB00-D160-45BE-B2FF-90B3FF460F19}.Release|Any CPU.Build.0 = Release|Any CPU
		{2B4DF8D0-1064-49CC-8DBD-E8C2EFA7825C}.Debug|Any CPU.ActiveCfg = Debug|Any CPU
		{2B4DF8D0-1064-49CC-8DBD-E8C2EFA7825C}.Debug|Any CPU.Build.0 = Debug|Any CPU
		{2B4DF8D0-1064-49CC-8DBD-E8C2EFA7825C}.Release|Any CPU.ActiveCfg = Release|Any CPU
		{2B4DF8D0-1064-49CC-8DBD-E8C2EFA7825C}.Release|Any CPU.Build.0 = Release|Any CPU
		{66E6DD5E-2F5C-4A66-BD4D-B8B74DF787A1}.Debug|Any CPU.ActiveCfg = Debug|Any CPU
		{66E6DD5E-2F5C-4A66-BD4D-B8B74DF787A1}.Debug|Any CPU.Build.0 = Debug|Any CPU
		{66E6DD5E-2F5C-4A66-BD4D-B8B74DF787A1}.Release|Any CPU.ActiveCfg = Release|Any CPU
		{66E6DD5E-2F5C-4A66-BD4D-B8B74DF787A1}.Release|Any CPU.Build.0 = Release|Any CPU
		{C1D71F56-12C4-481B-8FDA-31C5031BDAFC}.Debug|Any CPU.ActiveCfg = Debug|Any CPU
		{C1D71F56-12C4-481B-8FDA-31C5031BDAFC}.Debug|Any CPU.Build.0 = Debug|Any CPU
		{C1D71F56-12C4-481B-8FDA-31C5031BDAFC}.Release|Any CPU.ActiveCfg = Release|Any CPU
		{C1D71F56-12C4-481B-8FDA-31C5031BDAFC}.Release|Any CPU.Build.0 = Release|Any CPU
		{BAE02FDB-B959-49AD-9BB4-5A4F134E86BF}.Debug|Any CPU.ActiveCfg = Debug|Any CPU
		{BAE02FDB-B959-49AD-9BB4-5A4F134E86BF}.Debug|Any CPU.Build.0 = Debug|Any CPU
		{BAE02FDB-B959-49AD-9BB4-5A4F134E86BF}.Release|Any CPU.ActiveCfg = Release|Any CPU
		{BAE02FDB-B959-49AD-9BB4-5A4F134E86BF}.Release|Any CPU.Build.0 = Release|Any CPU
		{CD4B44A7-2547-4DF2-ACC1-8697B8B70E7F}.Debug|Any CPU.ActiveCfg = Debug|Any CPU
		{CD4B44A7-2547-4DF2-ACC1-8697B8B70E7F}.Debug|Any CPU.Build.0 = Debug|Any CPU
		{CD4B44A7-2547-4DF2-ACC1-8697B8B70E7F}.Release|Any CPU.ActiveCfg = Release|Any CPU
		{CD4B44A7-2547-4DF2-ACC1-8697B8B70E7F}.Release|Any CPU.Build.0 = Release|Any CPU
		{9C439D54-81E7-4F2E-A4F1-0CD4DD344816}.Debug|Any CPU.ActiveCfg = Debug|Any CPU
		{9C439D54-81E7-4F2E-A4F1-0CD4DD344816}.Debug|Any CPU.Build.0 = Debug|Any CPU
		{9C439D54-81E7-4F2E-A4F1-0CD4DD344816}.Release|Any CPU.ActiveCfg = Release|Any CPU
		{9C439D54-81E7-4F2E-A4F1-0CD4DD344816}.Release|Any CPU.Build.0 = Release|Any CPU
		{18A4C62C-003F-44C8-8546-5F69EFD592AF}.Debug|Any CPU.ActiveCfg = Debug|Any CPU
		{18A4C62C-003F-44C8-8546-5F69EFD592AF}.Debug|Any CPU.Build.0 = Debug|Any CPU
		{18A4C62C-003F-44C8-8546-5F69EFD592AF}.Release|Any CPU.ActiveCfg = Release|Any CPU
		{18A4C62C-003F-44C8-8546-5F69EFD592AF}.Release|Any CPU.Build.0 = Release|Any CPU
		{B2E63F77-F0B1-4DDC-B611-BAB1AF6C1260}.Debug|Any CPU.ActiveCfg = Debug|Any CPU
		{B2E63F77-F0B1-4DDC-B611-BAB1AF6C1260}.Debug|Any CPU.Build.0 = Debug|Any CPU
		{B2E63F77-F0B1-4DDC-B611-BAB1AF6C1260}.Release|Any CPU.ActiveCfg = Release|Any CPU
		{B2E63F77-F0B1-4DDC-B611-BAB1AF6C1260}.Release|Any CPU.Build.0 = Release|Any CPU
		{90A214B1-6B0E-41E6-A8AC-CFC3DFBC166E}.Debug|Any CPU.ActiveCfg = Debug|Any CPU
		{90A214B1-6B0E-41E6-A8AC-CFC3DFBC166E}.Debug|Any CPU.Build.0 = Debug|Any CPU
		{90A214B1-6B0E-41E6-A8AC-CFC3DFBC166E}.Release|Any CPU.ActiveCfg = Release|Any CPU
		{90A214B1-6B0E-41E6-A8AC-CFC3DFBC166E}.Release|Any CPU.Build.0 = Release|Any CPU
		{100E90AD-EB78-4A68-9180-607C24D9BABB}.Debug|Any CPU.ActiveCfg = Debug|Any CPU
		{100E90AD-EB78-4A68-9180-607C24D9BABB}.Debug|Any CPU.Build.0 = Debug|Any CPU
		{100E90AD-EB78-4A68-9180-607C24D9BABB}.Release|Any CPU.ActiveCfg = Release|Any CPU
		{100E90AD-EB78-4A68-9180-607C24D9BABB}.Release|Any CPU.Build.0 = Release|Any CPU
		{EE104F61-1F14-4548-AEAC-30C53BA71555}.Debug|Any CPU.ActiveCfg = Debug|Any CPU
		{EE104F61-1F14-4548-AEAC-30C53BA71555}.Debug|Any CPU.Build.0 = Debug|Any CPU
		{EE104F61-1F14-4548-AEAC-30C53BA71555}.Release|Any CPU.ActiveCfg = Release|Any CPU
		{EE104F61-1F14-4548-AEAC-30C53BA71555}.Release|Any CPU.Build.0 = Release|Any CPU
		{FF9637C0-3212-450B-A908-CA8B86877E4D}.Debug|Any CPU.ActiveCfg = Debug|Any CPU
		{FF9637C0-3212-450B-A908-CA8B86877E4D}.Debug|Any CPU.Build.0 = Debug|Any CPU
		{FF9637C0-3212-450B-A908-CA8B86877E4D}.Release|Any CPU.ActiveCfg = Release|Any CPU
		{FF9637C0-3212-450B-A908-CA8B86877E4D}.Release|Any CPU.Build.0 = Release|Any CPU
		{487547E0-04FB-407F-9049-C3CF7ED04628}.Debug|Any CPU.ActiveCfg = Debug|Any CPU
		{487547E0-04FB-407F-9049-C3CF7ED04628}.Debug|Any CPU.Build.0 = Debug|Any CPU
		{487547E0-04FB-407F-9049-C3CF7ED04628}.Release|Any CPU.ActiveCfg = Release|Any CPU
		{487547E0-04FB-407F-9049-C3CF7ED04628}.Release|Any CPU.Build.0 = Release|Any CPU
		{BACE5910-9E15-4217-9F0F-79F95090BEA1}.Debug|Any CPU.ActiveCfg = Debug|Any CPU
		{BACE5910-9E15-4217-9F0F-79F95090BEA1}.Debug|Any CPU.Build.0 = Debug|Any CPU
		{BACE5910-9E15-4217-9F0F-79F95090BEA1}.Release|Any CPU.ActiveCfg = Release|Any CPU
		{BACE5910-9E15-4217-9F0F-79F95090BEA1}.Release|Any CPU.Build.0 = Release|Any CPU
		{7F4A3062-1264-402B-A29C-CE8704E94DA5}.Debug|Any CPU.ActiveCfg = Debug|Any CPU
		{7F4A3062-1264-402B-A29C-CE8704E94DA5}.Debug|Any CPU.Build.0 = Debug|Any CPU
		{7F4A3062-1264-402B-A29C-CE8704E94DA5}.Release|Any CPU.ActiveCfg = Release|Any CPU
		{7F4A3062-1264-402B-A29C-CE8704E94DA5}.Release|Any CPU.Build.0 = Release|Any CPU
		{C7B486A4-7924-49A0-8668-1F6F14222BA0}.Debug|Any CPU.ActiveCfg = Debug|Any CPU
		{C7B486A4-7924-49A0-8668-1F6F14222BA0}.Debug|Any CPU.Build.0 = Debug|Any CPU
		{C7B486A4-7924-49A0-8668-1F6F14222BA0}.Release|Any CPU.ActiveCfg = Release|Any CPU
		{C7B486A4-7924-49A0-8668-1F6F14222BA0}.Release|Any CPU.Build.0 = Release|Any CPU
		{1DA75EF0-DD81-49CB-9B1B-D411BA5291DB}.Debug|Any CPU.ActiveCfg = Debug|Any CPU
		{1DA75EF0-DD81-49CB-9B1B-D411BA5291DB}.Debug|Any CPU.Build.0 = Debug|Any CPU
		{1DA75EF0-DD81-49CB-9B1B-D411BA5291DB}.Release|Any CPU.ActiveCfg = Release|Any CPU
		{1DA75EF0-DD81-49CB-9B1B-D411BA5291DB}.Release|Any CPU.Build.0 = Release|Any CPU
		{7E4CC899-8679-4E16-801E-6F7195B1B264}.Debug|Any CPU.ActiveCfg = Debug|Any CPU
		{7E4CC899-8679-4E16-801E-6F7195B1B264}.Debug|Any CPU.Build.0 = Debug|Any CPU
		{7E4CC899-8679-4E16-801E-6F7195B1B264}.Release|Any CPU.ActiveCfg = Release|Any CPU
		{7E4CC899-8679-4E16-801E-6F7195B1B264}.Release|Any CPU.Build.0 = Release|Any CPU
		{B493787F-0131-4942-9D26-A1C5A0765373}.Debug|Any CPU.ActiveCfg = Debug|Any CPU
		{B493787F-0131-4942-9D26-A1C5A0765373}.Debug|Any CPU.Build.0 = Debug|Any CPU
		{B493787F-0131-4942-9D26-A1C5A0765373}.Release|Any CPU.ActiveCfg = Release|Any CPU
		{B493787F-0131-4942-9D26-A1C5A0765373}.Release|Any CPU.Build.0 = Release|Any CPU
		{52660D1D-4DFD-4FB1-9E99-E59866E1AE85}.Debug|Any CPU.ActiveCfg = Debug|Any CPU
		{52660D1D-4DFD-4FB1-9E99-E59866E1AE85}.Debug|Any CPU.Build.0 = Debug|Any CPU
		{52660D1D-4DFD-4FB1-9E99-E59866E1AE85}.Release|Any CPU.ActiveCfg = Release|Any CPU
		{52660D1D-4DFD-4FB1-9E99-E59866E1AE85}.Release|Any CPU.Build.0 = Release|Any CPU
		{F0005537-2924-4944-9E5C-6A247DE662F1}.Debug|Any CPU.ActiveCfg = Debug|Any CPU
		{F0005537-2924-4944-9E5C-6A247DE662F1}.Debug|Any CPU.Build.0 = Debug|Any CPU
		{F0005537-2924-4944-9E5C-6A247DE662F1}.Release|Any CPU.ActiveCfg = Release|Any CPU
		{F0005537-2924-4944-9E5C-6A247DE662F1}.Release|Any CPU.Build.0 = Release|Any CPU
		{9753C948-BAD8-4053-8D59-6C4EAAC29F2F}.Debug|Any CPU.ActiveCfg = Debug|Any CPU
		{9753C948-BAD8-4053-8D59-6C4EAAC29F2F}.Debug|Any CPU.Build.0 = Debug|Any CPU
		{9753C948-BAD8-4053-8D59-6C4EAAC29F2F}.Release|Any CPU.ActiveCfg = Release|Any CPU
		{9753C948-BAD8-4053-8D59-6C4EAAC29F2F}.Release|Any CPU.Build.0 = Release|Any CPU
		{C383ED40-5649-47B9-B9C7-EC9084AF81A7}.Debug|Any CPU.ActiveCfg = Debug|Any CPU
		{C383ED40-5649-47B9-B9C7-EC9084AF81A7}.Debug|Any CPU.Build.0 = Debug|Any CPU
		{C383ED40-5649-47B9-B9C7-EC9084AF81A7}.Release|Any CPU.ActiveCfg = Release|Any CPU
		{C383ED40-5649-47B9-B9C7-EC9084AF81A7}.Release|Any CPU.Build.0 = Release|Any CPU
		{9F356B20-0BEB-4238-A613-B010A30DBAF7}.Debug|Any CPU.ActiveCfg = Debug|Any CPU
		{9F356B20-0BEB-4238-A613-B010A30DBAF7}.Debug|Any CPU.Build.0 = Debug|Any CPU
		{9F356B20-0BEB-4238-A613-B010A30DBAF7}.Release|Any CPU.ActiveCfg = Release|Any CPU
		{9F356B20-0BEB-4238-A613-B010A30DBAF7}.Release|Any CPU.Build.0 = Release|Any CPU
		{2A77E958-3F30-4749-B14C-C2E0BE0F1C58}.Debug|Any CPU.ActiveCfg = Debug|Any CPU
		{2A77E958-3F30-4749-B14C-C2E0BE0F1C58}.Debug|Any CPU.Build.0 = Debug|Any CPU
		{2A77E958-3F30-4749-B14C-C2E0BE0F1C58}.Release|Any CPU.ActiveCfg = Release|Any CPU
		{2A77E958-3F30-4749-B14C-C2E0BE0F1C58}.Release|Any CPU.Build.0 = Release|Any CPU
		{621025D2-D6A9-4599-AE4E-3D7238E6E9C7}.Debug|Any CPU.ActiveCfg = Debug|Any CPU
		{621025D2-D6A9-4599-AE4E-3D7238E6E9C7}.Debug|Any CPU.Build.0 = Debug|Any CPU
		{621025D2-D6A9-4599-AE4E-3D7238E6E9C7}.Release|Any CPU.ActiveCfg = Release|Any CPU
		{621025D2-D6A9-4599-AE4E-3D7238E6E9C7}.Release|Any CPU.Build.0 = Release|Any CPU
		{C6F107F9-8487-4380-975D-657AD1323EA9}.Debug|Any CPU.ActiveCfg = Debug|Any CPU
		{C6F107F9-8487-4380-975D-657AD1323EA9}.Debug|Any CPU.Build.0 = Debug|Any CPU
		{C6F107F9-8487-4380-975D-657AD1323EA9}.Release|Any CPU.ActiveCfg = Release|Any CPU
		{C6F107F9-8487-4380-975D-657AD1323EA9}.Release|Any CPU.Build.0 = Release|Any CPU
		{00C0E9B9-7692-4967-9E55-906F1F16DB58}.Debug|Any CPU.ActiveCfg = Debug|Any CPU
		{00C0E9B9-7692-4967-9E55-906F1F16DB58}.Debug|Any CPU.Build.0 = Debug|Any CPU
		{00C0E9B9-7692-4967-9E55-906F1F16DB58}.Release|Any CPU.ActiveCfg = Release|Any CPU
		{00C0E9B9-7692-4967-9E55-906F1F16DB58}.Release|Any CPU.Build.0 = Release|Any CPU
		{ED667558-8366-4A3A-9696-743E6D51416C}.Debug|Any CPU.ActiveCfg = Debug|Any CPU
		{ED667558-8366-4A3A-9696-743E6D51416C}.Debug|Any CPU.Build.0 = Debug|Any CPU
		{ED667558-8366-4A3A-9696-743E6D51416C}.Release|Any CPU.ActiveCfg = Release|Any CPU
		{ED667558-8366-4A3A-9696-743E6D51416C}.Release|Any CPU.Build.0 = Release|Any CPU
		{A391B8C9-30DA-4E7B-B3AC-72E16756780F}.Debug|Any CPU.ActiveCfg = Debug|Any CPU
		{A391B8C9-30DA-4E7B-B3AC-72E16756780F}.Debug|Any CPU.Build.0 = Debug|Any CPU
		{A391B8C9-30DA-4E7B-B3AC-72E16756780F}.Release|Any CPU.ActiveCfg = Release|Any CPU
		{A391B8C9-30DA-4E7B-B3AC-72E16756780F}.Release|Any CPU.Build.0 = Release|Any CPU
		{1DF56095-FA90-4477-8906-540EB4582E23}.Debug|Any CPU.ActiveCfg = Debug|Any CPU
		{1DF56095-FA90-4477-8906-540EB4582E23}.Debug|Any CPU.Build.0 = Debug|Any CPU
		{1DF56095-FA90-4477-8906-540EB4582E23}.Release|Any CPU.ActiveCfg = Release|Any CPU
		{1DF56095-FA90-4477-8906-540EB4582E23}.Release|Any CPU.Build.0 = Release|Any CPU
		{6C60A926-9019-4ADE-95B8-6E693C3CD573}.Debug|Any CPU.ActiveCfg = Debug|Any CPU
		{6C60A926-9019-4ADE-95B8-6E693C3CD573}.Debug|Any CPU.Build.0 = Debug|Any CPU
		{6C60A926-9019-4ADE-95B8-6E693C3CD573}.Release|Any CPU.ActiveCfg = Release|Any CPU
		{6C60A926-9019-4ADE-95B8-6E693C3CD573}.Release|Any CPU.Build.0 = Release|Any CPU
		{6F7A4A59-3303-428A-93BA-BF1A5AFB8676}.Debug|Any CPU.ActiveCfg = Debug|Any CPU
		{6F7A4A59-3303-428A-93BA-BF1A5AFB8676}.Debug|Any CPU.Build.0 = Debug|Any CPU
		{6F7A4A59-3303-428A-93BA-BF1A5AFB8676}.Release|Any CPU.ActiveCfg = Release|Any CPU
		{6F7A4A59-3303-428A-93BA-BF1A5AFB8676}.Release|Any CPU.Build.0 = Release|Any CPU
		{D7DEE40B-21FF-4CF1-A22C-3281449C5485}.Debug|Any CPU.ActiveCfg = Debug|Any CPU
		{D7DEE40B-21FF-4CF1-A22C-3281449C5485}.Debug|Any CPU.Build.0 = Debug|Any CPU
		{D7DEE40B-21FF-4CF1-A22C-3281449C5485}.Release|Any CPU.ActiveCfg = Release|Any CPU
		{D7DEE40B-21FF-4CF1-A22C-3281449C5485}.Release|Any CPU.Build.0 = Release|Any CPU
		{B7557263-F82B-4125-B3A5-F43886AD67DA}.Debug|Any CPU.ActiveCfg = Debug|Any CPU
		{B7557263-F82B-4125-B3A5-F43886AD67DA}.Debug|Any CPU.Build.0 = Debug|Any CPU
		{B7557263-F82B-4125-B3A5-F43886AD67DA}.Release|Any CPU.ActiveCfg = Release|Any CPU
		{B7557263-F82B-4125-B3A5-F43886AD67DA}.Release|Any CPU.Build.0 = Release|Any CPU
		{E52A609C-E94B-449E-AE43-9F2D7A968D9B}.Debug|Any CPU.ActiveCfg = Debug|Any CPU
		{E52A609C-E94B-449E-AE43-9F2D7A968D9B}.Debug|Any CPU.Build.0 = Debug|Any CPU
		{E52A609C-E94B-449E-AE43-9F2D7A968D9B}.Release|Any CPU.ActiveCfg = Release|Any CPU
		{E52A609C-E94B-449E-AE43-9F2D7A968D9B}.Release|Any CPU.Build.0 = Release|Any CPU
		{51B15190-C234-4E65-8748-CD52CEEEEC41}.Debug|Any CPU.ActiveCfg = Debug|Any CPU
		{51B15190-C234-4E65-8748-CD52CEEEEC41}.Debug|Any CPU.Build.0 = Debug|Any CPU
		{51B15190-C234-4E65-8748-CD52CEEEEC41}.Release|Any CPU.ActiveCfg = Release|Any CPU
		{51B15190-C234-4E65-8748-CD52CEEEEC41}.Release|Any CPU.Build.0 = Release|Any CPU
		{1F3BC78C-683C-4CD0-B782-5B4BC18A7BB9}.Debug|Any CPU.ActiveCfg = Debug|Any CPU
		{1F3BC78C-683C-4CD0-B782-5B4BC18A7BB9}.Debug|Any CPU.Build.0 = Debug|Any CPU
		{1F3BC78C-683C-4CD0-B782-5B4BC18A7BB9}.Release|Any CPU.ActiveCfg = Release|Any CPU
		{1F3BC78C-683C-4CD0-B782-5B4BC18A7BB9}.Release|Any CPU.Build.0 = Release|Any CPU
		{38FF3BA3-682E-4C61-8C1F-5625056AD2C6}.Debug|Any CPU.ActiveCfg = Debug|Any CPU
		{38FF3BA3-682E-4C61-8C1F-5625056AD2C6}.Debug|Any CPU.Build.0 = Debug|Any CPU
		{38FF3BA3-682E-4C61-8C1F-5625056AD2C6}.Release|Any CPU.ActiveCfg = Release|Any CPU
		{38FF3BA3-682E-4C61-8C1F-5625056AD2C6}.Release|Any CPU.Build.0 = Release|Any CPU
		{8AE4B5ED-97F6-4E77-BA24-5679C3B2D6F9}.Debug|Any CPU.ActiveCfg = Debug|Any CPU
		{8AE4B5ED-97F6-4E77-BA24-5679C3B2D6F9}.Debug|Any CPU.Build.0 = Debug|Any CPU
		{8AE4B5ED-97F6-4E77-BA24-5679C3B2D6F9}.Release|Any CPU.ActiveCfg = Release|Any CPU
		{8AE4B5ED-97F6-4E77-BA24-5679C3B2D6F9}.Release|Any CPU.Build.0 = Release|Any CPU
		{8144566B-55BF-4286-A99C-3578CCC8B6F5}.Debug|Any CPU.ActiveCfg = Debug|Any CPU
		{8144566B-55BF-4286-A99C-3578CCC8B6F5}.Debug|Any CPU.Build.0 = Debug|Any CPU
		{8144566B-55BF-4286-A99C-3578CCC8B6F5}.Release|Any CPU.ActiveCfg = Release|Any CPU
		{8144566B-55BF-4286-A99C-3578CCC8B6F5}.Release|Any CPU.Build.0 = Release|Any CPU
		{0B0DD08D-2C9E-4977-A781-0B2AC646B4B0}.Debug|Any CPU.ActiveCfg = Debug|Any CPU
		{0B0DD08D-2C9E-4977-A781-0B2AC646B4B0}.Debug|Any CPU.Build.0 = Debug|Any CPU
		{0B0DD08D-2C9E-4977-A781-0B2AC646B4B0}.Release|Any CPU.ActiveCfg = Release|Any CPU
		{0B0DD08D-2C9E-4977-A781-0B2AC646B4B0}.Release|Any CPU.Build.0 = Release|Any CPU
		{AA5EE358-5BAA-411F-99BF-24F48AB87477}.Debug|Any CPU.ActiveCfg = Debug|Any CPU
		{AA5EE358-5BAA-411F-99BF-24F48AB87477}.Debug|Any CPU.Build.0 = Debug|Any CPU
		{AA5EE358-5BAA-411F-99BF-24F48AB87477}.Release|Any CPU.ActiveCfg = Release|Any CPU
		{AA5EE358-5BAA-411F-99BF-24F48AB87477}.Release|Any CPU.Build.0 = Release|Any CPU
		{BE53D215-153D-4D19-AD8A-3446BE794E6B}.Debug|Any CPU.ActiveCfg = Debug|Any CPU
		{BE53D215-153D-4D19-AD8A-3446BE794E6B}.Debug|Any CPU.Build.0 = Debug|Any CPU
		{BE53D215-153D-4D19-AD8A-3446BE794E6B}.Release|Any CPU.ActiveCfg = Release|Any CPU
		{BE53D215-153D-4D19-AD8A-3446BE794E6B}.Release|Any CPU.Build.0 = Release|Any CPU
		{2984C05A-434B-4705-AAB3-A56BB99EBB47}.Debug|Any CPU.ActiveCfg = Debug|Any CPU
		{2984C05A-434B-4705-AAB3-A56BB99EBB47}.Debug|Any CPU.Build.0 = Debug|Any CPU
		{2984C05A-434B-4705-AAB3-A56BB99EBB47}.Release|Any CPU.ActiveCfg = Release|Any CPU
		{2984C05A-434B-4705-AAB3-A56BB99EBB47}.Release|Any CPU.Build.0 = Release|Any CPU
		{DFA67B0A-27BF-45C3-901B-FD7336E29204}.Debug|Any CPU.ActiveCfg = Debug|Any CPU
		{DFA67B0A-27BF-45C3-901B-FD7336E29204}.Debug|Any CPU.Build.0 = Debug|Any CPU
		{DFA67B0A-27BF-45C3-901B-FD7336E29204}.Release|Any CPU.ActiveCfg = Release|Any CPU
		{DFA67B0A-27BF-45C3-901B-FD7336E29204}.Release|Any CPU.Build.0 = Release|Any CPU
		{091F2F12-E5E6-43FB-AA35-4BD7FCEC4A19}.Debug|Any CPU.ActiveCfg = Debug|Any CPU
		{091F2F12-E5E6-43FB-AA35-4BD7FCEC4A19}.Debug|Any CPU.Build.0 = Debug|Any CPU
		{091F2F12-E5E6-43FB-AA35-4BD7FCEC4A19}.Release|Any CPU.ActiveCfg = Release|Any CPU
		{091F2F12-E5E6-43FB-AA35-4BD7FCEC4A19}.Release|Any CPU.Build.0 = Release|Any CPU
		{7AFF3C58-438E-4040-8876-4416FBF7F3BB}.Debug|Any CPU.ActiveCfg = Debug|Any CPU
		{7AFF3C58-438E-4040-8876-4416FBF7F3BB}.Debug|Any CPU.Build.0 = Debug|Any CPU
		{7AFF3C58-438E-4040-8876-4416FBF7F3BB}.Release|Any CPU.ActiveCfg = Release|Any CPU
		{7AFF3C58-438E-4040-8876-4416FBF7F3BB}.Release|Any CPU.Build.0 = Release|Any CPU
		{FA5F90AA-2E25-4F0D-BAB0-68A7FA279B65}.Debug|Any CPU.ActiveCfg = Debug|Any CPU
		{FA5F90AA-2E25-4F0D-BAB0-68A7FA279B65}.Debug|Any CPU.Build.0 = Debug|Any CPU
		{FA5F90AA-2E25-4F0D-BAB0-68A7FA279B65}.Release|Any CPU.ActiveCfg = Release|Any CPU
		{FA5F90AA-2E25-4F0D-BAB0-68A7FA279B65}.Release|Any CPU.Build.0 = Release|Any CPU
		{D69E34D4-4DD0-48E4-8DB6-5E2DB0A805B4}.Debug|Any CPU.ActiveCfg = Debug|Any CPU
		{D69E34D4-4DD0-48E4-8DB6-5E2DB0A805B4}.Debug|Any CPU.Build.0 = Debug|Any CPU
		{D69E34D4-4DD0-48E4-8DB6-5E2DB0A805B4}.Release|Any CPU.ActiveCfg = Release|Any CPU
		{D69E34D4-4DD0-48E4-8DB6-5E2DB0A805B4}.Release|Any CPU.Build.0 = Release|Any CPU
		{68C8B6C7-0EC2-4123-AAA8-BB4277384C71}.Debug|Any CPU.ActiveCfg = Debug|Any CPU
		{68C8B6C7-0EC2-4123-AAA8-BB4277384C71}.Debug|Any CPU.Build.0 = Debug|Any CPU
		{68C8B6C7-0EC2-4123-AAA8-BB4277384C71}.Release|Any CPU.ActiveCfg = Release|Any CPU
		{68C8B6C7-0EC2-4123-AAA8-BB4277384C71}.Release|Any CPU.Build.0 = Release|Any CPU
		{D9AD178D-E3AB-4015-96EE-15157AB5F321}.Debug|Any CPU.ActiveCfg = Debug|Any CPU
		{D9AD178D-E3AB-4015-96EE-15157AB5F321}.Debug|Any CPU.Build.0 = Debug|Any CPU
		{D9AD178D-E3AB-4015-96EE-15157AB5F321}.Release|Any CPU.ActiveCfg = Release|Any CPU
		{D9AD178D-E3AB-4015-96EE-15157AB5F321}.Release|Any CPU.Build.0 = Release|Any CPU
		{51B8D4D6-0399-4D39-8795-A729942421C7}.Debug|Any CPU.ActiveCfg = Debug|Any CPU
		{51B8D4D6-0399-4D39-8795-A729942421C7}.Debug|Any CPU.Build.0 = Debug|Any CPU
		{51B8D4D6-0399-4D39-8795-A729942421C7}.Release|Any CPU.ActiveCfg = Release|Any CPU
		{51B8D4D6-0399-4D39-8795-A729942421C7}.Release|Any CPU.Build.0 = Release|Any CPU
		{221339F4-F201-44A7-BF19-3C48D876DDB4}.Debug|Any CPU.ActiveCfg = Debug|Any CPU
		{221339F4-F201-44A7-BF19-3C48D876DDB4}.Debug|Any CPU.Build.0 = Debug|Any CPU
		{221339F4-F201-44A7-BF19-3C48D876DDB4}.Release|Any CPU.ActiveCfg = Release|Any CPU
		{221339F4-F201-44A7-BF19-3C48D876DDB4}.Release|Any CPU.Build.0 = Release|Any CPU
		{35760FB6-6A9B-4345-9B94-71FD2AC439B9}.Debug|Any CPU.ActiveCfg = Debug|Any CPU
		{35760FB6-6A9B-4345-9B94-71FD2AC439B9}.Debug|Any CPU.Build.0 = Debug|Any CPU
		{35760FB6-6A9B-4345-9B94-71FD2AC439B9}.Release|Any CPU.ActiveCfg = Release|Any CPU
		{35760FB6-6A9B-4345-9B94-71FD2AC439B9}.Release|Any CPU.Build.0 = Release|Any CPU
		{3C8FD191-614A-4C24-805E-67FF8BD95710}.Debug|Any CPU.ActiveCfg = Debug|Any CPU
		{3C8FD191-614A-4C24-805E-67FF8BD95710}.Debug|Any CPU.Build.0 = Debug|Any CPU
		{3C8FD191-614A-4C24-805E-67FF8BD95710}.Release|Any CPU.ActiveCfg = Release|Any CPU
		{3C8FD191-614A-4C24-805E-67FF8BD95710}.Release|Any CPU.Build.0 = Release|Any CPU
		{263F998A-8370-484B-9BE1-41BD503D75CC}.Debug|Any CPU.ActiveCfg = Debug|Any CPU
		{263F998A-8370-484B-9BE1-41BD503D75CC}.Debug|Any CPU.Build.0 = Debug|Any CPU
		{263F998A-8370-484B-9BE1-41BD503D75CC}.Release|Any CPU.ActiveCfg = Release|Any CPU
		{263F998A-8370-484B-9BE1-41BD503D75CC}.Release|Any CPU.Build.0 = Release|Any CPU
		{6753A435-E280-4CA1-86A9-2BDA7E064796}.Debug|Any CPU.ActiveCfg = Debug|Any CPU
		{6753A435-E280-4CA1-86A9-2BDA7E064796}.Debug|Any CPU.Build.0 = Debug|Any CPU
		{6753A435-E280-4CA1-86A9-2BDA7E064796}.Release|Any CPU.ActiveCfg = Release|Any CPU
		{6753A435-E280-4CA1-86A9-2BDA7E064796}.Release|Any CPU.Build.0 = Release|Any CPU
		{CE63BB3E-6C24-4DF6-A9E8-68474676B027}.Debug|Any CPU.ActiveCfg = Debug|Any CPU
		{CE63BB3E-6C24-4DF6-A9E8-68474676B027}.Debug|Any CPU.Build.0 = Debug|Any CPU
		{CE63BB3E-6C24-4DF6-A9E8-68474676B027}.Release|Any CPU.ActiveCfg = Release|Any CPU
		{CE63BB3E-6C24-4DF6-A9E8-68474676B027}.Release|Any CPU.Build.0 = Release|Any CPU
		{BE2C3F37-0D07-4F07-9A45-1A51A294A90F}.Debug|Any CPU.ActiveCfg = Debug|Any CPU
		{BE2C3F37-0D07-4F07-9A45-1A51A294A90F}.Debug|Any CPU.Build.0 = Debug|Any CPU
		{BE2C3F37-0D07-4F07-9A45-1A51A294A90F}.Release|Any CPU.ActiveCfg = Release|Any CPU
		{BE2C3F37-0D07-4F07-9A45-1A51A294A90F}.Release|Any CPU.Build.0 = Release|Any CPU
		{66CBF171-F2BA-48EF-88A7-24925F7FFCAE}.Debug|Any CPU.ActiveCfg = Debug|Any CPU
		{66CBF171-F2BA-48EF-88A7-24925F7FFCAE}.Debug|Any CPU.Build.0 = Debug|Any CPU
		{66CBF171-F2BA-48EF-88A7-24925F7FFCAE}.Release|Any CPU.ActiveCfg = Release|Any CPU
		{66CBF171-F2BA-48EF-88A7-24925F7FFCAE}.Release|Any CPU.Build.0 = Release|Any CPU
		{EB4F4E30-91BD-48CB-A2AD-0D83803AA535}.Debug|Any CPU.ActiveCfg = Debug|Any CPU
		{EB4F4E30-91BD-48CB-A2AD-0D83803AA535}.Debug|Any CPU.Build.0 = Debug|Any CPU
		{EB4F4E30-91BD-48CB-A2AD-0D83803AA535}.Release|Any CPU.ActiveCfg = Release|Any CPU
		{EB4F4E30-91BD-48CB-A2AD-0D83803AA535}.Release|Any CPU.Build.0 = Release|Any CPU
		{18ABB933-A29F-48BA-87EF-66846980B844}.Debug|Any CPU.ActiveCfg = Debug|Any CPU
		{18ABB933-A29F-48BA-87EF-66846980B844}.Debug|Any CPU.Build.0 = Debug|Any CPU
		{18ABB933-A29F-48BA-87EF-66846980B844}.Release|Any CPU.ActiveCfg = Release|Any CPU
		{18ABB933-A29F-48BA-87EF-66846980B844}.Release|Any CPU.Build.0 = Release|Any CPU
		{911C4FA9-CB73-4614-9687-991F7C71B851}.Debug|Any CPU.ActiveCfg = Debug|Any CPU
		{911C4FA9-CB73-4614-9687-991F7C71B851}.Debug|Any CPU.Build.0 = Debug|Any CPU
		{911C4FA9-CB73-4614-9687-991F7C71B851}.Release|Any CPU.ActiveCfg = Release|Any CPU
		{911C4FA9-CB73-4614-9687-991F7C71B851}.Release|Any CPU.Build.0 = Release|Any CPU
		{15101E0E-6B1E-4F7B-9A9A-F5E7713BCC5D}.Debug|Any CPU.ActiveCfg = Debug|Any CPU
		{15101E0E-6B1E-4F7B-9A9A-F5E7713BCC5D}.Debug|Any CPU.Build.0 = Debug|Any CPU
		{15101E0E-6B1E-4F7B-9A9A-F5E7713BCC5D}.Release|Any CPU.ActiveCfg = Release|Any CPU
		{15101E0E-6B1E-4F7B-9A9A-F5E7713BCC5D}.Release|Any CPU.Build.0 = Release|Any CPU
	EndGlobalSection
	GlobalSection(SolutionProperties) = preSolution
		HideSolutionNode = FALSE
	EndGlobalSection
	GlobalSection(NestedProjects) = preSolution
		{CAB963CF-1C6A-4C05-93F3-7C8413617E81} = {FDF0E7D2-D499-4E4C-9E6F-46B8BF9C6BB9}
		{9A0CA7DF-C941-49FE-BD6D-B7338BB2044D} = {CAB963CF-1C6A-4C05-93F3-7C8413617E81}
		{5C62729C-DD2C-4D8A-BE66-2FEF82B701C7} = {CAB963CF-1C6A-4C05-93F3-7C8413617E81}
		{298C6E9E-E729-4F0F-89E5-D7EB4997677F} = {CAB963CF-1C6A-4C05-93F3-7C8413617E81}
		{254D2EE8-81E0-4BEE-932C-7C0551F768D9} = {CAB963CF-1C6A-4C05-93F3-7C8413617E81}
		{CBDB7D79-9E99-4D46-907D-6AC44FEB68B8} = {CAB963CF-1C6A-4C05-93F3-7C8413617E81}
		{6D42DC6B-BEED-401A-854D-7AD8DDDBF1F0} = {CAB963CF-1C6A-4C05-93F3-7C8413617E81}
		{1D76E77E-5048-48FA-A615-725E73D05527} = {CAB963CF-1C6A-4C05-93F3-7C8413617E81}
		{B87E09E4-C18D-4E33-AA55-64BA4B9FF899} = {CAB963CF-1C6A-4C05-93F3-7C8413617E81}
		{88D7AE99-4B35-480A-9F78-251017D15B69} = {CAB963CF-1C6A-4C05-93F3-7C8413617E81}
		{B38E942F-F506-4146-9B3D-DBB547B4C69D} = {FDF0E7D2-D499-4E4C-9E6F-46B8BF9C6BB9}
		{9D8D53D3-D0DB-4B58-BCFC-5F6F16B82F42} = {B38E942F-F506-4146-9B3D-DBB547B4C69D}
		{6D6032DB-F082-44A7-8976-AECED4029700} = {B38E942F-F506-4146-9B3D-DBB547B4C69D}
		{64ADD759-12AA-419F-B5C7-DCB7B51CBF46} = {B38E942F-F506-4146-9B3D-DBB547B4C69D}
		{96564204-B285-4ED7-A742-B6663637E7B2} = {B38E942F-F506-4146-9B3D-DBB547B4C69D}
		{B6ADE4F5-4D9F-47D9-BC82-22E456778B0C} = {B38E942F-F506-4146-9B3D-DBB547B4C69D}
		{553DD53F-A8AE-4DE0-ADAA-2954B99CF1FB} = {B38E942F-F506-4146-9B3D-DBB547B4C69D}
		{7DAAC3AF-CD16-47F6-B864-2CA498ABB591} = {FDF0E7D2-D499-4E4C-9E6F-46B8BF9C6BB9}
		{3385F32C-0C0C-4B12-9BF6-35EB17D7F693} = {7DAAC3AF-CD16-47F6-B864-2CA498ABB591}
		{72E0596C-F88F-422C-9838-5F367168A1C5} = {7DAAC3AF-CD16-47F6-B864-2CA498ABB591}
		{4307831B-3D21-415F-93C8-8EAEC0D5954A} = {7DAAC3AF-CD16-47F6-B864-2CA498ABB591}
		{B28A0567-73AD-4C15-962D-0572F1DAC0FF} = {7DAAC3AF-CD16-47F6-B864-2CA498ABB591}
		{428D4097-5C2D-4E5E-A1C8-87D26E1006E8} = {7DAAC3AF-CD16-47F6-B864-2CA498ABB591}
		{A1D7E047-20ED-480D-A842-B58DE9F3CA23} = {7DAAC3AF-CD16-47F6-B864-2CA498ABB591}
		{33432DEB-435D-403C-B9BD-8594E0206F4B} = {7DAAC3AF-CD16-47F6-B864-2CA498ABB591}
		{DAF77A2D-7EB2-4A0C-B7C3-D9BBAAEE4866} = {7DAAC3AF-CD16-47F6-B864-2CA498ABB591}
		{BD48E0D9-82C8-4FB8-8FFE-D7944C0084C4} = {7DAAC3AF-CD16-47F6-B864-2CA498ABB591}
		{F9EAE552-BDBA-4153-913C-EBA86E5174B9} = {7DAAC3AF-CD16-47F6-B864-2CA498ABB591}
		{1D2B9BDD-0751-4CA2-833B-66D1977C7C20} = {FDF0E7D2-D499-4E4C-9E6F-46B8BF9C6BB9}
		{EC5C9052-423C-48EF-8A03-A88C18CB6044} = {1D2B9BDD-0751-4CA2-833B-66D1977C7C20}
		{6B50AA6B-1993-487B-A0C2-21073239F1A9} = {1D2B9BDD-0751-4CA2-833B-66D1977C7C20}
		{B68B2473-79DF-4B88-B3B5-8413CE570E16} = {1D2B9BDD-0751-4CA2-833B-66D1977C7C20}
		{3C73FDAB-609E-4296-8C1B-48FAB586AEFD} = {1D2B9BDD-0751-4CA2-833B-66D1977C7C20}
		{942165EC-CF28-4E5E-89A1-569F38F2676E} = {1D2B9BDD-0751-4CA2-833B-66D1977C7C20}
		{D198AF72-8276-474A-98B4-261FF41244C7} = {1D2B9BDD-0751-4CA2-833B-66D1977C7C20}
		{5C170929-1265-4ED9-AE89-8CBD5EC77AFB} = {1D2B9BDD-0751-4CA2-833B-66D1977C7C20}
		{EE4F7C1A-56DF-4C8A-BC5D-4783DE72BA08} = {1D2B9BDD-0751-4CA2-833B-66D1977C7C20}
		{E3C70884-95BA-4B1A-94B2-6CCE0180BD48} = {1D2B9BDD-0751-4CA2-833B-66D1977C7C20}
		{5708591E-0DDE-44B3-82F5-D743857A4BBD} = {1D2B9BDD-0751-4CA2-833B-66D1977C7C20}
		{4B2BDCE4-7076-4F30-9C03-AF9003FAB8C0} = {FDF0E7D2-D499-4E4C-9E6F-46B8BF9C6BB9}
		{681DE6E4-A4CB-4B5C-A6F3-98C1ACF76950} = {4B2BDCE4-7076-4F30-9C03-AF9003FAB8C0}
		{809039E4-F6FB-4D6F-9556-125D64DD337E} = {4B2BDCE4-7076-4F30-9C03-AF9003FAB8C0}
		{3892B80B-AAC4-4134-9319-1B0341D08E84} = {4B2BDCE4-7076-4F30-9C03-AF9003FAB8C0}
		{C2145002-4980-46CD-B6BC-28571A41DEC8} = {4B2BDCE4-7076-4F30-9C03-AF9003FAB8C0}
		{1F5F34AA-F005-4143-B8ED-AE254810494F} = {4B2BDCE4-7076-4F30-9C03-AF9003FAB8C0}
		{39793CB6-501C-4907-9825-15CE3A54BFD1} = {4B2BDCE4-7076-4F30-9C03-AF9003FAB8C0}
		{771FAA48-EB4E-4E5A-BC0F-EA283D6267DE} = {4B2BDCE4-7076-4F30-9C03-AF9003FAB8C0}
		{E019B7E3-19B8-41D3-BCB9-BAB36B6BFF2D} = {4B2BDCE4-7076-4F30-9C03-AF9003FAB8C0}
		{824EC9E6-5E03-4E12-977B-1D5BAB61123F} = {FDF0E7D2-D499-4E4C-9E6F-46B8BF9C6BB9}
		{523ECA9F-81E8-4A4A-9259-B8947C62484D} = {824EC9E6-5E03-4E12-977B-1D5BAB61123F}
		{E899EABA-9DB4-4AB6-8A9D-CAE8C2D77D58} = {824EC9E6-5E03-4E12-977B-1D5BAB61123F}
		{C1164082-60E5-48ED-A97A-3A21730B976A} = {824EC9E6-5E03-4E12-977B-1D5BAB61123F}
		{8A2DBEB0-31DB-4791-A193-346C2FCEF553} = {824EC9E6-5E03-4E12-977B-1D5BAB61123F}
		{9CAAA888-5FF5-4C27-9426-694344106E3D} = {824EC9E6-5E03-4E12-977B-1D5BAB61123F}
		{E9F2CF2E-B723-414E-AC89-E8981469E4A6} = {824EC9E6-5E03-4E12-977B-1D5BAB61123F}
		{D83E7135-3A45-423C-89D1-ECC9DAB043A8} = {3463979C-C289-41B7-A989-57BA550102FA}
		{550B657F-FB09-42B8-876C-024909476963} = {D83E7135-3A45-423C-89D1-ECC9DAB043A8}
		{DEE5DFE7-B675-417B-A772-599B5A737B08} = {D83E7135-3A45-423C-89D1-ECC9DAB043A8}
		{727AEDA4-260A-46E1-9967-0F2B43B0CFA5} = {D83E7135-3A45-423C-89D1-ECC9DAB043A8}
		{50C7B0FD-CC29-40EF-8D2D-792C120B1975} = {D83E7135-3A45-423C-89D1-ECC9DAB043A8}
		{B80CF9E8-2E98-469F-92D4-718C1C967AB9} = {D83E7135-3A45-423C-89D1-ECC9DAB043A8}
		{571CEA37-E8A1-4391-974B-34C8EF231F96} = {D83E7135-3A45-423C-89D1-ECC9DAB043A8}
		{10235005-DF8F-45AA-B948-2B539140487E} = {D83E7135-3A45-423C-89D1-ECC9DAB043A8}
		{86F36425-D60D-43ED-B3B9-537180FAF81C} = {3463979C-C289-41B7-A989-57BA550102FA}
		{A9D3CB00-D160-45BE-B2FF-90B3FF460F19} = {86F36425-D60D-43ED-B3B9-537180FAF81C}
		{2B4DF8D0-1064-49CC-8DBD-E8C2EFA7825C} = {86F36425-D60D-43ED-B3B9-537180FAF81C}
		{66E6DD5E-2F5C-4A66-BD4D-B8B74DF787A1} = {86F36425-D60D-43ED-B3B9-537180FAF81C}
		{C1D71F56-12C4-481B-8FDA-31C5031BDAFC} = {86F36425-D60D-43ED-B3B9-537180FAF81C}
		{BAE02FDB-B959-49AD-9BB4-5A4F134E86BF} = {86F36425-D60D-43ED-B3B9-537180FAF81C}
		{CD4B44A7-2547-4DF2-ACC1-8697B8B70E7F} = {86F36425-D60D-43ED-B3B9-537180FAF81C}
		{9C439D54-81E7-4F2E-A4F1-0CD4DD344816} = {86F36425-D60D-43ED-B3B9-537180FAF81C}
		{18A4C62C-003F-44C8-8546-5F69EFD592AF} = {86F36425-D60D-43ED-B3B9-537180FAF81C}
		{B2E63F77-F0B1-4DDC-B611-BAB1AF6C1260} = {86F36425-D60D-43ED-B3B9-537180FAF81C}
		{90A214B1-6B0E-41E6-A8AC-CFC3DFBC166E} = {86F36425-D60D-43ED-B3B9-537180FAF81C}
		{100E90AD-EB78-4A68-9180-607C24D9BABB} = {86F36425-D60D-43ED-B3B9-537180FAF81C}
		{3E5AED71-4855-415E-9775-49BCFFD5D3FC} = {3463979C-C289-41B7-A989-57BA550102FA}
		{EE104F61-1F14-4548-AEAC-30C53BA71555} = {3E5AED71-4855-415E-9775-49BCFFD5D3FC}
		{FF9637C0-3212-450B-A908-CA8B86877E4D} = {3E5AED71-4855-415E-9775-49BCFFD5D3FC}
		{487547E0-04FB-407F-9049-C3CF7ED04628} = {3E5AED71-4855-415E-9775-49BCFFD5D3FC}
		{BACE5910-9E15-4217-9F0F-79F95090BEA1} = {3E5AED71-4855-415E-9775-49BCFFD5D3FC}
		{7F4A3062-1264-402B-A29C-CE8704E94DA5} = {3E5AED71-4855-415E-9775-49BCFFD5D3FC}
		{C7B486A4-7924-49A0-8668-1F6F14222BA0} = {3E5AED71-4855-415E-9775-49BCFFD5D3FC}
		{1DA75EF0-DD81-49CB-9B1B-D411BA5291DB} = {3E5AED71-4855-415E-9775-49BCFFD5D3FC}
		{75D2D6F3-188E-4FCF-8FF9-7DADFB372890} = {3463979C-C289-41B7-A989-57BA550102FA}
		{7E4CC899-8679-4E16-801E-6F7195B1B264} = {75D2D6F3-188E-4FCF-8FF9-7DADFB372890}
		{B493787F-0131-4942-9D26-A1C5A0765373} = {75D2D6F3-188E-4FCF-8FF9-7DADFB372890}
		{52660D1D-4DFD-4FB1-9E99-E59866E1AE85} = {75D2D6F3-188E-4FCF-8FF9-7DADFB372890}
		{F0005537-2924-4944-9E5C-6A247DE662F1} = {75D2D6F3-188E-4FCF-8FF9-7DADFB372890}
		{9753C948-BAD8-4053-8D59-6C4EAAC29F2F} = {75D2D6F3-188E-4FCF-8FF9-7DADFB372890}
		{C4B60B0F-A5F2-4250-A81E-2C86991F62FB} = {3463979C-C289-41B7-A989-57BA550102FA}
		{C383ED40-5649-47B9-B9C7-EC9084AF81A7} = {C4B60B0F-A5F2-4250-A81E-2C86991F62FB}
		{9F356B20-0BEB-4238-A613-B010A30DBAF7} = {C4B60B0F-A5F2-4250-A81E-2C86991F62FB}
		{2A77E958-3F30-4749-B14C-C2E0BE0F1C58} = {C4B60B0F-A5F2-4250-A81E-2C86991F62FB}
		{621025D2-D6A9-4599-AE4E-3D7238E6E9C7} = {C4B60B0F-A5F2-4250-A81E-2C86991F62FB}
		{F6EFC360-5E37-4677-A20D-5C7D72C5C7BF} = {3463979C-C289-41B7-A989-57BA550102FA}
		{C6F107F9-8487-4380-975D-657AD1323EA9} = {F6EFC360-5E37-4677-A20D-5C7D72C5C7BF}
		{00C0E9B9-7692-4967-9E55-906F1F16DB58} = {F6EFC360-5E37-4677-A20D-5C7D72C5C7BF}
		{ED667558-8366-4A3A-9696-743E6D51416C} = {F6EFC360-5E37-4677-A20D-5C7D72C5C7BF}
		{A391B8C9-30DA-4E7B-B3AC-72E16756780F} = {F6EFC360-5E37-4677-A20D-5C7D72C5C7BF}
		{57BAAD47-02AC-42D2-AE50-D0EFD464E328} = {3463979C-C289-41B7-A989-57BA550102FA}
		{1DF56095-FA90-4477-8906-540EB4582E23} = {57BAAD47-02AC-42D2-AE50-D0EFD464E328}
		{6C60A926-9019-4ADE-95B8-6E693C3CD573} = {57BAAD47-02AC-42D2-AE50-D0EFD464E328}
		{6F7A4A59-3303-428A-93BA-BF1A5AFB8676} = {57BAAD47-02AC-42D2-AE50-D0EFD464E328}
		{6016AC08-AB60-4A50-9E19-E66C3F7419CE} = {4AC7152A-F6C8-44BA-B664-2E272B121DA2}
		{D7DEE40B-21FF-4CF1-A22C-3281449C5485} = {6016AC08-AB60-4A50-9E19-E66C3F7419CE}
		{B7557263-F82B-4125-B3A5-F43886AD67DA} = {6016AC08-AB60-4A50-9E19-E66C3F7419CE}
		{E52A609C-E94B-449E-AE43-9F2D7A968D9B} = {C4B60B0F-A5F2-4250-A81E-2C86991F62FB}
		{51B15190-C234-4E65-8748-CD52CEEEEC41} = {C4B60B0F-A5F2-4250-A81E-2C86991F62FB}
		{1F3BC78C-683C-4CD0-B782-5B4BC18A7BB9} = {C4B60B0F-A5F2-4250-A81E-2C86991F62FB}
		{38FF3BA3-682E-4C61-8C1F-5625056AD2C6} = {C4B60B0F-A5F2-4250-A81E-2C86991F62FB}
		{8AE4B5ED-97F6-4E77-BA24-5679C3B2D6F9} = {C4B60B0F-A5F2-4250-A81E-2C86991F62FB}
		{8144566B-55BF-4286-A99C-3578CCC8B6F5} = {C4B60B0F-A5F2-4250-A81E-2C86991F62FB}
		{0B0DD08D-2C9E-4977-A781-0B2AC646B4B0} = {6016AC08-AB60-4A50-9E19-E66C3F7419CE}
		{AA5EE358-5BAA-411F-99BF-24F48AB87477} = {6016AC08-AB60-4A50-9E19-E66C3F7419CE}
		{BE53D215-153D-4D19-AD8A-3446BE794E6B} = {6016AC08-AB60-4A50-9E19-E66C3F7419CE}
		{2984C05A-434B-4705-AAB3-A56BB99EBB47} = {6016AC08-AB60-4A50-9E19-E66C3F7419CE}
		{DFA67B0A-27BF-45C3-901B-FD7336E29204} = {6016AC08-AB60-4A50-9E19-E66C3F7419CE}
		{85827842-4D84-4C14-8390-210602FAE53E} = {4AC7152A-F6C8-44BA-B664-2E272B121DA2}
		{B818A1C3-1F31-4951-AE8D-0453EA726C7A} = {4AC7152A-F6C8-44BA-B664-2E272B121DA2}
		{28C0DFB3-90E2-4080-AA42-9CB85384E1F6} = {4AC7152A-F6C8-44BA-B664-2E272B121DA2}
		{F4772F0F-6A9E-4DBE-9E0D-FE384D59F790} = {4AC7152A-F6C8-44BA-B664-2E272B121DA2}
		{A2A69188-AE06-4C83-9631-821F2FFCB7C3} = {4AC7152A-F6C8-44BA-B664-2E272B121DA2}
		{091F2F12-E5E6-43FB-AA35-4BD7FCEC4A19} = {C4B60B0F-A5F2-4250-A81E-2C86991F62FB}
		{78AAEBE3-0CB2-49D9-A455-9A1EE3410147} = {C4B60B0F-A5F2-4250-A81E-2C86991F62FB}
		{7AFF3C58-438E-4040-8876-4416FBF7F3BB} = {78AAEBE3-0CB2-49D9-A455-9A1EE3410147}
		{FA5F90AA-2E25-4F0D-BAB0-68A7FA279B65} = {78AAEBE3-0CB2-49D9-A455-9A1EE3410147}
		{D69E34D4-4DD0-48E4-8DB6-5E2DB0A805B4} = {78AAEBE3-0CB2-49D9-A455-9A1EE3410147}
		{68C8B6C7-0EC2-4123-AAA8-BB4277384C71} = {78AAEBE3-0CB2-49D9-A455-9A1EE3410147}
		{D9AD178D-E3AB-4015-96EE-15157AB5F321} = {16663CAD-0B7D-4F7F-A1A1-B47AB601B5D4}
		{16663CAD-0B7D-4F7F-A1A1-B47AB601B5D4} = {75D2D6F3-188E-4FCF-8FF9-7DADFB372890}
		{51B8D4D6-0399-4D39-8795-A729942421C7} = {16663CAD-0B7D-4F7F-A1A1-B47AB601B5D4}
		{221339F4-F201-44A7-BF19-3C48D876DDB4} = {16663CAD-0B7D-4F7F-A1A1-B47AB601B5D4}
		{35760FB6-6A9B-4345-9B94-71FD2AC439B9} = {16663CAD-0B7D-4F7F-A1A1-B47AB601B5D4}
		{3C8FD191-614A-4C24-805E-67FF8BD95710} = {16663CAD-0B7D-4F7F-A1A1-B47AB601B5D4}
		{263F998A-8370-484B-9BE1-41BD503D75CC} = {85827842-4D84-4C14-8390-210602FAE53E}
		{6753A435-E280-4CA1-86A9-2BDA7E064796} = {85827842-4D84-4C14-8390-210602FAE53E}
		{CE63BB3E-6C24-4DF6-A9E8-68474676B027} = {85827842-4D84-4C14-8390-210602FAE53E}
		{BE2C3F37-0D07-4F07-9A45-1A51A294A90F} = {85827842-4D84-4C14-8390-210602FAE53E}
		{66CBF171-F2BA-48EF-88A7-24925F7FFCAE} = {85827842-4D84-4C14-8390-210602FAE53E}
		{EB4F4E30-91BD-48CB-A2AD-0D83803AA535} = {B818A1C3-1F31-4951-AE8D-0453EA726C7A}
		{18ABB933-A29F-48BA-87EF-66846980B844} = {B818A1C3-1F31-4951-AE8D-0453EA726C7A}
		{911C4FA9-CB73-4614-9687-991F7C71B851} = {B818A1C3-1F31-4951-AE8D-0453EA726C7A}
		{15101E0E-6B1E-4F7B-9A9A-F5E7713BCC5D} = {28C0DFB3-90E2-4080-AA42-9CB85384E1F6}
	EndGlobalSection
	GlobalSection(ExtensibilityGlobals) = postSolution
		SolutionGuid = {FCFFA8A1-82C4-47E9-AEFE-F606904AEE24}
	EndGlobalSection
EndGlobal
