
Microsoft Visual Studio Solution File, Format Version 12.00
# Visual Studio Version 17
VisualStudioVersion = 17.8.34511.84
MinimumVisualStudioVersion = 10.0.40219.1
Project("{2150E333-8FDC-42A3-9474-1A3956D46DE8}") = "Basics", "Basics", "{FDF0E7D2-D499-4E4C-9E6F-46B8BF9C6BB9}"
EndProject
Project("{2150E333-8FDC-42A3-9474-1A3956D46DE8}") = "01.FirstSteps", "01.FirstSteps", "{CAB963CF-1C6A-4C05-93F3-7C8413617E81}"
EndProject
Project("{9A19103F-16F7-4668-BE54-9A1E7A4F7556}") = "01. Hello SoftUni", "01. Hello SoftUni\01. Hello SoftUni.csproj", "{9A0CA7DF-C941-49FE-BD6D-B7338BB2044D}"
EndProject
Project("{9A19103F-16F7-4668-BE54-9A1E7A4F7556}") = "02.Nums 1-10", "02.Nums 1-10\02.Nums 1-10.csproj", "{5C62729C-DD2C-4D8A-BE66-2FEF82B701C7}"
EndProject
Project("{9A19103F-16F7-4668-BE54-9A1E7A4F7556}") = "03. Rectangle Area", "03. Rectangle Area\03. Rectangle Area.csproj", "{298C6E9E-E729-4F0F-89E5-D7EB4997677F}"
EndProject
Project("{9A19103F-16F7-4668-BE54-9A1E7A4F7556}") = "04. Inches to Centimeters", "04. Inches to Centimeters\04. Inches to Centimeters.csproj", "{254D2EE8-81E0-4BEE-932C-7C0551F768D9}"
EndProject
Project("{9A19103F-16F7-4668-BE54-9A1E7A4F7556}") = "05. Greeting by Name", "05. Greeting by Name\05. Greeting by Name.csproj", "{CBDB7D79-9E99-4D46-907D-6AC44FEB68B8}"
EndProject
Project("{9A19103F-16F7-4668-BE54-9A1E7A4F7556}") = "06. Concatenate Data", "06. Concatenate Data\06. Concatenate Data.csproj", "{6D42DC6B-BEED-401A-854D-7AD8DDDBF1F0}"
EndProject
Project("{9A19103F-16F7-4668-BE54-9A1E7A4F7556}") = "07. Projects Creation", "07. Projects Creation\07. Projects Creation.csproj", "{1D76E77E-5048-48FA-A615-725E73D05527}"
EndProject
Project("{9A19103F-16F7-4668-BE54-9A1E7A4F7556}") = "08. Pet Shop", "08. Pet Shop\08. Pet Shop.csproj", "{B87E09E4-C18D-4E33-AA55-64BA4B9FF899}"
EndProject
Project("{9A19103F-16F7-4668-BE54-9A1E7A4F7556}") = "09. Yard Greening", "09. Yard Greening\09. Yard Greening.csproj", "{88D7AE99-4B35-480A-9F78-251017D15B69}"
EndProject
Project("{2150E333-8FDC-42A3-9474-1A3956D46DE8}") = "02.ConditionalStatements", "02.ConditionalStatements", "{B38E942F-F506-4146-9B3D-DBB547B4C69D}"
EndProject
Project("{9A19103F-16F7-4668-BE54-9A1E7A4F7556}") = "01. Excellent Result", "01. Excellent Result\01. Excellent Result.csproj", "{9D8D53D3-D0DB-4B58-BCFC-5F6F16B82F42}"
EndProject
Project("{9A19103F-16F7-4668-BE54-9A1E7A4F7556}") = "02. Greater Number", "02. Greater Number\02. Greater Number.csproj", "{6D6032DB-F082-44A7-8976-AECED4029700}"
EndProject
Project("{9A19103F-16F7-4668-BE54-9A1E7A4F7556}") = "03. Even or Odd", "03. Even or Odd\03. Even or Odd.csproj", "{64ADD759-12AA-419F-B5C7-DCB7B51CBF46}"
EndProject
Project("{FAE04EC0-301F-11D3-BF4B-00C04F79EFBC}") = "04. Password Guess", "04. Password Guess\04. Password Guess.csproj", "{96564204-B285-4ED7-A742-B6663637E7B2}"
EndProject
Project("{FAE04EC0-301F-11D3-BF4B-00C04F79EFBC}") = "06. Speed Info", "06. Speed Info\06. Speed Info.csproj", "{B6ADE4F5-4D9F-47D9-BC82-22E456778B0C}"
EndProject
Project("{FAE04EC0-301F-11D3-BF4B-00C04F79EFBC}") = "07. Area of Figures", "07. Area of Figures\07. Area of Figures.csproj", "{553DD53F-A8AE-4DE0-ADAA-2954B99CF1FB}"
EndProject
Project("{2150E333-8FDC-42A3-9474-1A3956D46DE8}") = "03.ConditionalStatementsAdvanced", "03.ConditionalStatementsAdvanced", "{7DAAC3AF-CD16-47F6-B864-2CA498ABB591}"
EndProject
Project("{FAE04EC0-301F-11D3-BF4B-00C04F79EFBC}") = "01. Day of Week", "01. Day of Week\01. Day of Week.csproj", "{3385F32C-0C0C-4B12-9BF6-35EB17D7F693}"
EndProject
Global
	GlobalSection(SolutionConfigurationPlatforms) = preSolution
		Debug|Any CPU = Debug|Any CPU
		Release|Any CPU = Release|Any CPU
	EndGlobalSection
	GlobalSection(ProjectConfigurationPlatforms) = postSolution
		{9A0CA7DF-C941-49FE-BD6D-B7338BB2044D}.Debug|Any CPU.ActiveCfg = Debug|Any CPU
		{9A0CA7DF-C941-49FE-BD6D-B7338BB2044D}.Debug|Any CPU.Build.0 = Debug|Any CPU
		{9A0CA7DF-C941-49FE-BD6D-B7338BB2044D}.Release|Any CPU.ActiveCfg = Release|Any CPU
		{9A0CA7DF-C941-49FE-BD6D-B7338BB2044D}.Release|Any CPU.Build.0 = Release|Any CPU
		{5C62729C-DD2C-4D8A-BE66-2FEF82B701C7}.Debug|Any CPU.ActiveCfg = Debug|Any CPU
		{5C62729C-DD2C-4D8A-BE66-2FEF82B701C7}.Debug|Any CPU.Build.0 = Debug|Any CPU
		{5C62729C-DD2C-4D8A-BE66-2FEF82B701C7}.Release|Any CPU.ActiveCfg = Release|Any CPU
		{5C62729C-DD2C-4D8A-BE66-2FEF82B701C7}.Release|Any CPU.Build.0 = Release|Any CPU
		{298C6E9E-E729-4F0F-89E5-D7EB4997677F}.Debug|Any CPU.ActiveCfg = Debug|Any CPU
		{298C6E9E-E729-4F0F-89E5-D7EB4997677F}.Debug|Any CPU.Build.0 = Debug|Any CPU
		{298C6E9E-E729-4F0F-89E5-D7EB4997677F}.Release|Any CPU.ActiveCfg = Release|Any CPU
		{298C6E9E-E729-4F0F-89E5-D7EB4997677F}.Release|Any CPU.Build.0 = Release|Any CPU
		{254D2EE8-81E0-4BEE-932C-7C0551F768D9}.Debug|Any CPU.ActiveCfg = Debug|Any CPU
		{254D2EE8-81E0-4BEE-932C-7C0551F768D9}.Debug|Any CPU.Build.0 = Debug|Any CPU
		{254D2EE8-81E0-4BEE-932C-7C0551F768D9}.Release|Any CPU.ActiveCfg = Release|Any CPU
		{254D2EE8-81E0-4BEE-932C-7C0551F768D9}.Release|Any CPU.Build.0 = Release|Any CPU
		{CBDB7D79-9E99-4D46-907D-6AC44FEB68B8}.Debug|Any CPU.ActiveCfg = Debug|Any CPU
		{CBDB7D79-9E99-4D46-907D-6AC44FEB68B8}.Debug|Any CPU.Build.0 = Debug|Any CPU
		{CBDB7D79-9E99-4D46-907D-6AC44FEB68B8}.Release|Any CPU.ActiveCfg = Release|Any CPU
		{CBDB7D79-9E99-4D46-907D-6AC44FEB68B8}.Release|Any CPU.Build.0 = Release|Any CPU
		{6D42DC6B-BEED-401A-854D-7AD8DDDBF1F0}.Debug|Any CPU.ActiveCfg = Debug|Any CPU
		{6D42DC6B-BEED-401A-854D-7AD8DDDBF1F0}.Debug|Any CPU.Build.0 = Debug|Any CPU
		{6D42DC6B-BEED-401A-854D-7AD8DDDBF1F0}.Release|Any CPU.ActiveCfg = Release|Any CPU
		{6D42DC6B-BEED-401A-854D-7AD8DDDBF1F0}.Release|Any CPU.Build.0 = Release|Any CPU
		{1D76E77E-5048-48FA-A615-725E73D05527}.Debug|Any CPU.ActiveCfg = Debug|Any CPU
		{1D76E77E-5048-48FA-A615-725E73D05527}.Debug|Any CPU.Build.0 = Debug|Any CPU
		{1D76E77E-5048-48FA-A615-725E73D05527}.Release|Any CPU.ActiveCfg = Release|Any CPU
		{1D76E77E-5048-48FA-A615-725E73D05527}.Release|Any CPU.Build.0 = Release|Any CPU
		{B87E09E4-C18D-4E33-AA55-64BA4B9FF899}.Debug|Any CPU.ActiveCfg = Debug|Any CPU
		{B87E09E4-C18D-4E33-AA55-64BA4B9FF899}.Debug|Any CPU.Build.0 = Debug|Any CPU
		{B87E09E4-C18D-4E33-AA55-64BA4B9FF899}.Release|Any CPU.ActiveCfg = Release|Any CPU
		{B87E09E4-C18D-4E33-AA55-64BA4B9FF899}.Release|Any CPU.Build.0 = Release|Any CPU
		{88D7AE99-4B35-480A-9F78-251017D15B69}.Debug|Any CPU.ActiveCfg = Debug|Any CPU
		{88D7AE99-4B35-480A-9F78-251017D15B69}.Debug|Any CPU.Build.0 = Debug|Any CPU
		{88D7AE99-4B35-480A-9F78-251017D15B69}.Release|Any CPU.ActiveCfg = Release|Any CPU
		{88D7AE99-4B35-480A-9F78-251017D15B69}.Release|Any CPU.Build.0 = Release|Any CPU
		{9D8D53D3-D0DB-4B58-BCFC-5F6F16B82F42}.Debug|Any CPU.ActiveCfg = Debug|Any CPU
		{9D8D53D3-D0DB-4B58-BCFC-5F6F16B82F42}.Debug|Any CPU.Build.0 = Debug|Any CPU
		{9D8D53D3-D0DB-4B58-BCFC-5F6F16B82F42}.Release|Any CPU.ActiveCfg = Release|Any CPU
		{9D8D53D3-D0DB-4B58-BCFC-5F6F16B82F42}.Release|Any CPU.Build.0 = Release|Any CPU
		{6D6032DB-F082-44A7-8976-AECED4029700}.Debug|Any CPU.ActiveCfg = Debug|Any CPU
		{6D6032DB-F082-44A7-8976-AECED4029700}.Debug|Any CPU.Build.0 = Debug|Any CPU
		{6D6032DB-F082-44A7-8976-AECED4029700}.Release|Any CPU.ActiveCfg = Release|Any CPU
		{6D6032DB-F082-44A7-8976-AECED4029700}.Release|Any CPU.Build.0 = Release|Any CPU
		{64ADD759-12AA-419F-B5C7-DCB7B51CBF46}.Debug|Any CPU.ActiveCfg = Debug|Any CPU
		{64ADD759-12AA-419F-B5C7-DCB7B51CBF46}.Debug|Any CPU.Build.0 = Debug|Any CPU
		{64ADD759-12AA-419F-B5C7-DCB7B51CBF46}.Release|Any CPU.ActiveCfg = Release|Any CPU
		{64ADD759-12AA-419F-B5C7-DCB7B51CBF46}.Release|Any CPU.Build.0 = Release|Any CPU
		{96564204-B285-4ED7-A742-B6663637E7B2}.Debug|Any CPU.ActiveCfg = Debug|Any CPU
		{96564204-B285-4ED7-A742-B6663637E7B2}.Debug|Any CPU.Build.0 = Debug|Any CPU
		{96564204-B285-4ED7-A742-B6663637E7B2}.Release|Any CPU.ActiveCfg = Release|Any CPU
		{96564204-B285-4ED7-A742-B6663637E7B2}.Release|Any CPU.Build.0 = Release|Any CPU
		{B6ADE4F5-4D9F-47D9-BC82-22E456778B0C}.Debug|Any CPU.ActiveCfg = Debug|Any CPU
		{B6ADE4F5-4D9F-47D9-BC82-22E456778B0C}.Debug|Any CPU.Build.0 = Debug|Any CPU
		{B6ADE4F5-4D9F-47D9-BC82-22E456778B0C}.Release|Any CPU.ActiveCfg = Release|Any CPU
		{B6ADE4F5-4D9F-47D9-BC82-22E456778B0C}.Release|Any CPU.Build.0 = Release|Any CPU
		{553DD53F-A8AE-4DE0-ADAA-2954B99CF1FB}.Debug|Any CPU.ActiveCfg = Debug|Any CPU
		{553DD53F-A8AE-4DE0-ADAA-2954B99CF1FB}.Debug|Any CPU.Build.0 = Debug|Any CPU
		{553DD53F-A8AE-4DE0-ADAA-2954B99CF1FB}.Release|Any CPU.ActiveCfg = Release|Any CPU
		{553DD53F-A8AE-4DE0-ADAA-2954B99CF1FB}.Release|Any CPU.Build.0 = Release|Any CPU
		{3385F32C-0C0C-4B12-9BF6-35EB17D7F693}.Debug|Any CPU.ActiveCfg = Debug|Any CPU
		{3385F32C-0C0C-4B12-9BF6-35EB17D7F693}.Debug|Any CPU.Build.0 = Debug|Any CPU
		{3385F32C-0C0C-4B12-9BF6-35EB17D7F693}.Release|Any CPU.ActiveCfg = Release|Any CPU
		{3385F32C-0C0C-4B12-9BF6-35EB17D7F693}.Release|Any CPU.Build.0 = Release|Any CPU
	EndGlobalSection
	GlobalSection(SolutionProperties) = preSolution
		HideSolutionNode = FALSE
	EndGlobalSection
	GlobalSection(NestedProjects) = preSolution
		{CAB963CF-1C6A-4C05-93F3-7C8413617E81} = {FDF0E7D2-D499-4E4C-9E6F-46B8BF9C6BB9}
		{9A0CA7DF-C941-49FE-BD6D-B7338BB2044D} = {CAB963CF-1C6A-4C05-93F3-7C8413617E81}
		{5C62729C-DD2C-4D8A-BE66-2FEF82B701C7} = {CAB963CF-1C6A-4C05-93F3-7C8413617E81}
		{298C6E9E-E729-4F0F-89E5-D7EB4997677F} = {CAB963CF-1C6A-4C05-93F3-7C8413617E81}
		{254D2EE8-81E0-4BEE-932C-7C0551F768D9} = {CAB963CF-1C6A-4C05-93F3-7C8413617E81}
		{CBDB7D79-9E99-4D46-907D-6AC44FEB68B8} = {CAB963CF-1C6A-4C05-93F3-7C8413617E81}
		{6D42DC6B-BEED-401A-854D-7AD8DDDBF1F0} = {CAB963CF-1C6A-4C05-93F3-7C8413617E81}
		{1D76E77E-5048-48FA-A615-725E73D05527} = {CAB963CF-1C6A-4C05-93F3-7C8413617E81}
		{B87E09E4-C18D-4E33-AA55-64BA4B9FF899} = {CAB963CF-1C6A-4C05-93F3-7C8413617E81}
		{88D7AE99-4B35-480A-9F78-251017D15B69} = {CAB963CF-1C6A-4C05-93F3-7C8413617E81}
		{B38E942F-F506-4146-9B3D-DBB547B4C69D} = {FDF0E7D2-D499-4E4C-9E6F-46B8BF9C6BB9}
		{9D8D53D3-D0DB-4B58-BCFC-5F6F16B82F42} = {B38E942F-F506-4146-9B3D-DBB547B4C69D}
		{6D6032DB-F082-44A7-8976-AECED4029700} = {B38E942F-F506-4146-9B3D-DBB547B4C69D}
		{64ADD759-12AA-419F-B5C7-DCB7B51CBF46} = {B38E942F-F506-4146-9B3D-DBB547B4C69D}
		{96564204-B285-4ED7-A742-B6663637E7B2} = {B38E942F-F506-4146-9B3D-DBB547B4C69D}
		{B6ADE4F5-4D9F-47D9-BC82-22E456778B0C} = {B38E942F-F506-4146-9B3D-DBB547B4C69D}
		{553DD53F-A8AE-4DE0-ADAA-2954B99CF1FB} = {B38E942F-F506-4146-9B3D-DBB547B4C69D}
		{7DAAC3AF-CD16-47F6-B864-2CA498ABB591} = {FDF0E7D2-D499-4E4C-9E6F-46B8BF9C6BB9}
		{3385F32C-0C0C-4B12-9BF6-35EB17D7F693} = {7DAAC3AF-CD16-47F6-B864-2CA498ABB591}
	EndGlobalSection
	GlobalSection(ExtensibilityGlobals) = postSolution
		SolutionGuid = {FCFFA8A1-82C4-47E9-AEFE-F606904AEE24}
	EndGlobalSection
EndGlobal
