
Microsoft Visual Studio Solution File, Format Version 12.00
# Visual Studio Version 17
VisualStudioVersion = 17.8.34511.84
MinimumVisualStudioVersion = 10.0.40219.1
Project("{2150E333-8FDC-42A3-9474-1A3956D46DE8}") = "Basics", "Basics", "{FDF0E7D2-D499-4E4C-9E6F-46B8BF9C6BB9}"
EndProject
Project("{2150E333-8FDC-42A3-9474-1A3956D46DE8}") = "01.FirstSteps", "01.FirstSteps", "{CAB963CF-1C6A-4C05-93F3-7C8413617E81}"
EndProject
Project("{9A19103F-16F7-4668-BE54-9A1E7A4F7556}") = "01. Hello SoftUni", "01. Hello SoftUni\01. Hello SoftUni.csproj", "{9A0CA7DF-C941-49FE-BD6D-B7338BB2044D}"
EndProject
Project("{9A19103F-16F7-4668-BE54-9A1E7A4F7556}") = "02.Nums 1-10", "02.Nums 1-10\02.Nums 1-10.csproj", "{5C62729C-DD2C-4D8A-BE66-2FEF82B701C7}"
EndProject
Project("{9A19103F-16F7-4668-BE54-9A1E7A4F7556}") = "03. Rectangle Area", "03. Rectangle Area\03. Rectangle Area.csproj", "{298C6E9E-E729-4F0F-89E5-D7EB4997677F}"
EndProject
Project("{9A19103F-16F7-4668-BE54-9A1E7A4F7556}") = "04. Inches to Centimeters", "04. Inches to Centimeters\04. Inches to Centimeters.csproj", "{254D2EE8-81E0-4BEE-932C-7C0551F768D9}"
EndProject
Project("{9A19103F-16F7-4668-BE54-9A1E7A4F7556}") = "05. Greeting by Name", "05. Greeting by Name\05. Greeting by Name.csproj", "{CBDB7D79-9E99-4D46-907D-6AC44FEB68B8}"
EndProject
Project("{9A19103F-16F7-4668-BE54-9A1E7A4F7556}") = "06. Concatenate Data", "06. Concatenate Data\06. Concatenate Data.csproj", "{6D42DC6B-BEED-401A-854D-7AD8DDDBF1F0}"
EndProject
Project("{9A19103F-16F7-4668-BE54-9A1E7A4F7556}") = "07. Projects Creation", "07. Projects Creation\07. Projects Creation.csproj", "{1D76E77E-5048-48FA-A615-725E73D05527}"
EndProject
Project("{9A19103F-16F7-4668-BE54-9A1E7A4F7556}") = "08. Pet Shop", "08. Pet Shop\08. Pet Shop.csproj", "{B87E09E4-C18D-4E33-AA55-64BA4B9FF899}"
EndProject
Project("{9A19103F-16F7-4668-BE54-9A1E7A4F7556}") = "09. Yard Greening", "09. Yard Greening\09. Yard Greening.csproj", "{88D7AE99-4B35-480A-9F78-251017D15B69}"
EndProject
Project("{2150E333-8FDC-42A3-9474-1A3956D46DE8}") = "02.ConditionalStatements", "02.ConditionalStatements", "{B38E942F-F506-4146-9B3D-DBB547B4C69D}"
EndProject
Project("{9A19103F-16F7-4668-BE54-9A1E7A4F7556}") = "01. Excellent Result", "01. Excellent Result\01. Excellent Result.csproj", "{9D8D53D3-D0DB-4B58-BCFC-5F6F16B82F42}"
EndProject
Project("{9A19103F-16F7-4668-BE54-9A1E7A4F7556}") = "02. Greater Number", "02. Greater Number\02. Greater Number.csproj", "{6D6032DB-F082-44A7-8976-AECED4029700}"
EndProject
Project("{9A19103F-16F7-4668-BE54-9A1E7A4F7556}") = "03. Even or Odd", "03. Even or Odd\03. Even or Odd.csproj", "{64ADD759-12AA-419F-B5C7-DCB7B51CBF46}"
EndProject
Project("{FAE04EC0-301F-11D3-BF4B-00C04F79EFBC}") = "04. Password Guess", "04. Password Guess\04. Password Guess.csproj", "{96564204-B285-4ED7-A742-B6663637E7B2}"
EndProject
Project("{FAE04EC0-301F-11D3-BF4B-00C04F79EFBC}") = "06. Speed Info", "06. Speed Info\06. Speed Info.csproj", "{B6ADE4F5-4D9F-47D9-BC82-22E456778B0C}"
EndProject
Project("{FAE04EC0-301F-11D3-BF4B-00C04F79EFBC}") = "07. Area of Figures", "07. Area of Figures\07. Area of Figures.csproj", "{553DD53F-A8AE-4DE0-ADAA-2954B99CF1FB}"
EndProject
Project("{2150E333-8FDC-42A3-9474-1A3956D46DE8}") = "03.ConditionalStatementsAdvanced", "03.ConditionalStatementsAdvanced", "{7DAAC3AF-CD16-47F6-B864-2CA498ABB591}"
EndProject
Project("{FAE04EC0-301F-11D3-BF4B-00C04F79EFBC}") = "01. Day of Week", "01. Day of Week\01. Day of Week.csproj", "{3385F32C-0C0C-4B12-9BF6-35EB17D7F693}"
EndProject
Project("{FAE04EC0-301F-11D3-BF4B-00C04F79EFBC}") = "02. Weekend or Working Day", "02. Weekend or Working Day\02. Weekend or Working Day.csproj", "{72E0596C-F88F-422C-9838-5F367168A1C5}"
EndProject
Project("{FAE04EC0-301F-11D3-BF4B-00C04F79EFBC}") = "03. Animal Type", "03. Animal Type\03. Animal Type.csproj", "{4307831B-3D21-415F-93C8-8EAEC0D5954A}"
EndProject
Project("{FAE04EC0-301F-11D3-BF4B-00C04F79EFBC}") = "04. Invalid Number", "10. Invalid Number\04. Invalid Number.csproj", "{B28A0567-73AD-4C15-962D-0572F1DAC0FF}"
EndProject
Project("{FAE04EC0-301F-11D3-BF4B-00C04F79EFBC}") = "05. Cinema", "05. Cinema\05. Cinema.csproj", "{428D4097-5C2D-4E5E-A1C8-87D26E1006E8}"
EndProject
Project("{FAE04EC0-301F-11D3-BF4B-00C04F79EFBC}") = "06. Summer Outfit", "06. Summer Outfit\06. Summer Outfit.csproj", "{A1D7E047-20ED-480D-A842-B58DE9F3CA23}"
EndProject
Project("{FAE04EC0-301F-11D3-BF4B-00C04F79EFBC}") = "07. New House", "07. New House\07. New House.csproj", "{33432DEB-435D-403C-B9BD-8594E0206F4B}"
EndProject
Project("{FAE04EC0-301F-11D3-BF4B-00C04F79EFBC}") = "08. Fishing Boat", "08. Fishing Boat\08. Fishing Boat.csproj", "{DAF77A2D-7EB2-4A0C-B7C3-D9BBAAEE4866}"
EndProject
Project("{FAE04EC0-301F-11D3-BF4B-00C04F79EFBC}") = "09. Journey", "09. Journey\09. Journey.csproj", "{BD48E0D9-82C8-4FB8-8FFE-D7944C0084C4}"
EndProject
Project("{FAE04EC0-301F-11D3-BF4B-00C04F79EFBC}") = "10. Ski Trip", "10. Ski Trip\10. Ski Trip.csproj", "{F9EAE552-BDBA-4153-913C-EBA86E5174B9}"
EndProject
Project("{2150E333-8FDC-42A3-9474-1A3956D46DE8}") = "04.ForLoop", "04.ForLoop", "{1D2B9BDD-0751-4CA2-833B-66D1977C7C20}"
EndProject
Project("{FAE04EC0-301F-11D3-BF4B-00C04F79EFBC}") = "01. Numbers from 1 to 100", "01. Numbers from 1 to 100\01. Numbers from 1 to 100.csproj", "{EC5C9052-423C-48EF-8A03-A88C18CB6044}"
EndProject
Project("{FAE04EC0-301F-11D3-BF4B-00C04F79EFBC}") = "02. Numbers Nto1", "02. Numbers Nto1\02. Numbers Nto1.csproj", "{6B50AA6B-1993-487B-A0C2-21073239F1A9}"
EndProject
Project("{FAE04EC0-301F-11D3-BF4B-00C04F79EFBC}") = "03. Numbers 1toN with Step 3", "03. Numbers 1toN with Step 3\03. Numbers 1toN with Step 3.csproj", "{B68B2473-79DF-4B88-B3B5-8413CE570E16}"
EndProject
Project("{FAE04EC0-301F-11D3-BF4B-00C04F79EFBC}") = "04. Even Powers of 2", "04. Even Powers of 2\04. Even Powers of 2.csproj", "{3C73FDAB-609E-4296-8C1B-48FAB586AEFD}"
EndProject
Project("{FAE04EC0-301F-11D3-BF4B-00C04F79EFBC}") = "05. Character Sequence", "05. Character Sequence\05. Character Sequence.csproj", "{942165EC-CF28-4E5E-89A1-569F38F2676E}"
EndProject
Project("{FAE04EC0-301F-11D3-BF4B-00C04F79EFBC}") = "06. Vowels Sum", "06. Vowels Sum\06. Vowels Sum.csproj", "{D198AF72-8276-474A-98B4-261FF41244C7}"
EndProject
Project("{FAE04EC0-301F-11D3-BF4B-00C04F79EFBC}") = "07. Sum Numbers", "07. Sum Numbers\07. Sum Numbers.csproj", "{5C170929-1265-4ED9-AE89-8CBD5EC77AFB}"
EndProject
Project("{FAE04EC0-301F-11D3-BF4B-00C04F79EFBC}") = "08. Number sequence", "08. Number sequence\08. Number sequence.csproj", "{EE4F7C1A-56DF-4C8A-BC5D-4783DE72BA08}"
EndProject
Project("{FAE04EC0-301F-11D3-BF4B-00C04F79EFBC}") = "09. Left and Right Sum", "09. Left and Right Sum\09. Left and Right Sum.csproj", "{E3C70884-95BA-4B1A-94B2-6CCE0180BD48}"
EndProject
Project("{FAE04EC0-301F-11D3-BF4B-00C04F79EFBC}") = "10. Odd Even Sum", "10. Odd Even Sum\10. Odd Even Sum.csproj", "{5708591E-0DDE-44B3-82F5-D743857A4BBD}"
EndProject
Project("{2150E333-8FDC-42A3-9474-1A3956D46DE8}") = "05.WhileLoop", "05.WhileLoop", "{4B2BDCE4-7076-4F30-9C03-AF9003FAB8C0}"
EndProject
Project("{FAE04EC0-301F-11D3-BF4B-00C04F79EFBC}") = "01. Read Text", "01. Read Text\01. Read Text.csproj", "{681DE6E4-A4CB-4B5C-A6F3-98C1ACF76950}"
EndProject
Project("{FAE04EC0-301F-11D3-BF4B-00C04F79EFBC}") = "02. Password", "02. Password\02. Password.csproj", "{809039E4-F6FB-4D6F-9556-125D64DD337E}"
EndProject
Project("{FAE04EC0-301F-11D3-BF4B-00C04F79EFBC}") = "03. Sum Numbers", "03. Sum Numbers\03. Sum Numbers.csproj", "{3892B80B-AAC4-4134-9319-1B0341D08E84}"
EndProject
Project("{FAE04EC0-301F-11D3-BF4B-00C04F79EFBC}") = "04. Sequence 2k+1", "04. Sequence 2k+1\04. Sequence 2k+1.csproj", "{C2145002-4980-46CD-B6BC-28571A41DEC8}"
EndProject
Project("{FAE04EC0-301F-11D3-BF4B-00C04F79EFBC}") = "05. Account Balance", "05. Account Balance\05. Account Balance.csproj", "{1F5F34AA-F005-4143-B8ED-AE254810494F}"
EndProject
Project("{FAE04EC0-301F-11D3-BF4B-00C04F79EFBC}") = "06. Max Number", "06. Max Number\06. Max Number.csproj", "{39793CB6-501C-4907-9825-15CE3A54BFD1}"
EndProject
Project("{FAE04EC0-301F-11D3-BF4B-00C04F79EFBC}") = "07. Min Number", "07. Min Number\07. Min Number.csproj", "{771FAA48-EB4E-4E5A-BC0F-EA283D6267DE}"
EndProject
Project("{FAE04EC0-301F-11D3-BF4B-00C04F79EFBC}") = "08. Graduation", "08. Graduation\08. Graduation.csproj", "{E019B7E3-19B8-41D3-BCB9-BAB36B6BFF2D}"
EndProject
Project("{2150E333-8FDC-42A3-9474-1A3956D46DE8}") = "06.NestedLoops", "06.NestedLoops", "{824EC9E6-5E03-4E12-977B-1D5BAB61123F}"
EndProject
Project("{FAE04EC0-301F-11D3-BF4B-00C04F79EFBC}") = "01. Clock", "01. Clock\01. Clock.csproj", "{523ECA9F-81E8-4A4A-9259-B8947C62484D}"
EndProject
Project("{FAE04EC0-301F-11D3-BF4B-00C04F79EFBC}") = "02. Multiplication Table", "02. Multiplication Table\02. Multiplication Table.csproj", "{E899EABA-9DB4-4AB6-8A9D-CAE8C2D77D58}"
EndProject
Project("{FAE04EC0-301F-11D3-BF4B-00C04F79EFBC}") = "03. Combinations", "03. Combinations\03. Combinations.csproj", "{C1164082-60E5-48ED-A97A-3A21730B976A}"
EndProject
Project("{FAE04EC0-301F-11D3-BF4B-00C04F79EFBC}") = "04. Sum of Two Numbers", "04. Sum of Two Numbers\04. Sum of Two Numbers.csproj", "{8A2DBEB0-31DB-4791-A193-346C2FCEF553}"
EndProject
Project("{FAE04EC0-301F-11D3-BF4B-00C04F79EFBC}") = "05. Travelling", "05. Travelling\05. Travelling.csproj", "{9CAAA888-5FF5-4C27-9426-694344106E3D}"
EndProject
Project("{FAE04EC0-301F-11D3-BF4B-00C04F79EFBC}") = "06. Building", "06. Building\06. Building.csproj", "{E9F2CF2E-B723-414E-AC89-E8981469E4A6}"
EndProject
Project("{2150E333-8FDC-42A3-9474-1A3956D46DE8}") = "Fundamentals", "Fundamentals", "{3463979C-C289-41B7-A989-57BA550102FA}"
EndProject
Project("{2150E333-8FDC-42A3-9474-1A3956D46DE8}") = "01.Arrays", "01.Arrays", "{D83E7135-3A45-423C-89D1-ECC9DAB043A8}"
EndProject
Project("{FAE04EC0-301F-11D3-BF4B-00C04F79EFBC}") = "01.Day of Week", "01.Day of Week\01.Day of Week.csproj", "{550B657F-FB09-42B8-876C-024909476963}"
EndProject
Project("{FAE04EC0-301F-11D3-BF4B-00C04F79EFBC}") = "02. Print Numbers in Reverse Order", "02. Print Numbers in Reverse Order\02. Print Numbers in Reverse Order.csproj", "{DEE5DFE7-B675-417B-A772-599B5A737B08}"
EndProject
Project("{FAE04EC0-301F-11D3-BF4B-00C04F79EFBC}") = "03. Rounding Numbers", "03. Rounding Numbers\03. Rounding Numbers.csproj", "{727AEDA4-260A-46E1-9967-0F2B43B0CFA5}"
EndProject
Project("{FAE04EC0-301F-11D3-BF4B-00C04F79EFBC}") = "04. Reverse Array of Strings", "04. Reverse Array of Strings\04. Reverse Array of Strings.csproj", "{50C7B0FD-CC29-40EF-8D2D-792C120B1975}"
EndProject
Project("{FAE04EC0-301F-11D3-BF4B-00C04F79EFBC}") = "05. Sum Even Numbers", "05. Sum Even Numbers\05. Sum Even Numbers.csproj", "{B80CF9E8-2E98-469F-92D4-718C1C967AB9}"
EndProject
Project("{FAE04EC0-301F-11D3-BF4B-00C04F79EFBC}") = "06. Even and Odd Subtraction", "06. Even and Odd Subtraction\06. Even and Odd Subtraction.csproj", "{571CEA37-E8A1-4391-974B-34C8EF231F96}"
EndProject
Project("{FAE04EC0-301F-11D3-BF4B-00C04F79EFBC}") = "07. Equal Arrays", "07. Equal Arrays\07. Equal Arrays.csproj", "{10235005-DF8F-45AA-B948-2B539140487E}"
EndProject
Project("{2150E333-8FDC-42A3-9474-1A3956D46DE8}") = "02.Methods", "02.Methods", "{86F36425-D60D-43ED-B3B9-537180FAF81C}"
EndProject
Project("{FAE04EC0-301F-11D3-BF4B-00C04F79EFBC}") = "01. Sign of Integer Numbers", "01. Sign of Integer Numbers\01. Sign of Integer Numbers.csproj", "{A9D3CB00-D160-45BE-B2FF-90B3FF460F19}"
EndProject
Project("{FAE04EC0-301F-11D3-BF4B-00C04F79EFBC}") = "02. Grades", "02. Grades\02. Grades.csproj", "{2B4DF8D0-1064-49CC-8DBD-E8C2EFA7825C}"
EndProject
Project("{FAE04EC0-301F-11D3-BF4B-00C04F79EFBC}") = "03. Calculations", "03. Calculations\03. Calculations.csproj", "{66E6DD5E-2F5C-4A66-BD4D-B8B74DF787A1}"
EndProject
Project("{FAE04EC0-301F-11D3-BF4B-00C04F79EFBC}") = "04. Printing Triangle", "04. Printing Triangle\04. Printing Triangle.csproj", "{C1D71F56-12C4-481B-8FDA-31C5031BDAFC}"
EndProject
Project("{FAE04EC0-301F-11D3-BF4B-00C04F79EFBC}") = "05. Orders", "05. Orders\05. Orders.csproj", "{BAE02FDB-B959-49AD-9BB4-5A4F134E86BF}"
EndProject
Project("{FAE04EC0-301F-11D3-BF4B-00C04F79EFBC}") = "06. Calculate Rectangle Area", "06. Calculate Rectangle Area\06. Calculate Rectangle Area.csproj", "{CD4B44A7-2547-4DF2-ACC1-8697B8B70E7F}"
EndProject
Project("{FAE04EC0-301F-11D3-BF4B-00C04F79EFBC}") = "07. Repeat String", "07. Repeat String\07. Repeat String.csproj", "{9C439D54-81E7-4F2E-A4F1-0CD4DD344816}"
EndProject
Project("{FAE04EC0-301F-11D3-BF4B-00C04F79EFBC}") = "08. Math Power", "08. Math Power\08. Math Power.csproj", "{18A4C62C-003F-44C8-8546-5F69EFD592AF}"
EndProject
Project("{FAE04EC0-301F-11D3-BF4B-00C04F79EFBC}") = "09. Greater of Two Values", "09. Greater of Two Values\09. Greater of Two Values.csproj", "{B2E63F77-F0B1-4DDC-B611-BAB1AF6C1260}"
EndProject
Project("{FAE04EC0-301F-11D3-BF4B-00C04F79EFBC}") = "10. Multiply Evens by Odds", "10. Multiply Evens by Odds\10. Multiply Evens by Odds.csproj", "{90A214B1-6B0E-41E6-A8AC-CFC3DFBC166E}"
EndProject
Project("{FAE04EC0-301F-11D3-BF4B-00C04F79EFBC}") = "11. Math operations", "11. Math operations\11. Math operations.csproj", "{100E90AD-EB78-4A68-9180-607C24D9BABB}"
EndProject
Project("{2150E333-8FDC-42A3-9474-1A3956D46DE8}") = "03.Lists", "03.Lists", "{3E5AED71-4855-415E-9775-49BCFFD5D3FC}"
EndProject
Project("{FAE04EC0-301F-11D3-BF4B-00C04F79EFBC}") = "01. Sum Adjacent Equal Numbers", "01. Sum Adjacent Equal Numbers\01. Sum Adjacent Equal Numbers.csproj", "{EE104F61-1F14-4548-AEAC-30C53BA71555}"
EndProject
Project("{FAE04EC0-301F-11D3-BF4B-00C04F79EFBC}") = "02. Gauss' Trick", "02. Gauss' Trick\02. Gauss' Trick.csproj", "{FF9637C0-3212-450B-A908-CA8B86877E4D}"
EndProject
Project("{FAE04EC0-301F-11D3-BF4B-00C04F79EFBC}") = "03. Merging Lists", "03. Merging Lists\03. Merging Lists.csproj", "{487547E0-04FB-407F-9049-C3CF7ED04628}"
EndProject
Project("{FAE04EC0-301F-11D3-BF4B-00C04F79EFBC}") = "04. List of Products", "04. List of Products\04. List of Products.csproj", "{BACE5910-9E15-4217-9F0F-79F95090BEA1}"
EndProject
Project("{FAE04EC0-301F-11D3-BF4B-00C04F79EFBC}") = "05. Remove Negatives and Reverse", "05. Remove Negatives and Reverse\05. Remove Negatives and Reverse.csproj", "{7F4A3062-1264-402B-A29C-CE8704E94DA5}"
EndProject
Project("{FAE04EC0-301F-11D3-BF4B-00C04F79EFBC}") = "06. List Manipulation Basics", "06. List Manipulation Basics\06. List Manipulation Basics.csproj", "{C7B486A4-7924-49A0-8668-1F6F14222BA0}"
EndProject
Project("{FAE04EC0-301F-11D3-BF4B-00C04F79EFBC}") = "07. List Manipulation Advanced", "07. List Manipulation Advanced\07. List Manipulation Advanced.csproj", "{1DA75EF0-DD81-49CB-9B1B-D411BA5291DB}"
EndProject
Project("{2150E333-8FDC-42A3-9474-1A3956D46DE8}") = "04.Objects and Classes", "04.Objects and Classes", "{75D2D6F3-188E-4FCF-8FF9-7DADFB372890}"
EndProject
Project("{FAE04EC0-301F-11D3-BF4B-00C04F79EFBC}") = "03. Songs", "03. Songs\03. Songs.csproj", "{7E4CC899-8679-4E16-801E-6F7195B1B264}"
EndProject
Project("{FAE04EC0-301F-11D3-BF4B-00C04F79EFBC}") = "04. Students", "04. Students\04. Students.csproj", "{B493787F-0131-4942-9D26-A1C5A0765373}"
EndProject
Project("{FAE04EC0-301F-11D3-BF4B-00C04F79EFBC}") = "05. Students 2.0", "05. Students 2.0\05. Students 2.0.csproj", "{52660D1D-4DFD-4FB1-9E99-E59866E1AE85}"
EndProject
Global
	GlobalSection(SolutionConfigurationPlatforms) = preSolution
		Debug|Any CPU = Debug|Any CPU
		Release|Any CPU = Release|Any CPU
	EndGlobalSection
	GlobalSection(ProjectConfigurationPlatforms) = postSolution
		{9A0CA7DF-C941-49FE-BD6D-B7338BB2044D}.Debug|Any CPU.ActiveCfg = Debug|Any CPU
		{9A0CA7DF-C941-49FE-BD6D-B7338BB2044D}.Debug|Any CPU.Build.0 = Debug|Any CPU
		{9A0CA7DF-C941-49FE-BD6D-B7338BB2044D}.Release|Any CPU.ActiveCfg = Release|Any CPU
		{9A0CA7DF-C941-49FE-BD6D-B7338BB2044D}.Release|Any CPU.Build.0 = Release|Any CPU
		{5C62729C-DD2C-4D8A-BE66-2FEF82B701C7}.Debug|Any CPU.ActiveCfg = Debug|Any CPU
		{5C62729C-DD2C-4D8A-BE66-2FEF82B701C7}.Debug|Any CPU.Build.0 = Debug|Any CPU
		{5C62729C-DD2C-4D8A-BE66-2FEF82B701C7}.Release|Any CPU.ActiveCfg = Release|Any CPU
		{5C62729C-DD2C-4D8A-BE66-2FEF82B701C7}.Release|Any CPU.Build.0 = Release|Any CPU
		{298C6E9E-E729-4F0F-89E5-D7EB4997677F}.Debug|Any CPU.ActiveCfg = Debug|Any CPU
		{298C6E9E-E729-4F0F-89E5-D7EB4997677F}.Debug|Any CPU.Build.0 = Debug|Any CPU
		{298C6E9E-E729-4F0F-89E5-D7EB4997677F}.Release|Any CPU.ActiveCfg = Release|Any CPU
		{298C6E9E-E729-4F0F-89E5-D7EB4997677F}.Release|Any CPU.Build.0 = Release|Any CPU
		{254D2EE8-81E0-4BEE-932C-7C0551F768D9}.Debug|Any CPU.ActiveCfg = Debug|Any CPU
		{254D2EE8-81E0-4BEE-932C-7C0551F768D9}.Debug|Any CPU.Build.0 = Debug|Any CPU
		{254D2EE8-81E0-4BEE-932C-7C0551F768D9}.Release|Any CPU.ActiveCfg = Release|Any CPU
		{254D2EE8-81E0-4BEE-932C-7C0551F768D9}.Release|Any CPU.Build.0 = Release|Any CPU
		{CBDB7D79-9E99-4D46-907D-6AC44FEB68B8}.Debug|Any CPU.ActiveCfg = Debug|Any CPU
		{CBDB7D79-9E99-4D46-907D-6AC44FEB68B8}.Debug|Any CPU.Build.0 = Debug|Any CPU
		{CBDB7D79-9E99-4D46-907D-6AC44FEB68B8}.Release|Any CPU.ActiveCfg = Release|Any CPU
		{CBDB7D79-9E99-4D46-907D-6AC44FEB68B8}.Release|Any CPU.Build.0 = Release|Any CPU
		{6D42DC6B-BEED-401A-854D-7AD8DDDBF1F0}.Debug|Any CPU.ActiveCfg = Debug|Any CPU
		{6D42DC6B-BEED-401A-854D-7AD8DDDBF1F0}.Debug|Any CPU.Build.0 = Debug|Any CPU
		{6D42DC6B-BEED-401A-854D-7AD8DDDBF1F0}.Release|Any CPU.ActiveCfg = Release|Any CPU
		{6D42DC6B-BEED-401A-854D-7AD8DDDBF1F0}.Release|Any CPU.Build.0 = Release|Any CPU
		{1D76E77E-5048-48FA-A615-725E73D05527}.Debug|Any CPU.ActiveCfg = Debug|Any CPU
		{1D76E77E-5048-48FA-A615-725E73D05527}.Debug|Any CPU.Build.0 = Debug|Any CPU
		{1D76E77E-5048-48FA-A615-725E73D05527}.Release|Any CPU.ActiveCfg = Release|Any CPU
		{1D76E77E-5048-48FA-A615-725E73D05527}.Release|Any CPU.Build.0 = Release|Any CPU
		{B87E09E4-C18D-4E33-AA55-64BA4B9FF899}.Debug|Any CPU.ActiveCfg = Debug|Any CPU
		{B87E09E4-C18D-4E33-AA55-64BA4B9FF899}.Debug|Any CPU.Build.0 = Debug|Any CPU
		{B87E09E4-C18D-4E33-AA55-64BA4B9FF899}.Release|Any CPU.ActiveCfg = Release|Any CPU
		{B87E09E4-C18D-4E33-AA55-64BA4B9FF899}.Release|Any CPU.Build.0 = Release|Any CPU
		{88D7AE99-4B35-480A-9F78-251017D15B69}.Debug|Any CPU.ActiveCfg = Debug|Any CPU
		{88D7AE99-4B35-480A-9F78-251017D15B69}.Debug|Any CPU.Build.0 = Debug|Any CPU
		{88D7AE99-4B35-480A-9F78-251017D15B69}.Release|Any CPU.ActiveCfg = Release|Any CPU
		{88D7AE99-4B35-480A-9F78-251017D15B69}.Release|Any CPU.Build.0 = Release|Any CPU
		{9D8D53D3-D0DB-4B58-BCFC-5F6F16B82F42}.Debug|Any CPU.ActiveCfg = Debug|Any CPU
		{9D8D53D3-D0DB-4B58-BCFC-5F6F16B82F42}.Debug|Any CPU.Build.0 = Debug|Any CPU
		{9D8D53D3-D0DB-4B58-BCFC-5F6F16B82F42}.Release|Any CPU.ActiveCfg = Release|Any CPU
		{9D8D53D3-D0DB-4B58-BCFC-5F6F16B82F42}.Release|Any CPU.Build.0 = Release|Any CPU
		{6D6032DB-F082-44A7-8976-AECED4029700}.Debug|Any CPU.ActiveCfg = Debug|Any CPU
		{6D6032DB-F082-44A7-8976-AECED4029700}.Debug|Any CPU.Build.0 = Debug|Any CPU
		{6D6032DB-F082-44A7-8976-AECED4029700}.Release|Any CPU.ActiveCfg = Release|Any CPU
		{6D6032DB-F082-44A7-8976-AECED4029700}.Release|Any CPU.Build.0 = Release|Any CPU
		{64ADD759-12AA-419F-B5C7-DCB7B51CBF46}.Debug|Any CPU.ActiveCfg = Debug|Any CPU
		{64ADD759-12AA-419F-B5C7-DCB7B51CBF46}.Debug|Any CPU.Build.0 = Debug|Any CPU
		{64ADD759-12AA-419F-B5C7-DCB7B51CBF46}.Release|Any CPU.ActiveCfg = Release|Any CPU
		{64ADD759-12AA-419F-B5C7-DCB7B51CBF46}.Release|Any CPU.Build.0 = Release|Any CPU
		{96564204-B285-4ED7-A742-B6663637E7B2}.Debug|Any CPU.ActiveCfg = Debug|Any CPU
		{96564204-B285-4ED7-A742-B6663637E7B2}.Debug|Any CPU.Build.0 = Debug|Any CPU
		{96564204-B285-4ED7-A742-B6663637E7B2}.Release|Any CPU.ActiveCfg = Release|Any CPU
		{96564204-B285-4ED7-A742-B6663637E7B2}.Release|Any CPU.Build.0 = Release|Any CPU
		{B6ADE4F5-4D9F-47D9-BC82-22E456778B0C}.Debug|Any CPU.ActiveCfg = Debug|Any CPU
		{B6ADE4F5-4D9F-47D9-BC82-22E456778B0C}.Debug|Any CPU.Build.0 = Debug|Any CPU
		{B6ADE4F5-4D9F-47D9-BC82-22E456778B0C}.Release|Any CPU.ActiveCfg = Release|Any CPU
		{B6ADE4F5-4D9F-47D9-BC82-22E456778B0C}.Release|Any CPU.Build.0 = Release|Any CPU
		{553DD53F-A8AE-4DE0-ADAA-2954B99CF1FB}.Debug|Any CPU.ActiveCfg = Debug|Any CPU
		{553DD53F-A8AE-4DE0-ADAA-2954B99CF1FB}.Debug|Any CPU.Build.0 = Debug|Any CPU
		{553DD53F-A8AE-4DE0-ADAA-2954B99CF1FB}.Release|Any CPU.ActiveCfg = Release|Any CPU
		{553DD53F-A8AE-4DE0-ADAA-2954B99CF1FB}.Release|Any CPU.Build.0 = Release|Any CPU
		{3385F32C-0C0C-4B12-9BF6-35EB17D7F693}.Debug|Any CPU.ActiveCfg = Debug|Any CPU
		{3385F32C-0C0C-4B12-9BF6-35EB17D7F693}.Debug|Any CPU.Build.0 = Debug|Any CPU
		{3385F32C-0C0C-4B12-9BF6-35EB17D7F693}.Release|Any CPU.ActiveCfg = Release|Any CPU
		{3385F32C-0C0C-4B12-9BF6-35EB17D7F693}.Release|Any CPU.Build.0 = Release|Any CPU
		{72E0596C-F88F-422C-9838-5F367168A1C5}.Debug|Any CPU.ActiveCfg = Debug|Any CPU
		{72E0596C-F88F-422C-9838-5F367168A1C5}.Debug|Any CPU.Build.0 = Debug|Any CPU
		{72E0596C-F88F-422C-9838-5F367168A1C5}.Release|Any CPU.ActiveCfg = Release|Any CPU
		{72E0596C-F88F-422C-9838-5F367168A1C5}.Release|Any CPU.Build.0 = Release|Any CPU
		{4307831B-3D21-415F-93C8-8EAEC0D5954A}.Debug|Any CPU.ActiveCfg = Debug|Any CPU
		{4307831B-3D21-415F-93C8-8EAEC0D5954A}.Debug|Any CPU.Build.0 = Debug|Any CPU
		{4307831B-3D21-415F-93C8-8EAEC0D5954A}.Release|Any CPU.ActiveCfg = Release|Any CPU
		{4307831B-3D21-415F-93C8-8EAEC0D5954A}.Release|Any CPU.Build.0 = Release|Any CPU
		{B28A0567-73AD-4C15-962D-0572F1DAC0FF}.Debug|Any CPU.ActiveCfg = Debug|Any CPU
		{B28A0567-73AD-4C15-962D-0572F1DAC0FF}.Debug|Any CPU.Build.0 = Debug|Any CPU
		{B28A0567-73AD-4C15-962D-0572F1DAC0FF}.Release|Any CPU.ActiveCfg = Release|Any CPU
		{B28A0567-73AD-4C15-962D-0572F1DAC0FF}.Release|Any CPU.Build.0 = Release|Any CPU
		{428D4097-5C2D-4E5E-A1C8-87D26E1006E8}.Debug|Any CPU.ActiveCfg = Debug|Any CPU
		{428D4097-5C2D-4E5E-A1C8-87D26E1006E8}.Debug|Any CPU.Build.0 = Debug|Any CPU
		{428D4097-5C2D-4E5E-A1C8-87D26E1006E8}.Release|Any CPU.ActiveCfg = Release|Any CPU
		{428D4097-5C2D-4E5E-A1C8-87D26E1006E8}.Release|Any CPU.Build.0 = Release|Any CPU
		{A1D7E047-20ED-480D-A842-B58DE9F3CA23}.Debug|Any CPU.ActiveCfg = Debug|Any CPU
		{A1D7E047-20ED-480D-A842-B58DE9F3CA23}.Debug|Any CPU.Build.0 = Debug|Any CPU
		{A1D7E047-20ED-480D-A842-B58DE9F3CA23}.Release|Any CPU.ActiveCfg = Release|Any CPU
		{A1D7E047-20ED-480D-A842-B58DE9F3CA23}.Release|Any CPU.Build.0 = Release|Any CPU
		{33432DEB-435D-403C-B9BD-8594E0206F4B}.Debug|Any CPU.ActiveCfg = Debug|Any CPU
		{33432DEB-435D-403C-B9BD-8594E0206F4B}.Debug|Any CPU.Build.0 = Debug|Any CPU
		{33432DEB-435D-403C-B9BD-8594E0206F4B}.Release|Any CPU.ActiveCfg = Release|Any CPU
		{33432DEB-435D-403C-B9BD-8594E0206F4B}.Release|Any CPU.Build.0 = Release|Any CPU
		{DAF77A2D-7EB2-4A0C-B7C3-D9BBAAEE4866}.Debug|Any CPU.ActiveCfg = Debug|Any CPU
		{DAF77A2D-7EB2-4A0C-B7C3-D9BBAAEE4866}.Debug|Any CPU.Build.0 = Debug|Any CPU
		{DAF77A2D-7EB2-4A0C-B7C3-D9BBAAEE4866}.Release|Any CPU.ActiveCfg = Release|Any CPU
		{DAF77A2D-7EB2-4A0C-B7C3-D9BBAAEE4866}.Release|Any CPU.Build.0 = Release|Any CPU
		{BD48E0D9-82C8-4FB8-8FFE-D7944C0084C4}.Debug|Any CPU.ActiveCfg = Debug|Any CPU
		{BD48E0D9-82C8-4FB8-8FFE-D7944C0084C4}.Debug|Any CPU.Build.0 = Debug|Any CPU
		{BD48E0D9-82C8-4FB8-8FFE-D7944C0084C4}.Release|Any CPU.ActiveCfg = Release|Any CPU
		{BD48E0D9-82C8-4FB8-8FFE-D7944C0084C4}.Release|Any CPU.Build.0 = Release|Any CPU
		{F9EAE552-BDBA-4153-913C-EBA86E5174B9}.Debug|Any CPU.ActiveCfg = Debug|Any CPU
		{F9EAE552-BDBA-4153-913C-EBA86E5174B9}.Debug|Any CPU.Build.0 = Debug|Any CPU
		{F9EAE552-BDBA-4153-913C-EBA86E5174B9}.Release|Any CPU.ActiveCfg = Release|Any CPU
		{F9EAE552-BDBA-4153-913C-EBA86E5174B9}.Release|Any CPU.Build.0 = Release|Any CPU
		{EC5C9052-423C-48EF-8A03-A88C18CB6044}.Debug|Any CPU.ActiveCfg = Debug|Any CPU
		{EC5C9052-423C-48EF-8A03-A88C18CB6044}.Debug|Any CPU.Build.0 = Debug|Any CPU
		{EC5C9052-423C-48EF-8A03-A88C18CB6044}.Release|Any CPU.ActiveCfg = Release|Any CPU
		{EC5C9052-423C-48EF-8A03-A88C18CB6044}.Release|Any CPU.Build.0 = Release|Any CPU
		{6B50AA6B-1993-487B-A0C2-21073239F1A9}.Debug|Any CPU.ActiveCfg = Debug|Any CPU
		{6B50AA6B-1993-487B-A0C2-21073239F1A9}.Debug|Any CPU.Build.0 = Debug|Any CPU
		{6B50AA6B-1993-487B-A0C2-21073239F1A9}.Release|Any CPU.ActiveCfg = Release|Any CPU
		{6B50AA6B-1993-487B-A0C2-21073239F1A9}.Release|Any CPU.Build.0 = Release|Any CPU
		{B68B2473-79DF-4B88-B3B5-8413CE570E16}.Debug|Any CPU.ActiveCfg = Debug|Any CPU
		{B68B2473-79DF-4B88-B3B5-8413CE570E16}.Debug|Any CPU.Build.0 = Debug|Any CPU
		{B68B2473-79DF-4B88-B3B5-8413CE570E16}.Release|Any CPU.ActiveCfg = Release|Any CPU
		{B68B2473-79DF-4B88-B3B5-8413CE570E16}.Release|Any CPU.Build.0 = Release|Any CPU
		{3C73FDAB-609E-4296-8C1B-48FAB586AEFD}.Debug|Any CPU.ActiveCfg = Debug|Any CPU
		{3C73FDAB-609E-4296-8C1B-48FAB586AEFD}.Debug|Any CPU.Build.0 = Debug|Any CPU
		{3C73FDAB-609E-4296-8C1B-48FAB586AEFD}.Release|Any CPU.ActiveCfg = Release|Any CPU
		{3C73FDAB-609E-4296-8C1B-48FAB586AEFD}.Release|Any CPU.Build.0 = Release|Any CPU
		{942165EC-CF28-4E5E-89A1-569F38F2676E}.Debug|Any CPU.ActiveCfg = Debug|Any CPU
		{942165EC-CF28-4E5E-89A1-569F38F2676E}.Debug|Any CPU.Build.0 = Debug|Any CPU
		{942165EC-CF28-4E5E-89A1-569F38F2676E}.Release|Any CPU.ActiveCfg = Release|Any CPU
		{942165EC-CF28-4E5E-89A1-569F38F2676E}.Release|Any CPU.Build.0 = Release|Any CPU
		{D198AF72-8276-474A-98B4-261FF41244C7}.Debug|Any CPU.ActiveCfg = Debug|Any CPU
		{D198AF72-8276-474A-98B4-261FF41244C7}.Debug|Any CPU.Build.0 = Debug|Any CPU
		{D198AF72-8276-474A-98B4-261FF41244C7}.Release|Any CPU.ActiveCfg = Release|Any CPU
		{D198AF72-8276-474A-98B4-261FF41244C7}.Release|Any CPU.Build.0 = Release|Any CPU
		{5C170929-1265-4ED9-AE89-8CBD5EC77AFB}.Debug|Any CPU.ActiveCfg = Debug|Any CPU
		{5C170929-1265-4ED9-AE89-8CBD5EC77AFB}.Debug|Any CPU.Build.0 = Debug|Any CPU
		{5C170929-1265-4ED9-AE89-8CBD5EC77AFB}.Release|Any CPU.ActiveCfg = Release|Any CPU
		{5C170929-1265-4ED9-AE89-8CBD5EC77AFB}.Release|Any CPU.Build.0 = Release|Any CPU
		{EE4F7C1A-56DF-4C8A-BC5D-4783DE72BA08}.Debug|Any CPU.ActiveCfg = Debug|Any CPU
		{EE4F7C1A-56DF-4C8A-BC5D-4783DE72BA08}.Debug|Any CPU.Build.0 = Debug|Any CPU
		{EE4F7C1A-56DF-4C8A-BC5D-4783DE72BA08}.Release|Any CPU.ActiveCfg = Release|Any CPU
		{EE4F7C1A-56DF-4C8A-BC5D-4783DE72BA08}.Release|Any CPU.Build.0 = Release|Any CPU
		{E3C70884-95BA-4B1A-94B2-6CCE0180BD48}.Debug|Any CPU.ActiveCfg = Debug|Any CPU
		{E3C70884-95BA-4B1A-94B2-6CCE0180BD48}.Debug|Any CPU.Build.0 = Debug|Any CPU
		{E3C70884-95BA-4B1A-94B2-6CCE0180BD48}.Release|Any CPU.ActiveCfg = Release|Any CPU
		{E3C70884-95BA-4B1A-94B2-6CCE0180BD48}.Release|Any CPU.Build.0 = Release|Any CPU
		{5708591E-0DDE-44B3-82F5-D743857A4BBD}.Debug|Any CPU.ActiveCfg = Debug|Any CPU
		{5708591E-0DDE-44B3-82F5-D743857A4BBD}.Debug|Any CPU.Build.0 = Debug|Any CPU
		{5708591E-0DDE-44B3-82F5-D743857A4BBD}.Release|Any CPU.ActiveCfg = Release|Any CPU
		{5708591E-0DDE-44B3-82F5-D743857A4BBD}.Release|Any CPU.Build.0 = Release|Any CPU
		{681DE6E4-A4CB-4B5C-A6F3-98C1ACF76950}.Debug|Any CPU.ActiveCfg = Debug|Any CPU
		{681DE6E4-A4CB-4B5C-A6F3-98C1ACF76950}.Debug|Any CPU.Build.0 = Debug|Any CPU
		{681DE6E4-A4CB-4B5C-A6F3-98C1ACF76950}.Release|Any CPU.ActiveCfg = Release|Any CPU
		{681DE6E4-A4CB-4B5C-A6F3-98C1ACF76950}.Release|Any CPU.Build.0 = Release|Any CPU
		{809039E4-F6FB-4D6F-9556-125D64DD337E}.Debug|Any CPU.ActiveCfg = Debug|Any CPU
		{809039E4-F6FB-4D6F-9556-125D64DD337E}.Debug|Any CPU.Build.0 = Debug|Any CPU
		{809039E4-F6FB-4D6F-9556-125D64DD337E}.Release|Any CPU.ActiveCfg = Release|Any CPU
		{809039E4-F6FB-4D6F-9556-125D64DD337E}.Release|Any CPU.Build.0 = Release|Any CPU
		{3892B80B-AAC4-4134-9319-1B0341D08E84}.Debug|Any CPU.ActiveCfg = Debug|Any CPU
		{3892B80B-AAC4-4134-9319-1B0341D08E84}.Debug|Any CPU.Build.0 = Debug|Any CPU
		{3892B80B-AAC4-4134-9319-1B0341D08E84}.Release|Any CPU.ActiveCfg = Release|Any CPU
		{3892B80B-AAC4-4134-9319-1B0341D08E84}.Release|Any CPU.Build.0 = Release|Any CPU
		{C2145002-4980-46CD-B6BC-28571A41DEC8}.Debug|Any CPU.ActiveCfg = Debug|Any CPU
		{C2145002-4980-46CD-B6BC-28571A41DEC8}.Debug|Any CPU.Build.0 = Debug|Any CPU
		{C2145002-4980-46CD-B6BC-28571A41DEC8}.Release|Any CPU.ActiveCfg = Release|Any CPU
		{C2145002-4980-46CD-B6BC-28571A41DEC8}.Release|Any CPU.Build.0 = Release|Any CPU
		{1F5F34AA-F005-4143-B8ED-AE254810494F}.Debug|Any CPU.ActiveCfg = Debug|Any CPU
		{1F5F34AA-F005-4143-B8ED-AE254810494F}.Debug|Any CPU.Build.0 = Debug|Any CPU
		{1F5F34AA-F005-4143-B8ED-AE254810494F}.Release|Any CPU.ActiveCfg = Release|Any CPU
		{1F5F34AA-F005-4143-B8ED-AE254810494F}.Release|Any CPU.Build.0 = Release|Any CPU
		{39793CB6-501C-4907-9825-15CE3A54BFD1}.Debug|Any CPU.ActiveCfg = Debug|Any CPU
		{39793CB6-501C-4907-9825-15CE3A54BFD1}.Debug|Any CPU.Build.0 = Debug|Any CPU
		{39793CB6-501C-4907-9825-15CE3A54BFD1}.Release|Any CPU.ActiveCfg = Release|Any CPU
		{39793CB6-501C-4907-9825-15CE3A54BFD1}.Release|Any CPU.Build.0 = Release|Any CPU
		{771FAA48-EB4E-4E5A-BC0F-EA283D6267DE}.Debug|Any CPU.ActiveCfg = Debug|Any CPU
		{771FAA48-EB4E-4E5A-BC0F-EA283D6267DE}.Debug|Any CPU.Build.0 = Debug|Any CPU
		{771FAA48-EB4E-4E5A-BC0F-EA283D6267DE}.Release|Any CPU.ActiveCfg = Release|Any CPU
		{771FAA48-EB4E-4E5A-BC0F-EA283D6267DE}.Release|Any CPU.Build.0 = Release|Any CPU
		{E019B7E3-19B8-41D3-BCB9-BAB36B6BFF2D}.Debug|Any CPU.ActiveCfg = Debug|Any CPU
		{E019B7E3-19B8-41D3-BCB9-BAB36B6BFF2D}.Debug|Any CPU.Build.0 = Debug|Any CPU
		{E019B7E3-19B8-41D3-BCB9-BAB36B6BFF2D}.Release|Any CPU.ActiveCfg = Release|Any CPU
		{E019B7E3-19B8-41D3-BCB9-BAB36B6BFF2D}.Release|Any CPU.Build.0 = Release|Any CPU
		{523ECA9F-81E8-4A4A-9259-B8947C62484D}.Debug|Any CPU.ActiveCfg = Debug|Any CPU
		{523ECA9F-81E8-4A4A-9259-B8947C62484D}.Debug|Any CPU.Build.0 = Debug|Any CPU
		{523ECA9F-81E8-4A4A-9259-B8947C62484D}.Release|Any CPU.ActiveCfg = Release|Any CPU
		{523ECA9F-81E8-4A4A-9259-B8947C62484D}.Release|Any CPU.Build.0 = Release|Any CPU
		{E899EABA-9DB4-4AB6-8A9D-CAE8C2D77D58}.Debug|Any CPU.ActiveCfg = Debug|Any CPU
		{E899EABA-9DB4-4AB6-8A9D-CAE8C2D77D58}.Debug|Any CPU.Build.0 = Debug|Any CPU
		{E899EABA-9DB4-4AB6-8A9D-CAE8C2D77D58}.Release|Any CPU.ActiveCfg = Release|Any CPU
		{E899EABA-9DB4-4AB6-8A9D-CAE8C2D77D58}.Release|Any CPU.Build.0 = Release|Any CPU
		{C1164082-60E5-48ED-A97A-3A21730B976A}.Debug|Any CPU.ActiveCfg = Debug|Any CPU
		{C1164082-60E5-48ED-A97A-3A21730B976A}.Debug|Any CPU.Build.0 = Debug|Any CPU
		{C1164082-60E5-48ED-A97A-3A21730B976A}.Release|Any CPU.ActiveCfg = Release|Any CPU
		{C1164082-60E5-48ED-A97A-3A21730B976A}.Release|Any CPU.Build.0 = Release|Any CPU
		{8A2DBEB0-31DB-4791-A193-346C2FCEF553}.Debug|Any CPU.ActiveCfg = Debug|Any CPU
		{8A2DBEB0-31DB-4791-A193-346C2FCEF553}.Debug|Any CPU.Build.0 = Debug|Any CPU
		{8A2DBEB0-31DB-4791-A193-346C2FCEF553}.Release|Any CPU.ActiveCfg = Release|Any CPU
		{8A2DBEB0-31DB-4791-A193-346C2FCEF553}.Release|Any CPU.Build.0 = Release|Any CPU
		{9CAAA888-5FF5-4C27-9426-694344106E3D}.Debug|Any CPU.ActiveCfg = Debug|Any CPU
		{9CAAA888-5FF5-4C27-9426-694344106E3D}.Debug|Any CPU.Build.0 = Debug|Any CPU
		{9CAAA888-5FF5-4C27-9426-694344106E3D}.Release|Any CPU.ActiveCfg = Release|Any CPU
		{9CAAA888-5FF5-4C27-9426-694344106E3D}.Release|Any CPU.Build.0 = Release|Any CPU
		{E9F2CF2E-B723-414E-AC89-E8981469E4A6}.Debug|Any CPU.ActiveCfg = Debug|Any CPU
		{E9F2CF2E-B723-414E-AC89-E8981469E4A6}.Debug|Any CPU.Build.0 = Debug|Any CPU
		{E9F2CF2E-B723-414E-AC89-E8981469E4A6}.Release|Any CPU.ActiveCfg = Release|Any CPU
		{E9F2CF2E-B723-414E-AC89-E8981469E4A6}.Release|Any CPU.Build.0 = Release|Any CPU
		{550B657F-FB09-42B8-876C-024909476963}.Debug|Any CPU.ActiveCfg = Debug|Any CPU
		{550B657F-FB09-42B8-876C-024909476963}.Debug|Any CPU.Build.0 = Debug|Any CPU
		{550B657F-FB09-42B8-876C-024909476963}.Release|Any CPU.ActiveCfg = Release|Any CPU
		{550B657F-FB09-42B8-876C-024909476963}.Release|Any CPU.Build.0 = Release|Any CPU
		{DEE5DFE7-B675-417B-A772-599B5A737B08}.Debug|Any CPU.ActiveCfg = Debug|Any CPU
		{DEE5DFE7-B675-417B-A772-599B5A737B08}.Debug|Any CPU.Build.0 = Debug|Any CPU
		{DEE5DFE7-B675-417B-A772-599B5A737B08}.Release|Any CPU.ActiveCfg = Release|Any CPU
		{DEE5DFE7-B675-417B-A772-599B5A737B08}.Release|Any CPU.Build.0 = Release|Any CPU
		{727AEDA4-260A-46E1-9967-0F2B43B0CFA5}.Debug|Any CPU.ActiveCfg = Debug|Any CPU
		{727AEDA4-260A-46E1-9967-0F2B43B0CFA5}.Debug|Any CPU.Build.0 = Debug|Any CPU
		{727AEDA4-260A-46E1-9967-0F2B43B0CFA5}.Release|Any CPU.ActiveCfg = Release|Any CPU
		{727AEDA4-260A-46E1-9967-0F2B43B0CFA5}.Release|Any CPU.Build.0 = Release|Any CPU
		{50C7B0FD-CC29-40EF-8D2D-792C120B1975}.Debug|Any CPU.ActiveCfg = Debug|Any CPU
		{50C7B0FD-CC29-40EF-8D2D-792C120B1975}.Debug|Any CPU.Build.0 = Debug|Any CPU
		{50C7B0FD-CC29-40EF-8D2D-792C120B1975}.Release|Any CPU.ActiveCfg = Release|Any CPU
		{50C7B0FD-CC29-40EF-8D2D-792C120B1975}.Release|Any CPU.Build.0 = Release|Any CPU
		{B80CF9E8-2E98-469F-92D4-718C1C967AB9}.Debug|Any CPU.ActiveCfg = Debug|Any CPU
		{B80CF9E8-2E98-469F-92D4-718C1C967AB9}.Debug|Any CPU.Build.0 = Debug|Any CPU
		{B80CF9E8-2E98-469F-92D4-718C1C967AB9}.Release|Any CPU.ActiveCfg = Release|Any CPU
		{B80CF9E8-2E98-469F-92D4-718C1C967AB9}.Release|Any CPU.Build.0 = Release|Any CPU
		{571CEA37-E8A1-4391-974B-34C8EF231F96}.Debug|Any CPU.ActiveCfg = Debug|Any CPU
		{571CEA37-E8A1-4391-974B-34C8EF231F96}.Debug|Any CPU.Build.0 = Debug|Any CPU
		{571CEA37-E8A1-4391-974B-34C8EF231F96}.Release|Any CPU.ActiveCfg = Release|Any CPU
		{571CEA37-E8A1-4391-974B-34C8EF231F96}.Release|Any CPU.Build.0 = Release|Any CPU
		{10235005-DF8F-45AA-B948-2B539140487E}.Debug|Any CPU.ActiveCfg = Debug|Any CPU
		{10235005-DF8F-45AA-B948-2B539140487E}.Debug|Any CPU.Build.0 = Debug|Any CPU
		{10235005-DF8F-45AA-B948-2B539140487E}.Release|Any CPU.ActiveCfg = Release|Any CPU
		{10235005-DF8F-45AA-B948-2B539140487E}.Release|Any CPU.Build.0 = Release|Any CPU
		{A9D3CB00-D160-45BE-B2FF-90B3FF460F19}.Debug|Any CPU.ActiveCfg = Debug|Any CPU
		{A9D3CB00-D160-45BE-B2FF-90B3FF460F19}.Debug|Any CPU.Build.0 = Debug|Any CPU
		{A9D3CB00-D160-45BE-B2FF-90B3FF460F19}.Release|Any CPU.ActiveCfg = Release|Any CPU
		{A9D3CB00-D160-45BE-B2FF-90B3FF460F19}.Release|Any CPU.Build.0 = Release|Any CPU
		{2B4DF8D0-1064-49CC-8DBD-E8C2EFA7825C}.Debug|Any CPU.ActiveCfg = Debug|Any CPU
		{2B4DF8D0-1064-49CC-8DBD-E8C2EFA7825C}.Debug|Any CPU.Build.0 = Debug|Any CPU
		{2B4DF8D0-1064-49CC-8DBD-E8C2EFA7825C}.Release|Any CPU.ActiveCfg = Release|Any CPU
		{2B4DF8D0-1064-49CC-8DBD-E8C2EFA7825C}.Release|Any CPU.Build.0 = Release|Any CPU
		{66E6DD5E-2F5C-4A66-BD4D-B8B74DF787A1}.Debug|Any CPU.ActiveCfg = Debug|Any CPU
		{66E6DD5E-2F5C-4A66-BD4D-B8B74DF787A1}.Debug|Any CPU.Build.0 = Debug|Any CPU
		{66E6DD5E-2F5C-4A66-BD4D-B8B74DF787A1}.Release|Any CPU.ActiveCfg = Release|Any CPU
		{66E6DD5E-2F5C-4A66-BD4D-B8B74DF787A1}.Release|Any CPU.Build.0 = Release|Any CPU
		{C1D71F56-12C4-481B-8FDA-31C5031BDAFC}.Debug|Any CPU.ActiveCfg = Debug|Any CPU
		{C1D71F56-12C4-481B-8FDA-31C5031BDAFC}.Debug|Any CPU.Build.0 = Debug|Any CPU
		{C1D71F56-12C4-481B-8FDA-31C5031BDAFC}.Release|Any CPU.ActiveCfg = Release|Any CPU
		{C1D71F56-12C4-481B-8FDA-31C5031BDAFC}.Release|Any CPU.Build.0 = Release|Any CPU
		{BAE02FDB-B959-49AD-9BB4-5A4F134E86BF}.Debug|Any CPU.ActiveCfg = Debug|Any CPU
		{BAE02FDB-B959-49AD-9BB4-5A4F134E86BF}.Debug|Any CPU.Build.0 = Debug|Any CPU
		{BAE02FDB-B959-49AD-9BB4-5A4F134E86BF}.Release|Any CPU.ActiveCfg = Release|Any CPU
		{BAE02FDB-B959-49AD-9BB4-5A4F134E86BF}.Release|Any CPU.Build.0 = Release|Any CPU
		{CD4B44A7-2547-4DF2-ACC1-8697B8B70E7F}.Debug|Any CPU.ActiveCfg = Debug|Any CPU
		{CD4B44A7-2547-4DF2-ACC1-8697B8B70E7F}.Debug|Any CPU.Build.0 = Debug|Any CPU
		{CD4B44A7-2547-4DF2-ACC1-8697B8B70E7F}.Release|Any CPU.ActiveCfg = Release|Any CPU
		{CD4B44A7-2547-4DF2-ACC1-8697B8B70E7F}.Release|Any CPU.Build.0 = Release|Any CPU
		{9C439D54-81E7-4F2E-A4F1-0CD4DD344816}.Debug|Any CPU.ActiveCfg = Debug|Any CPU
		{9C439D54-81E7-4F2E-A4F1-0CD4DD344816}.Debug|Any CPU.Build.0 = Debug|Any CPU
		{9C439D54-81E7-4F2E-A4F1-0CD4DD344816}.Release|Any CPU.ActiveCfg = Release|Any CPU
		{9C439D54-81E7-4F2E-A4F1-0CD4DD344816}.Release|Any CPU.Build.0 = Release|Any CPU
		{18A4C62C-003F-44C8-8546-5F69EFD592AF}.Debug|Any CPU.ActiveCfg = Debug|Any CPU
		{18A4C62C-003F-44C8-8546-5F69EFD592AF}.Debug|Any CPU.Build.0 = Debug|Any CPU
		{18A4C62C-003F-44C8-8546-5F69EFD592AF}.Release|Any CPU.ActiveCfg = Release|Any CPU
		{18A4C62C-003F-44C8-8546-5F69EFD592AF}.Release|Any CPU.Build.0 = Release|Any CPU
		{B2E63F77-F0B1-4DDC-B611-BAB1AF6C1260}.Debug|Any CPU.ActiveCfg = Debug|Any CPU
		{B2E63F77-F0B1-4DDC-B611-BAB1AF6C1260}.Debug|Any CPU.Build.0 = Debug|Any CPU
		{B2E63F77-F0B1-4DDC-B611-BAB1AF6C1260}.Release|Any CPU.ActiveCfg = Release|Any CPU
		{B2E63F77-F0B1-4DDC-B611-BAB1AF6C1260}.Release|Any CPU.Build.0 = Release|Any CPU
		{90A214B1-6B0E-41E6-A8AC-CFC3DFBC166E}.Debug|Any CPU.ActiveCfg = Debug|Any CPU
		{90A214B1-6B0E-41E6-A8AC-CFC3DFBC166E}.Debug|Any CPU.Build.0 = Debug|Any CPU
		{90A214B1-6B0E-41E6-A8AC-CFC3DFBC166E}.Release|Any CPU.ActiveCfg = Release|Any CPU
		{90A214B1-6B0E-41E6-A8AC-CFC3DFBC166E}.Release|Any CPU.Build.0 = Release|Any CPU
		{100E90AD-EB78-4A68-9180-607C24D9BABB}.Debug|Any CPU.ActiveCfg = Debug|Any CPU
		{100E90AD-EB78-4A68-9180-607C24D9BABB}.Debug|Any CPU.Build.0 = Debug|Any CPU
		{100E90AD-EB78-4A68-9180-607C24D9BABB}.Release|Any CPU.ActiveCfg = Release|Any CPU
		{100E90AD-EB78-4A68-9180-607C24D9BABB}.Release|Any CPU.Build.0 = Release|Any CPU
		{EE104F61-1F14-4548-AEAC-30C53BA71555}.Debug|Any CPU.ActiveCfg = Debug|Any CPU
		{EE104F61-1F14-4548-AEAC-30C53BA71555}.Debug|Any CPU.Build.0 = Debug|Any CPU
		{EE104F61-1F14-4548-AEAC-30C53BA71555}.Release|Any CPU.ActiveCfg = Release|Any CPU
		{EE104F61-1F14-4548-AEAC-30C53BA71555}.Release|Any CPU.Build.0 = Release|Any CPU
		{FF9637C0-3212-450B-A908-CA8B86877E4D}.Debug|Any CPU.ActiveCfg = Debug|Any CPU
		{FF9637C0-3212-450B-A908-CA8B86877E4D}.Debug|Any CPU.Build.0 = Debug|Any CPU
		{FF9637C0-3212-450B-A908-CA8B86877E4D}.Release|Any CPU.ActiveCfg = Release|Any CPU
		{FF9637C0-3212-450B-A908-CA8B86877E4D}.Release|Any CPU.Build.0 = Release|Any CPU
		{487547E0-04FB-407F-9049-C3CF7ED04628}.Debug|Any CPU.ActiveCfg = Debug|Any CPU
		{487547E0-04FB-407F-9049-C3CF7ED04628}.Debug|Any CPU.Build.0 = Debug|Any CPU
		{487547E0-04FB-407F-9049-C3CF7ED04628}.Release|Any CPU.ActiveCfg = Release|Any CPU
		{487547E0-04FB-407F-9049-C3CF7ED04628}.Release|Any CPU.Build.0 = Release|Any CPU
		{BACE5910-9E15-4217-9F0F-79F95090BEA1}.Debug|Any CPU.ActiveCfg = Debug|Any CPU
		{BACE5910-9E15-4217-9F0F-79F95090BEA1}.Debug|Any CPU.Build.0 = Debug|Any CPU
		{BACE5910-9E15-4217-9F0F-79F95090BEA1}.Release|Any CPU.ActiveCfg = Release|Any CPU
		{BACE5910-9E15-4217-9F0F-79F95090BEA1}.Release|Any CPU.Build.0 = Release|Any CPU
		{7F4A3062-1264-402B-A29C-CE8704E94DA5}.Debug|Any CPU.ActiveCfg = Debug|Any CPU
		{7F4A3062-1264-402B-A29C-CE8704E94DA5}.Debug|Any CPU.Build.0 = Debug|Any CPU
		{7F4A3062-1264-402B-A29C-CE8704E94DA5}.Release|Any CPU.ActiveCfg = Release|Any CPU
		{7F4A3062-1264-402B-A29C-CE8704E94DA5}.Release|Any CPU.Build.0 = Release|Any CPU
		{C7B486A4-7924-49A0-8668-1F6F14222BA0}.Debug|Any CPU.ActiveCfg = Debug|Any CPU
		{C7B486A4-7924-49A0-8668-1F6F14222BA0}.Debug|Any CPU.Build.0 = Debug|Any CPU
		{C7B486A4-7924-49A0-8668-1F6F14222BA0}.Release|Any CPU.ActiveCfg = Release|Any CPU
		{C7B486A4-7924-49A0-8668-1F6F14222BA0}.Release|Any CPU.Build.0 = Release|Any CPU
		{1DA75EF0-DD81-49CB-9B1B-D411BA5291DB}.Debug|Any CPU.ActiveCfg = Debug|Any CPU
		{1DA75EF0-DD81-49CB-9B1B-D411BA5291DB}.Debug|Any CPU.Build.0 = Debug|Any CPU
		{1DA75EF0-DD81-49CB-9B1B-D411BA5291DB}.Release|Any CPU.ActiveCfg = Release|Any CPU
		{1DA75EF0-DD81-49CB-9B1B-D411BA5291DB}.Release|Any CPU.Build.0 = Release|Any CPU
		{7E4CC899-8679-4E16-801E-6F7195B1B264}.Debug|Any CPU.ActiveCfg = Debug|Any CPU
		{7E4CC899-8679-4E16-801E-6F7195B1B264}.Debug|Any CPU.Build.0 = Debug|Any CPU
		{7E4CC899-8679-4E16-801E-6F7195B1B264}.Release|Any CPU.ActiveCfg = Release|Any CPU
		{7E4CC899-8679-4E16-801E-6F7195B1B264}.Release|Any CPU.Build.0 = Release|Any CPU
		{B493787F-0131-4942-9D26-A1C5A0765373}.Debug|Any CPU.ActiveCfg = Debug|Any CPU
		{B493787F-0131-4942-9D26-A1C5A0765373}.Debug|Any CPU.Build.0 = Debug|Any CPU
		{B493787F-0131-4942-9D26-A1C5A0765373}.Release|Any CPU.ActiveCfg = Release|Any CPU
		{B493787F-0131-4942-9D26-A1C5A0765373}.Release|Any CPU.Build.0 = Release|Any CPU
		{52660D1D-4DFD-4FB1-9E99-E59866E1AE85}.Debug|Any CPU.ActiveCfg = Debug|Any CPU
		{52660D1D-4DFD-4FB1-9E99-E59866E1AE85}.Debug|Any CPU.Build.0 = Debug|Any CPU
		{52660D1D-4DFD-4FB1-9E99-E59866E1AE85}.Release|Any CPU.ActiveCfg = Release|Any CPU
		{52660D1D-4DFD-4FB1-9E99-E59866E1AE85}.Release|Any CPU.Build.0 = Release|Any CPU
	EndGlobalSection
	GlobalSection(SolutionProperties) = preSolution
		HideSolutionNode = FALSE
	EndGlobalSection
	GlobalSection(NestedProjects) = preSolution
		{CAB963CF-1C6A-4C05-93F3-7C8413617E81} = {FDF0E7D2-D499-4E4C-9E6F-46B8BF9C6BB9}
		{9A0CA7DF-C941-49FE-BD6D-B7338BB2044D} = {CAB963CF-1C6A-4C05-93F3-7C8413617E81}
		{5C62729C-DD2C-4D8A-BE66-2FEF82B701C7} = {CAB963CF-1C6A-4C05-93F3-7C8413617E81}
		{298C6E9E-E729-4F0F-89E5-D7EB4997677F} = {CAB963CF-1C6A-4C05-93F3-7C8413617E81}
		{254D2EE8-81E0-4BEE-932C-7C0551F768D9} = {CAB963CF-1C6A-4C05-93F3-7C8413617E81}
		{CBDB7D79-9E99-4D46-907D-6AC44FEB68B8} = {CAB963CF-1C6A-4C05-93F3-7C8413617E81}
		{6D42DC6B-BEED-401A-854D-7AD8DDDBF1F0} = {CAB963CF-1C6A-4C05-93F3-7C8413617E81}
		{1D76E77E-5048-48FA-A615-725E73D05527} = {CAB963CF-1C6A-4C05-93F3-7C8413617E81}
		{B87E09E4-C18D-4E33-AA55-64BA4B9FF899} = {CAB963CF-1C6A-4C05-93F3-7C8413617E81}
		{88D7AE99-4B35-480A-9F78-251017D15B69} = {CAB963CF-1C6A-4C05-93F3-7C8413617E81}
		{B38E942F-F506-4146-9B3D-DBB547B4C69D} = {FDF0E7D2-D499-4E4C-9E6F-46B8BF9C6BB9}
		{9D8D53D3-D0DB-4B58-BCFC-5F6F16B82F42} = {B38E942F-F506-4146-9B3D-DBB547B4C69D}
		{6D6032DB-F082-44A7-8976-AECED4029700} = {B38E942F-F506-4146-9B3D-DBB547B4C69D}
		{64ADD759-12AA-419F-B5C7-DCB7B51CBF46} = {B38E942F-F506-4146-9B3D-DBB547B4C69D}
		{96564204-B285-4ED7-A742-B6663637E7B2} = {B38E942F-F506-4146-9B3D-DBB547B4C69D}
		{B6ADE4F5-4D9F-47D9-BC82-22E456778B0C} = {B38E942F-F506-4146-9B3D-DBB547B4C69D}
		{553DD53F-A8AE-4DE0-ADAA-2954B99CF1FB} = {B38E942F-F506-4146-9B3D-DBB547B4C69D}
		{7DAAC3AF-CD16-47F6-B864-2CA498ABB591} = {FDF0E7D2-D499-4E4C-9E6F-46B8BF9C6BB9}
		{3385F32C-0C0C-4B12-9BF6-35EB17D7F693} = {7DAAC3AF-CD16-47F6-B864-2CA498ABB591}
		{72E0596C-F88F-422C-9838-5F367168A1C5} = {7DAAC3AF-CD16-47F6-B864-2CA498ABB591}
		{4307831B-3D21-415F-93C8-8EAEC0D5954A} = {7DAAC3AF-CD16-47F6-B864-2CA498ABB591}
		{B28A0567-73AD-4C15-962D-0572F1DAC0FF} = {7DAAC3AF-CD16-47F6-B864-2CA498ABB591}
		{428D4097-5C2D-4E5E-A1C8-87D26E1006E8} = {7DAAC3AF-CD16-47F6-B864-2CA498ABB591}
		{A1D7E047-20ED-480D-A842-B58DE9F3CA23} = {7DAAC3AF-CD16-47F6-B864-2CA498ABB591}
		{33432DEB-435D-403C-B9BD-8594E0206F4B} = {7DAAC3AF-CD16-47F6-B864-2CA498ABB591}
		{DAF77A2D-7EB2-4A0C-B7C3-D9BBAAEE4866} = {7DAAC3AF-CD16-47F6-B864-2CA498ABB591}
		{BD48E0D9-82C8-4FB8-8FFE-D7944C0084C4} = {7DAAC3AF-CD16-47F6-B864-2CA498ABB591}
		{F9EAE552-BDBA-4153-913C-EBA86E5174B9} = {7DAAC3AF-CD16-47F6-B864-2CA498ABB591}
		{1D2B9BDD-0751-4CA2-833B-66D1977C7C20} = {FDF0E7D2-D499-4E4C-9E6F-46B8BF9C6BB9}
		{EC5C9052-423C-48EF-8A03-A88C18CB6044} = {1D2B9BDD-0751-4CA2-833B-66D1977C7C20}
		{6B50AA6B-1993-487B-A0C2-21073239F1A9} = {1D2B9BDD-0751-4CA2-833B-66D1977C7C20}
		{B68B2473-79DF-4B88-B3B5-8413CE570E16} = {1D2B9BDD-0751-4CA2-833B-66D1977C7C20}
		{3C73FDAB-609E-4296-8C1B-48FAB586AEFD} = {1D2B9BDD-0751-4CA2-833B-66D1977C7C20}
		{942165EC-CF28-4E5E-89A1-569F38F2676E} = {1D2B9BDD-0751-4CA2-833B-66D1977C7C20}
		{D198AF72-8276-474A-98B4-261FF41244C7} = {1D2B9BDD-0751-4CA2-833B-66D1977C7C20}
		{5C170929-1265-4ED9-AE89-8CBD5EC77AFB} = {1D2B9BDD-0751-4CA2-833B-66D1977C7C20}
		{EE4F7C1A-56DF-4C8A-BC5D-4783DE72BA08} = {1D2B9BDD-0751-4CA2-833B-66D1977C7C20}
		{E3C70884-95BA-4B1A-94B2-6CCE0180BD48} = {1D2B9BDD-0751-4CA2-833B-66D1977C7C20}
		{5708591E-0DDE-44B3-82F5-D743857A4BBD} = {1D2B9BDD-0751-4CA2-833B-66D1977C7C20}
		{4B2BDCE4-7076-4F30-9C03-AF9003FAB8C0} = {FDF0E7D2-D499-4E4C-9E6F-46B8BF9C6BB9}
		{681DE6E4-A4CB-4B5C-A6F3-98C1ACF76950} = {4B2BDCE4-7076-4F30-9C03-AF9003FAB8C0}
		{809039E4-F6FB-4D6F-9556-125D64DD337E} = {4B2BDCE4-7076-4F30-9C03-AF9003FAB8C0}
		{3892B80B-AAC4-4134-9319-1B0341D08E84} = {4B2BDCE4-7076-4F30-9C03-AF9003FAB8C0}
		{C2145002-4980-46CD-B6BC-28571A41DEC8} = {4B2BDCE4-7076-4F30-9C03-AF9003FAB8C0}
		{1F5F34AA-F005-4143-B8ED-AE254810494F} = {4B2BDCE4-7076-4F30-9C03-AF9003FAB8C0}
		{39793CB6-501C-4907-9825-15CE3A54BFD1} = {4B2BDCE4-7076-4F30-9C03-AF9003FAB8C0}
		{771FAA48-EB4E-4E5A-BC0F-EA283D6267DE} = {4B2BDCE4-7076-4F30-9C03-AF9003FAB8C0}
		{E019B7E3-19B8-41D3-BCB9-BAB36B6BFF2D} = {4B2BDCE4-7076-4F30-9C03-AF9003FAB8C0}
		{824EC9E6-5E03-4E12-977B-1D5BAB61123F} = {FDF0E7D2-D499-4E4C-9E6F-46B8BF9C6BB9}
		{523ECA9F-81E8-4A4A-9259-B8947C62484D} = {824EC9E6-5E03-4E12-977B-1D5BAB61123F}
		{E899EABA-9DB4-4AB6-8A9D-CAE8C2D77D58} = {824EC9E6-5E03-4E12-977B-1D5BAB61123F}
		{C1164082-60E5-48ED-A97A-3A21730B976A} = {824EC9E6-5E03-4E12-977B-1D5BAB61123F}
		{8A2DBEB0-31DB-4791-A193-346C2FCEF553} = {824EC9E6-5E03-4E12-977B-1D5BAB61123F}
		{9CAAA888-5FF5-4C27-9426-694344106E3D} = {824EC9E6-5E03-4E12-977B-1D5BAB61123F}
		{E9F2CF2E-B723-414E-AC89-E8981469E4A6} = {824EC9E6-5E03-4E12-977B-1D5BAB61123F}
		{D83E7135-3A45-423C-89D1-ECC9DAB043A8} = {3463979C-C289-41B7-A989-57BA550102FA}
		{550B657F-FB09-42B8-876C-024909476963} = {D83E7135-3A45-423C-89D1-ECC9DAB043A8}
		{DEE5DFE7-B675-417B-A772-599B5A737B08} = {D83E7135-3A45-423C-89D1-ECC9DAB043A8}
		{727AEDA4-260A-46E1-9967-0F2B43B0CFA5} = {D83E7135-3A45-423C-89D1-ECC9DAB043A8}
		{50C7B0FD-CC29-40EF-8D2D-792C120B1975} = {D83E7135-3A45-423C-89D1-ECC9DAB043A8}
		{B80CF9E8-2E98-469F-92D4-718C1C967AB9} = {D83E7135-3A45-423C-89D1-ECC9DAB043A8}
		{571CEA37-E8A1-4391-974B-34C8EF231F96} = {D83E7135-3A45-423C-89D1-ECC9DAB043A8}
		{10235005-DF8F-45AA-B948-2B539140487E} = {D83E7135-3A45-423C-89D1-ECC9DAB043A8}
		{86F36425-D60D-43ED-B3B9-537180FAF81C} = {3463979C-C289-41B7-A989-57BA550102FA}
		{A9D3CB00-D160-45BE-B2FF-90B3FF460F19} = {86F36425-D60D-43ED-B3B9-537180FAF81C}
		{2B4DF8D0-1064-49CC-8DBD-E8C2EFA7825C} = {86F36425-D60D-43ED-B3B9-537180FAF81C}
		{66E6DD5E-2F5C-4A66-BD4D-B8B74DF787A1} = {86F36425-D60D-43ED-B3B9-537180FAF81C}
		{C1D71F56-12C4-481B-8FDA-31C5031BDAFC} = {86F36425-D60D-43ED-B3B9-537180FAF81C}
		{BAE02FDB-B959-49AD-9BB4-5A4F134E86BF} = {86F36425-D60D-43ED-B3B9-537180FAF81C}
		{CD4B44A7-2547-4DF2-ACC1-8697B8B70E7F} = {86F36425-D60D-43ED-B3B9-537180FAF81C}
		{9C439D54-81E7-4F2E-A4F1-0CD4DD344816} = {86F36425-D60D-43ED-B3B9-537180FAF81C}
		{18A4C62C-003F-44C8-8546-5F69EFD592AF} = {86F36425-D60D-43ED-B3B9-537180FAF81C}
		{B2E63F77-F0B1-4DDC-B611-BAB1AF6C1260} = {86F36425-D60D-43ED-B3B9-537180FAF81C}
		{90A214B1-6B0E-41E6-A8AC-CFC3DFBC166E} = {86F36425-D60D-43ED-B3B9-537180FAF81C}
		{100E90AD-EB78-4A68-9180-607C24D9BABB} = {86F36425-D60D-43ED-B3B9-537180FAF81C}
		{3E5AED71-4855-415E-9775-49BCFFD5D3FC} = {3463979C-C289-41B7-A989-57BA550102FA}
		{EE104F61-1F14-4548-AEAC-30C53BA71555} = {3E5AED71-4855-415E-9775-49BCFFD5D3FC}
		{FF9637C0-3212-450B-A908-CA8B86877E4D} = {3E5AED71-4855-415E-9775-49BCFFD5D3FC}
		{487547E0-04FB-407F-9049-C3CF7ED04628} = {3E5AED71-4855-415E-9775-49BCFFD5D3FC}
		{BACE5910-9E15-4217-9F0F-79F95090BEA1} = {3E5AED71-4855-415E-9775-49BCFFD5D3FC}
		{7F4A3062-1264-402B-A29C-CE8704E94DA5} = {3E5AED71-4855-415E-9775-49BCFFD5D3FC}
		{C7B486A4-7924-49A0-8668-1F6F14222BA0} = {3E5AED71-4855-415E-9775-49BCFFD5D3FC}
		{1DA75EF0-DD81-49CB-9B1B-D411BA5291DB} = {3E5AED71-4855-415E-9775-49BCFFD5D3FC}
		{75D2D6F3-188E-4FCF-8FF9-7DADFB372890} = {3463979C-C289-41B7-A989-57BA550102FA}
		{7E4CC899-8679-4E16-801E-6F7195B1B264} = {75D2D6F3-188E-4FCF-8FF9-7DADFB372890}
		{B493787F-0131-4942-9D26-A1C5A0765373} = {75D2D6F3-188E-4FCF-8FF9-7DADFB372890}
		{52660D1D-4DFD-4FB1-9E99-E59866E1AE85} = {75D2D6F3-188E-4FCF-8FF9-7DADFB372890}
	EndGlobalSection
	GlobalSection(ExtensibilityGlobals) = postSolution
		SolutionGuid = {FCFFA8A1-82C4-47E9-AEFE-F606904AEE24}
	EndGlobalSection
EndGlobal
